
Microsoft Visual Studio Solution File, Format Version 12.00
# Visual Studio Version 16
VisualStudioVersion = 16.6.30114.105
MinimumVisualStudioVersion = 10.0.40219.1
Project("{FAE04EC0-301F-11D3-BF4B-00C04F79EFBC}") = "z0.asm.test", "asm\z0.asm.test.csproj", "{C1091BAD-474B-4359-941F-80E3A4943AD2}"
EndProject
Project("{FAE04EC0-301F-11D3-BF4B-00C04F79EFBC}") = "z0.core.test", "core\z0.core.test.csproj", "{9F57E717-4615-4E3F-BCB6-9A4C36B59E6C}"
EndProject
Project("{FAE04EC0-301F-11D3-BF4B-00C04F79EFBC}") = "z0.machines.test", "machines\z0.machines.test.csproj", "{D75864CA-84E6-46F0-BA2F-CAF4F927295A}"
EndProject
Project("{FAE04EC0-301F-11D3-BF4B-00C04F79EFBC}") = "z0.polyrand.test", "polyrand\z0.polyrand.test.csproj", "{A03F6157-3513-43B9-933A-7A02A3BBBCD8}"
EndProject
Project("{FAE04EC0-301F-11D3-BF4B-00C04F79EFBC}") = "z0.symbolic.test", "symbolic\z0.symbolic.test.csproj", "{2640C78F-DE23-45A3-A18E-643438F35B62}"
EndProject
Project("{FAE04EC0-301F-11D3-BF4B-00C04F79EFBC}") = "z0.mkl", "..\native\mkl\src\z0.mkl.csproj", "{3960B51A-2C47-4BCC-B71F-361B0F3B4DD8}"
EndProject
Project("{FAE04EC0-301F-11D3-BF4B-00C04F79EFBC}") = "z0.mkl.test", "..\native\mkl\test\z0.mkl.test.csproj", "{39E258E1-9E50-4B0E-84A9-F37FA93E3731}"
EndProject
Global
	GlobalSection(SolutionConfigurationPlatforms) = preSolution
		Debug|Any CPU = Debug|Any CPU
		Debug|x64 = Debug|x64
		Debug|x86 = Debug|x86
		Release|Any CPU = Release|Any CPU
		Release|x64 = Release|x64
		Release|x86 = Release|x86
	EndGlobalSection
	GlobalSection(SolutionProperties) = preSolution
		HideSolutionNode = FALSE
	EndGlobalSection
	GlobalSection(ProjectConfigurationPlatforms) = postSolution
		{C1091BAD-474B-4359-941F-80E3A4943AD2}.Debug|Any CPU.ActiveCfg = Debug|Any CPU
		{C1091BAD-474B-4359-941F-80E3A4943AD2}.Debug|Any CPU.Build.0 = Debug|Any CPU
		{C1091BAD-474B-4359-941F-80E3A4943AD2}.Debug|x64.ActiveCfg = Debug|Any CPU
		{C1091BAD-474B-4359-941F-80E3A4943AD2}.Debug|x64.Build.0 = Debug|Any CPU
		{C1091BAD-474B-4359-941F-80E3A4943AD2}.Debug|x86.ActiveCfg = Debug|Any CPU
		{C1091BAD-474B-4359-941F-80E3A4943AD2}.Debug|x86.Build.0 = Debug|Any CPU
		{C1091BAD-474B-4359-941F-80E3A4943AD2}.Release|Any CPU.ActiveCfg = Release|Any CPU
		{C1091BAD-474B-4359-941F-80E3A4943AD2}.Release|Any CPU.Build.0 = Release|Any CPU
		{C1091BAD-474B-4359-941F-80E3A4943AD2}.Release|x64.ActiveCfg = Release|Any CPU
		{C1091BAD-474B-4359-941F-80E3A4943AD2}.Release|x64.Build.0 = Release|Any CPU
		{C1091BAD-474B-4359-941F-80E3A4943AD2}.Release|x86.ActiveCfg = Release|Any CPU
		{C1091BAD-474B-4359-941F-80E3A4943AD2}.Release|x86.Build.0 = Release|Any CPU
		{9F57E717-4615-4E3F-BCB6-9A4C36B59E6C}.Debug|Any CPU.ActiveCfg = Debug|Any CPU
		{9F57E717-4615-4E3F-BCB6-9A4C36B59E6C}.Debug|Any CPU.Build.0 = Debug|Any CPU
		{9F57E717-4615-4E3F-BCB6-9A4C36B59E6C}.Debug|x64.ActiveCfg = Debug|Any CPU
		{9F57E717-4615-4E3F-BCB6-9A4C36B59E6C}.Debug|x64.Build.0 = Debug|Any CPU
		{9F57E717-4615-4E3F-BCB6-9A4C36B59E6C}.Debug|x86.ActiveCfg = Debug|Any CPU
		{9F57E717-4615-4E3F-BCB6-9A4C36B59E6C}.Debug|x86.Build.0 = Debug|Any CPU
		{9F57E717-4615-4E3F-BCB6-9A4C36B59E6C}.Release|Any CPU.ActiveCfg = Release|Any CPU
		{9F57E717-4615-4E3F-BCB6-9A4C36B59E6C}.Release|Any CPU.Build.0 = Release|Any CPU
		{9F57E717-4615-4E3F-BCB6-9A4C36B59E6C}.Release|x64.ActiveCfg = Release|Any CPU
		{9F57E717-4615-4E3F-BCB6-9A4C36B59E6C}.Release|x64.Build.0 = Release|Any CPU
		{9F57E717-4615-4E3F-BCB6-9A4C36B59E6C}.Release|x86.ActiveCfg = Release|Any CPU
		{9F57E717-4615-4E3F-BCB6-9A4C36B59E6C}.Release|x86.Build.0 = Release|Any CPU
		{D75864CA-84E6-46F0-BA2F-CAF4F927295A}.Debug|Any CPU.ActiveCfg = Debug|Any CPU
		{D75864CA-84E6-46F0-BA2F-CAF4F927295A}.Debug|Any CPU.Build.0 = Debug|Any CPU
		{D75864CA-84E6-46F0-BA2F-CAF4F927295A}.Debug|x64.ActiveCfg = Debug|Any CPU
		{D75864CA-84E6-46F0-BA2F-CAF4F927295A}.Debug|x64.Build.0 = Debug|Any CPU
		{D75864CA-84E6-46F0-BA2F-CAF4F927295A}.Debug|x86.ActiveCfg = Debug|Any CPU
		{D75864CA-84E6-46F0-BA2F-CAF4F927295A}.Debug|x86.Build.0 = Debug|Any CPU
		{D75864CA-84E6-46F0-BA2F-CAF4F927295A}.Release|Any CPU.ActiveCfg = Release|Any CPU
		{D75864CA-84E6-46F0-BA2F-CAF4F927295A}.Release|Any CPU.Build.0 = Release|Any CPU
		{D75864CA-84E6-46F0-BA2F-CAF4F927295A}.Release|x64.ActiveCfg = Release|Any CPU
		{D75864CA-84E6-46F0-BA2F-CAF4F927295A}.Release|x64.Build.0 = Release|Any CPU
		{D75864CA-84E6-46F0-BA2F-CAF4F927295A}.Release|x86.ActiveCfg = Release|Any CPU
		{D75864CA-84E6-46F0-BA2F-CAF4F927295A}.Release|x86.Build.0 = Release|Any CPU
		{A03F6157-3513-43B9-933A-7A02A3BBBCD8}.Debug|Any CPU.ActiveCfg = Debug|Any CPU
		{A03F6157-3513-43B9-933A-7A02A3BBBCD8}.Debug|Any CPU.Build.0 = Debug|Any CPU
		{A03F6157-3513-43B9-933A-7A02A3BBBCD8}.Debug|x64.ActiveCfg = Debug|Any CPU
		{A03F6157-3513-43B9-933A-7A02A3BBBCD8}.Debug|x64.Build.0 = Debug|Any CPU
		{A03F6157-3513-43B9-933A-7A02A3BBBCD8}.Debug|x86.ActiveCfg = Debug|Any CPU
		{A03F6157-3513-43B9-933A-7A02A3BBBCD8}.Debug|x86.Build.0 = Debug|Any CPU
		{A03F6157-3513-43B9-933A-7A02A3BBBCD8}.Release|Any CPU.ActiveCfg = Release|Any CPU
		{A03F6157-3513-43B9-933A-7A02A3BBBCD8}.Release|Any CPU.Build.0 = Release|Any CPU
		{A03F6157-3513-43B9-933A-7A02A3BBBCD8}.Release|x64.ActiveCfg = Release|Any CPU
		{A03F6157-3513-43B9-933A-7A02A3BBBCD8}.Release|x64.Build.0 = Release|Any CPU
		{A03F6157-3513-43B9-933A-7A02A3BBBCD8}.Release|x86.ActiveCfg = Release|Any CPU
		{A03F6157-3513-43B9-933A-7A02A3BBBCD8}.Release|x86.Build.0 = Release|Any CPU
		{2640C78F-DE23-45A3-A18E-643438F35B62}.Debug|Any CPU.ActiveCfg = Debug|Any CPU
		{2640C78F-DE23-45A3-A18E-643438F35B62}.Debug|Any CPU.Build.0 = Debug|Any CPU
		{2640C78F-DE23-45A3-A18E-643438F35B62}.Debug|x64.ActiveCfg = Debug|Any CPU
		{2640C78F-DE23-45A3-A18E-643438F35B62}.Debug|x64.Build.0 = Debug|Any CPU
		{2640C78F-DE23-45A3-A18E-643438F35B62}.Debug|x86.ActiveCfg = Debug|Any CPU
		{2640C78F-DE23-45A3-A18E-643438F35B62}.Debug|x86.Build.0 = Debug|Any CPU
		{2640C78F-DE23-45A3-A18E-643438F35B62}.Release|Any CPU.ActiveCfg = Release|Any CPU
		{2640C78F-DE23-45A3-A18E-643438F35B62}.Release|Any CPU.Build.0 = Release|Any CPU
		{2640C78F-DE23-45A3-A18E-643438F35B62}.Release|x64.ActiveCfg = Release|Any CPU
		{2640C78F-DE23-45A3-A18E-643438F35B62}.Release|x64.Build.0 = Release|Any CPU
		{2640C78F-DE23-45A3-A18E-643438F35B62}.Release|x86.ActiveCfg = Release|Any CPU
		{2640C78F-DE23-45A3-A18E-643438F35B62}.Release|x86.Build.0 = Release|Any CPU
		{3960B51A-2C47-4BCC-B71F-361B0F3B4DD8}.Debug|Any CPU.ActiveCfg = Debug|Any CPU
		{3960B51A-2C47-4BCC-B71F-361B0F3B4DD8}.Debug|Any CPU.Build.0 = Debug|Any CPU
		{3960B51A-2C47-4BCC-B71F-361B0F3B4DD8}.Debug|x64.ActiveCfg = Debug|Any CPU
		{3960B51A-2C47-4BCC-B71F-361B0F3B4DD8}.Debug|x64.Build.0 = Debug|Any CPU
		{3960B51A-2C47-4BCC-B71F-361B0F3B4DD8}.Debug|x86.ActiveCfg = Debug|Any CPU
		{3960B51A-2C47-4BCC-B71F-361B0F3B4DD8}.Debug|x86.Build.0 = Debug|Any CPU
		{3960B51A-2C47-4BCC-B71F-361B0F3B4DD8}.Release|Any CPU.ActiveCfg = Release|Any CPU
		{3960B51A-2C47-4BCC-B71F-361B0F3B4DD8}.Release|Any CPU.Build.0 = Release|Any CPU
		{3960B51A-2C47-4BCC-B71F-361B0F3B4DD8}.Release|x64.ActiveCfg = Release|Any CPU
		{3960B51A-2C47-4BCC-B71F-361B0F3B4DD8}.Release|x64.Build.0 = Release|Any CPU
		{3960B51A-2C47-4BCC-B71F-361B0F3B4DD8}.Release|x86.ActiveCfg = Release|Any CPU
		{3960B51A-2C47-4BCC-B71F-361B0F3B4DD8}.Release|x86.Build.0 = Release|Any CPU
		{39E258E1-9E50-4B0E-84A9-F37FA93E3731}.Debug|Any CPU.ActiveCfg = Debug|Any CPU
		{39E258E1-9E50-4B0E-84A9-F37FA93E3731}.Debug|Any CPU.Build.0 = Debug|Any CPU
		{39E258E1-9E50-4B0E-84A9-F37FA93E3731}.Debug|x64.ActiveCfg = Debug|Any CPU
		{39E258E1-9E50-4B0E-84A9-F37FA93E3731}.Debug|x64.Build.0 = Debug|Any CPU
		{39E258E1-9E50-4B0E-84A9-F37FA93E3731}.Debug|x86.ActiveCfg = Debug|Any CPU
		{39E258E1-9E50-4B0E-84A9-F37FA93E3731}.Debug|x86.Build.0 = Debug|Any CPU
		{39E258E1-9E50-4B0E-84A9-F37FA93E3731}.Release|Any CPU.ActiveCfg = Release|Any CPU
		{39E258E1-9E50-4B0E-84A9-F37FA93E3731}.Release|Any CPU.Build.0 = Release|Any CPU
		{39E258E1-9E50-4B0E-84A9-F37FA93E3731}.Release|x64.ActiveCfg = Release|Any CPU
		{39E258E1-9E50-4B0E-84A9-F37FA93E3731}.Release|x64.Build.0 = Release|Any CPU
		{39E258E1-9E50-4B0E-84A9-F37FA93E3731}.Release|x86.ActiveCfg = Release|Any CPU
		{39E258E1-9E50-4B0E-84A9-F37FA93E3731}.Release|x86.Build.0 = Release|Any CPU
	EndGlobalSection
EndGlobal
