Microsoft Visual Studio Solution File, Format Version 12.00
# Visual Studio 15
VisualStudioVersion = 15.0.26430.14
MinimumVisualStudioVersion = 10.0.40219.1
Project("{FAE04EC0-301F-11D3-BF4B-00C04F79EFBC}") = "z0.part", "..\part\z0.part.csproj", "{606887E7-D68B-4313-81E9-CE22A6A70A24}"
EndProject
Project("{FAE04EC0-301F-11D3-BF4B-00C04F79EFBC}") = "z0.sys", "..\sys\z0.sys.csproj", "{51994165-6251-44AF-ACF5-7DE18B89C4A5}"
EndProject
Project("{FAE04EC0-301F-11D3-BF4B-00C04F79EFBC}") = "z0.konst", "..\konst\z0.konst.csproj", "{7E7DEC31-5341-443B-8314-724677FE6A80}"
EndProject
Project("{FAE04EC0-301F-11D3-BF4B-00C04F79EFBC}") = "z0.domain", "..\domain\z0.domain.csproj", "{024CA4A3-D0C6-4B3B-80A3-3E12FFEA51E2}"
EndProject
Project("{FAE04EC0-301F-11D3-BF4B-00C04F79EFBC}") = "z0.dynamic", "..\dynamic\z0.dynamic.csproj", "{9755704D-C679-4975-8B58-7E458F3EA631}"
EndProject
Project("{FAE04EC0-301F-11D3-BF4B-00C04F79EFBC}") = "z0.capture", "..\capture\z0.capture.csproj", "{CC9E6F4D-86E2-4A0D-BD94-9FCBC45C3E4C}"
EndProject
Project("{FAE04EC0-301F-11D3-BF4B-00C04F79EFBC}") = "z0.asm", "..\asm\z0.asm.csproj", "{78331FC9-E0A7-412A-91D2-1135AED10B10}"
EndProject
Project("{FAE04EC0-301F-11D3-BF4B-00C04F79EFBC}") = "z0.merge", "z0.merge.csproj", "{4870E68B-C9DF-49E8-A539-3AFD9D30404D}"
EndProject
Global
	GlobalSection(SolutionProperties) = preSolution
		HideSolutionNode = FALSE
	EndGlobalSection
	GlobalSection(SolutionConfigurationPlatforms) = preSolution
		Debug|Any CPU = Debug|Any CPU
		Debug|x64 = Debug|x64
		Debug|x86 = Debug|x86
		Release|Any CPU = Release|Any CPU
		Release|x64 = Release|x64
		Release|x86 = Release|x86
	EndGlobalSection
	GlobalSection(ProjectConfigurationPlatforms) = postSolution
		{606887E7-D68B-4313-81E9-CE22A6A70A24}.Debug|Any CPU.ActiveCfg = Debug|Any CPU
		{606887E7-D68B-4313-81E9-CE22A6A70A24}.Debug|Any CPU.Build.0 = Debug|Any CPU
		{606887E7-D68B-4313-81E9-CE22A6A70A24}.Debug|x64.ActiveCfg = Debug|Any CPU
		{606887E7-D68B-4313-81E9-CE22A6A70A24}.Debug|x64.Build.0 = Debug|Any CPU
		{606887E7-D68B-4313-81E9-CE22A6A70A24}.Debug|x86.ActiveCfg = Debug|Any CPU
		{606887E7-D68B-4313-81E9-CE22A6A70A24}.Debug|x86.Build.0 = Debug|Any CPU
		{606887E7-D68B-4313-81E9-CE22A6A70A24}.Release|Any CPU.ActiveCfg = Release|Any CPU
		{606887E7-D68B-4313-81E9-CE22A6A70A24}.Release|Any CPU.Build.0 = Release|Any CPU
		{606887E7-D68B-4313-81E9-CE22A6A70A24}.Release|x64.ActiveCfg = Release|Any CPU
		{606887E7-D68B-4313-81E9-CE22A6A70A24}.Release|x64.Build.0 = Release|Any CPU
		{606887E7-D68B-4313-81E9-CE22A6A70A24}.Release|x86.ActiveCfg = Release|Any CPU
		{606887E7-D68B-4313-81E9-CE22A6A70A24}.Release|x86.Build.0 = Release|Any CPU
		{51994165-6251-44AF-ACF5-7DE18B89C4A5}.Debug|Any CPU.ActiveCfg = Debug|Any CPU
		{51994165-6251-44AF-ACF5-7DE18B89C4A5}.Debug|Any CPU.Build.0 = Debug|Any CPU
		{51994165-6251-44AF-ACF5-7DE18B89C4A5}.Debug|x64.ActiveCfg = Debug|Any CPU
		{51994165-6251-44AF-ACF5-7DE18B89C4A5}.Debug|x64.Build.0 = Debug|Any CPU
		{51994165-6251-44AF-ACF5-7DE18B89C4A5}.Debug|x86.ActiveCfg = Debug|Any CPU
		{51994165-6251-44AF-ACF5-7DE18B89C4A5}.Debug|x86.Build.0 = Debug|Any CPU
		{51994165-6251-44AF-ACF5-7DE18B89C4A5}.Release|Any CPU.ActiveCfg = Release|Any CPU
		{51994165-6251-44AF-ACF5-7DE18B89C4A5}.Release|Any CPU.Build.0 = Release|Any CPU
		{51994165-6251-44AF-ACF5-7DE18B89C4A5}.Release|x64.ActiveCfg = Release|Any CPU
		{51994165-6251-44AF-ACF5-7DE18B89C4A5}.Release|x64.Build.0 = Release|Any CPU
		{51994165-6251-44AF-ACF5-7DE18B89C4A5}.Release|x86.ActiveCfg = Release|Any CPU
		{51994165-6251-44AF-ACF5-7DE18B89C4A5}.Release|x86.Build.0 = Release|Any CPU
		{7E7DEC31-5341-443B-8314-724677FE6A80}.Debug|Any CPU.ActiveCfg = Debug|Any CPU
		{7E7DEC31-5341-443B-8314-724677FE6A80}.Debug|Any CPU.Build.0 = Debug|Any CPU
		{7E7DEC31-5341-443B-8314-724677FE6A80}.Debug|x64.ActiveCfg = Debug|Any CPU
		{7E7DEC31-5341-443B-8314-724677FE6A80}.Debug|x64.Build.0 = Debug|Any CPU
		{7E7DEC31-5341-443B-8314-724677FE6A80}.Debug|x86.ActiveCfg = Debug|Any CPU
		{7E7DEC31-5341-443B-8314-724677FE6A80}.Debug|x86.Build.0 = Debug|Any CPU
		{7E7DEC31-5341-443B-8314-724677FE6A80}.Release|Any CPU.ActiveCfg = Release|Any CPU
		{7E7DEC31-5341-443B-8314-724677FE6A80}.Release|Any CPU.Build.0 = Release|Any CPU
		{7E7DEC31-5341-443B-8314-724677FE6A80}.Release|x64.ActiveCfg = Release|Any CPU
		{7E7DEC31-5341-443B-8314-724677FE6A80}.Release|x64.Build.0 = Release|Any CPU
		{7E7DEC31-5341-443B-8314-724677FE6A80}.Release|x86.ActiveCfg = Release|Any CPU
		{7E7DEC31-5341-443B-8314-724677FE6A80}.Release|x86.Build.0 = Release|Any CPU
		{024CA4A3-D0C6-4B3B-80A3-3E12FFEA51E2}.Debug|Any CPU.ActiveCfg = Debug|Any CPU
		{024CA4A3-D0C6-4B3B-80A3-3E12FFEA51E2}.Debug|Any CPU.Build.0 = Debug|Any CPU
		{024CA4A3-D0C6-4B3B-80A3-3E12FFEA51E2}.Debug|x64.ActiveCfg = Debug|Any CPU
		{024CA4A3-D0C6-4B3B-80A3-3E12FFEA51E2}.Debug|x64.Build.0 = Debug|Any CPU
		{024CA4A3-D0C6-4B3B-80A3-3E12FFEA51E2}.Debug|x86.ActiveCfg = Debug|Any CPU
		{024CA4A3-D0C6-4B3B-80A3-3E12FFEA51E2}.Debug|x86.Build.0 = Debug|Any CPU
		{024CA4A3-D0C6-4B3B-80A3-3E12FFEA51E2}.Release|Any CPU.ActiveCfg = Release|Any CPU
		{024CA4A3-D0C6-4B3B-80A3-3E12FFEA51E2}.Release|Any CPU.Build.0 = Release|Any CPU
		{024CA4A3-D0C6-4B3B-80A3-3E12FFEA51E2}.Release|x64.ActiveCfg = Release|Any CPU
		{024CA4A3-D0C6-4B3B-80A3-3E12FFEA51E2}.Release|x64.Build.0 = Release|Any CPU
		{024CA4A3-D0C6-4B3B-80A3-3E12FFEA51E2}.Release|x86.ActiveCfg = Release|Any CPU
		{024CA4A3-D0C6-4B3B-80A3-3E12FFEA51E2}.Release|x86.Build.0 = Release|Any CPU
		{9755704D-C679-4975-8B58-7E458F3EA631}.Debug|Any CPU.ActiveCfg = Debug|Any CPU
		{9755704D-C679-4975-8B58-7E458F3EA631}.Debug|Any CPU.Build.0 = Debug|Any CPU
		{9755704D-C679-4975-8B58-7E458F3EA631}.Debug|x64.ActiveCfg = Debug|Any CPU
		{9755704D-C679-4975-8B58-7E458F3EA631}.Debug|x64.Build.0 = Debug|Any CPU
		{9755704D-C679-4975-8B58-7E458F3EA631}.Debug|x86.ActiveCfg = Debug|Any CPU
		{9755704D-C679-4975-8B58-7E458F3EA631}.Debug|x86.Build.0 = Debug|Any CPU
		{9755704D-C679-4975-8B58-7E458F3EA631}.Release|Any CPU.ActiveCfg = Release|Any CPU
		{9755704D-C679-4975-8B58-7E458F3EA631}.Release|Any CPU.Build.0 = Release|Any CPU
		{9755704D-C679-4975-8B58-7E458F3EA631}.Release|x64.ActiveCfg = Release|Any CPU
		{9755704D-C679-4975-8B58-7E458F3EA631}.Release|x64.Build.0 = Release|Any CPU
		{9755704D-C679-4975-8B58-7E458F3EA631}.Release|x86.ActiveCfg = Release|Any CPU
		{9755704D-C679-4975-8B58-7E458F3EA631}.Release|x86.Build.0 = Release|Any CPU
		{CC9E6F4D-86E2-4A0D-BD94-9FCBC45C3E4C}.Debug|Any CPU.ActiveCfg = Debug|Any CPU
		{CC9E6F4D-86E2-4A0D-BD94-9FCBC45C3E4C}.Debug|Any CPU.Build.0 = Debug|Any CPU
		{CC9E6F4D-86E2-4A0D-BD94-9FCBC45C3E4C}.Debug|x64.ActiveCfg = Debug|Any CPU
		{CC9E6F4D-86E2-4A0D-BD94-9FCBC45C3E4C}.Debug|x64.Build.0 = Debug|Any CPU
		{CC9E6F4D-86E2-4A0D-BD94-9FCBC45C3E4C}.Debug|x86.ActiveCfg = Debug|Any CPU
		{CC9E6F4D-86E2-4A0D-BD94-9FCBC45C3E4C}.Debug|x86.Build.0 = Debug|Any CPU
		{CC9E6F4D-86E2-4A0D-BD94-9FCBC45C3E4C}.Release|Any CPU.ActiveCfg = Release|Any CPU
		{CC9E6F4D-86E2-4A0D-BD94-9FCBC45C3E4C}.Release|Any CPU.Build.0 = Release|Any CPU
		{CC9E6F4D-86E2-4A0D-BD94-9FCBC45C3E4C}.Release|x64.ActiveCfg = Release|Any CPU
		{CC9E6F4D-86E2-4A0D-BD94-9FCBC45C3E4C}.Release|x64.Build.0 = Release|Any CPU
		{CC9E6F4D-86E2-4A0D-BD94-9FCBC45C3E4C}.Release|x86.ActiveCfg = Release|Any CPU
		{CC9E6F4D-86E2-4A0D-BD94-9FCBC45C3E4C}.Release|x86.Build.0 = Release|Any CPU
		{78331FC9-E0A7-412A-91D2-1135AED10B10}.Debug|Any CPU.ActiveCfg = Debug|Any CPU
		{78331FC9-E0A7-412A-91D2-1135AED10B10}.Debug|Any CPU.Build.0 = Debug|Any CPU
		{78331FC9-E0A7-412A-91D2-1135AED10B10}.Debug|x64.ActiveCfg = Debug|Any CPU
		{78331FC9-E0A7-412A-91D2-1135AED10B10}.Debug|x64.Build.0 = Debug|Any CPU
		{78331FC9-E0A7-412A-91D2-1135AED10B10}.Debug|x86.ActiveCfg = Debug|Any CPU
		{78331FC9-E0A7-412A-91D2-1135AED10B10}.Debug|x86.Build.0 = Debug|Any CPU
		{78331FC9-E0A7-412A-91D2-1135AED10B10}.Release|Any CPU.ActiveCfg = Release|Any CPU
		{78331FC9-E0A7-412A-91D2-1135AED10B10}.Release|Any CPU.Build.0 = Release|Any CPU
		{78331FC9-E0A7-412A-91D2-1135AED10B10}.Release|x64.ActiveCfg = Release|Any CPU
		{78331FC9-E0A7-412A-91D2-1135AED10B10}.Release|x64.Build.0 = Release|Any CPU
		{78331FC9-E0A7-412A-91D2-1135AED10B10}.Release|x86.ActiveCfg = Release|Any CPU
		{78331FC9-E0A7-412A-91D2-1135AED10B10}.Release|x86.Build.0 = Release|Any CPU
		{4870E68B-C9DF-49E8-A539-3AFD9D30404D}.Debug|Any CPU.ActiveCfg = Debug|Any CPU
		{4870E68B-C9DF-49E8-A539-3AFD9D30404D}.Debug|Any CPU.Build.0 = Debug|Any CPU
		{4870E68B-C9DF-49E8-A539-3AFD9D30404D}.Debug|x64.ActiveCfg = Debug|Any CPU
		{4870E68B-C9DF-49E8-A539-3AFD9D30404D}.Debug|x64.Build.0 = Debug|Any CPU
		{4870E68B-C9DF-49E8-A539-3AFD9D30404D}.Debug|x86.ActiveCfg = Debug|Any CPU
		{4870E68B-C9DF-49E8-A539-3AFD9D30404D}.Debug|x86.Build.0 = Debug|Any CPU
		{4870E68B-C9DF-49E8-A539-3AFD9D30404D}.Release|Any CPU.ActiveCfg = Release|Any CPU
		{4870E68B-C9DF-49E8-A539-3AFD9D30404D}.Release|Any CPU.Build.0 = Release|Any CPU
		{4870E68B-C9DF-49E8-A539-3AFD9D30404D}.Release|x64.ActiveCfg = Release|Any CPU
		{4870E68B-C9DF-49E8-A539-3AFD9D30404D}.Release|x64.Build.0 = Release|Any CPU
		{4870E68B-C9DF-49E8-A539-3AFD9D30404D}.Release|x86.ActiveCfg = Release|Any CPU
		{4870E68B-C9DF-49E8-A539-3AFD9D30404D}.Release|x86.Build.0 = Release|Any CPU
	EndGlobalSection
EndGlobal
