Microsoft Visual Studio Solution File, Format Version 12.00
# Visual Studio 15
VisualStudioVersion = 15.0.26430.14
MinimumVisualStudioVersion = 10.0.40219.1
Project("{2150E333-8FDC-42A3-9474-1A3956D46DE8}") = "src", "src", "{994434F1-E053-43F4-8166-B3120404E349}"
EndProject
Project("{FAE04EC0-301F-11D3-BF4B-00C04F79EFBC}") = "z0.control", "src\control\z0.control.csproj", "{3E4CA877-0C2C-4B1B-993C-E7EB2F31681E}"
EndProject
Project("{FAE04EC0-301F-11D3-BF4B-00C04F79EFBC}") = "z0.machine", "src\machine\z0.machine.csproj", "{FC784D88-75E1-4FB6-A64F-0AB545748609}"
EndProject
Project("{FAE04EC0-301F-11D3-BF4B-00C04F79EFBC}") = "z0.asmz", "src\asmz\z0.asmz.csproj", "{441C615C-7424-4467-81AF-9D0AF80237F3}"
EndProject
Project("{FAE04EC0-301F-11D3-BF4B-00C04F79EFBC}") = "z0.asm.run", "src\asm.run\z0.asm.run.csproj", "{98902AA2-0ACF-4740-A654-9A289FFE7E3E}"
EndProject
Project("{FAE04EC0-301F-11D3-BF4B-00C04F79EFBC}") = "z0.workers", "src\workers\z0.workers.csproj", "{005A01A2-68D1-4386-B06C-E766970A8A93}"
EndProject
Project("{FAE04EC0-301F-11D3-BF4B-00C04F79EFBC}") = "z0.run", "src\run\z0.run.csproj", "{E98B4563-0204-40FA-88C9-2C959C2474BA}"
EndProject
Project("{FAE04EC0-301F-11D3-BF4B-00C04F79EFBC}") = "z0.glue", "src\glue\z0.glue.csproj", "{3D2114CD-E57A-40F6-A73E-BC358E5459D4}"
EndProject
Global
	GlobalSection(SolutionProperties) = preSolution
		HideSolutionNode = FALSE
	EndGlobalSection
	GlobalSection(SolutionConfigurationPlatforms) = preSolution
		Debug|Any CPU = Debug|Any CPU
		Debug|x64 = Debug|x64
		Debug|x86 = Debug|x86
		Release|Any CPU = Release|Any CPU
		Release|x64 = Release|x64
		Release|x86 = Release|x86
	EndGlobalSection
	GlobalSection(ProjectConfigurationPlatforms) = postSolution
		{3E4CA877-0C2C-4B1B-993C-E7EB2F31681E}.Debug|Any CPU.ActiveCfg = Debug|Any CPU
		{3E4CA877-0C2C-4B1B-993C-E7EB2F31681E}.Debug|Any CPU.Build.0 = Debug|Any CPU
		{3E4CA877-0C2C-4B1B-993C-E7EB2F31681E}.Debug|x64.ActiveCfg = Debug|Any CPU
		{3E4CA877-0C2C-4B1B-993C-E7EB2F31681E}.Debug|x64.Build.0 = Debug|Any CPU
		{3E4CA877-0C2C-4B1B-993C-E7EB2F31681E}.Debug|x86.ActiveCfg = Debug|Any CPU
		{3E4CA877-0C2C-4B1B-993C-E7EB2F31681E}.Debug|x86.Build.0 = Debug|Any CPU
		{3E4CA877-0C2C-4B1B-993C-E7EB2F31681E}.Release|Any CPU.ActiveCfg = Release|Any CPU
		{3E4CA877-0C2C-4B1B-993C-E7EB2F31681E}.Release|Any CPU.Build.0 = Release|Any CPU
		{3E4CA877-0C2C-4B1B-993C-E7EB2F31681E}.Release|x64.ActiveCfg = Release|Any CPU
		{3E4CA877-0C2C-4B1B-993C-E7EB2F31681E}.Release|x64.Build.0 = Release|Any CPU
		{3E4CA877-0C2C-4B1B-993C-E7EB2F31681E}.Release|x86.ActiveCfg = Release|Any CPU
		{3E4CA877-0C2C-4B1B-993C-E7EB2F31681E}.Release|x86.Build.0 = Release|Any CPU
		{FC784D88-75E1-4FB6-A64F-0AB545748609}.Debug|Any CPU.ActiveCfg = Debug|Any CPU
		{FC784D88-75E1-4FB6-A64F-0AB545748609}.Debug|Any CPU.Build.0 = Debug|Any CPU
		{FC784D88-75E1-4FB6-A64F-0AB545748609}.Debug|x64.ActiveCfg = Debug|Any CPU
		{FC784D88-75E1-4FB6-A64F-0AB545748609}.Debug|x64.Build.0 = Debug|Any CPU
		{FC784D88-75E1-4FB6-A64F-0AB545748609}.Debug|x86.ActiveCfg = Debug|Any CPU
		{FC784D88-75E1-4FB6-A64F-0AB545748609}.Debug|x86.Build.0 = Debug|Any CPU
		{FC784D88-75E1-4FB6-A64F-0AB545748609}.Release|Any CPU.ActiveCfg = Release|Any CPU
		{FC784D88-75E1-4FB6-A64F-0AB545748609}.Release|Any CPU.Build.0 = Release|Any CPU
		{FC784D88-75E1-4FB6-A64F-0AB545748609}.Release|x64.ActiveCfg = Release|Any CPU
		{FC784D88-75E1-4FB6-A64F-0AB545748609}.Release|x64.Build.0 = Release|Any CPU
		{FC784D88-75E1-4FB6-A64F-0AB545748609}.Release|x86.ActiveCfg = Release|Any CPU
		{FC784D88-75E1-4FB6-A64F-0AB545748609}.Release|x86.Build.0 = Release|Any CPU
		{441C615C-7424-4467-81AF-9D0AF80237F3}.Debug|Any CPU.ActiveCfg = Debug|Any CPU
		{441C615C-7424-4467-81AF-9D0AF80237F3}.Debug|Any CPU.Build.0 = Debug|Any CPU
		{441C615C-7424-4467-81AF-9D0AF80237F3}.Debug|x64.ActiveCfg = Debug|Any CPU
		{441C615C-7424-4467-81AF-9D0AF80237F3}.Debug|x64.Build.0 = Debug|Any CPU
		{441C615C-7424-4467-81AF-9D0AF80237F3}.Debug|x86.ActiveCfg = Debug|Any CPU
		{441C615C-7424-4467-81AF-9D0AF80237F3}.Debug|x86.Build.0 = Debug|Any CPU
		{441C615C-7424-4467-81AF-9D0AF80237F3}.Release|Any CPU.ActiveCfg = Release|Any CPU
		{441C615C-7424-4467-81AF-9D0AF80237F3}.Release|Any CPU.Build.0 = Release|Any CPU
		{441C615C-7424-4467-81AF-9D0AF80237F3}.Release|x64.ActiveCfg = Release|Any CPU
		{441C615C-7424-4467-81AF-9D0AF80237F3}.Release|x64.Build.0 = Release|Any CPU
		{441C615C-7424-4467-81AF-9D0AF80237F3}.Release|x86.ActiveCfg = Release|Any CPU
		{441C615C-7424-4467-81AF-9D0AF80237F3}.Release|x86.Build.0 = Release|Any CPU
		{98902AA2-0ACF-4740-A654-9A289FFE7E3E}.Debug|Any CPU.ActiveCfg = Debug|Any CPU
		{98902AA2-0ACF-4740-A654-9A289FFE7E3E}.Debug|Any CPU.Build.0 = Debug|Any CPU
		{98902AA2-0ACF-4740-A654-9A289FFE7E3E}.Debug|x64.ActiveCfg = Debug|Any CPU
		{98902AA2-0ACF-4740-A654-9A289FFE7E3E}.Debug|x64.Build.0 = Debug|Any CPU
		{98902AA2-0ACF-4740-A654-9A289FFE7E3E}.Debug|x86.ActiveCfg = Debug|Any CPU
		{98902AA2-0ACF-4740-A654-9A289FFE7E3E}.Debug|x86.Build.0 = Debug|Any CPU
		{98902AA2-0ACF-4740-A654-9A289FFE7E3E}.Release|Any CPU.ActiveCfg = Release|Any CPU
		{98902AA2-0ACF-4740-A654-9A289FFE7E3E}.Release|Any CPU.Build.0 = Release|Any CPU
		{98902AA2-0ACF-4740-A654-9A289FFE7E3E}.Release|x64.ActiveCfg = Release|Any CPU
		{98902AA2-0ACF-4740-A654-9A289FFE7E3E}.Release|x64.Build.0 = Release|Any CPU
		{98902AA2-0ACF-4740-A654-9A289FFE7E3E}.Release|x86.ActiveCfg = Release|Any CPU
		{98902AA2-0ACF-4740-A654-9A289FFE7E3E}.Release|x86.Build.0 = Release|Any CPU
		{005A01A2-68D1-4386-B06C-E766970A8A93}.Debug|Any CPU.ActiveCfg = Debug|Any CPU
		{005A01A2-68D1-4386-B06C-E766970A8A93}.Debug|Any CPU.Build.0 = Debug|Any CPU
		{005A01A2-68D1-4386-B06C-E766970A8A93}.Debug|x64.ActiveCfg = Debug|Any CPU
		{005A01A2-68D1-4386-B06C-E766970A8A93}.Debug|x64.Build.0 = Debug|Any CPU
		{005A01A2-68D1-4386-B06C-E766970A8A93}.Debug|x86.ActiveCfg = Debug|Any CPU
		{005A01A2-68D1-4386-B06C-E766970A8A93}.Debug|x86.Build.0 = Debug|Any CPU
		{005A01A2-68D1-4386-B06C-E766970A8A93}.Release|Any CPU.ActiveCfg = Release|Any CPU
		{005A01A2-68D1-4386-B06C-E766970A8A93}.Release|Any CPU.Build.0 = Release|Any CPU
		{005A01A2-68D1-4386-B06C-E766970A8A93}.Release|x64.ActiveCfg = Release|Any CPU
		{005A01A2-68D1-4386-B06C-E766970A8A93}.Release|x64.Build.0 = Release|Any CPU
		{005A01A2-68D1-4386-B06C-E766970A8A93}.Release|x86.ActiveCfg = Release|Any CPU
		{005A01A2-68D1-4386-B06C-E766970A8A93}.Release|x86.Build.0 = Release|Any CPU
		{E98B4563-0204-40FA-88C9-2C959C2474BA}.Debug|Any CPU.ActiveCfg = Debug|Any CPU
		{E98B4563-0204-40FA-88C9-2C959C2474BA}.Debug|Any CPU.Build.0 = Debug|Any CPU
		{E98B4563-0204-40FA-88C9-2C959C2474BA}.Debug|x64.ActiveCfg = Debug|Any CPU
		{E98B4563-0204-40FA-88C9-2C959C2474BA}.Debug|x64.Build.0 = Debug|Any CPU
		{E98B4563-0204-40FA-88C9-2C959C2474BA}.Debug|x86.ActiveCfg = Debug|Any CPU
		{E98B4563-0204-40FA-88C9-2C959C2474BA}.Debug|x86.Build.0 = Debug|Any CPU
		{E98B4563-0204-40FA-88C9-2C959C2474BA}.Release|Any CPU.ActiveCfg = Release|Any CPU
		{E98B4563-0204-40FA-88C9-2C959C2474BA}.Release|Any CPU.Build.0 = Release|Any CPU
		{E98B4563-0204-40FA-88C9-2C959C2474BA}.Release|x64.ActiveCfg = Release|Any CPU
		{E98B4563-0204-40FA-88C9-2C959C2474BA}.Release|x64.Build.0 = Release|Any CPU
		{E98B4563-0204-40FA-88C9-2C959C2474BA}.Release|x86.ActiveCfg = Release|Any CPU
		{E98B4563-0204-40FA-88C9-2C959C2474BA}.Release|x86.Build.0 = Release|Any CPU
		{3D2114CD-E57A-40F6-A73E-BC358E5459D4}.Debug|Any CPU.ActiveCfg = Debug|Any CPU
		{3D2114CD-E57A-40F6-A73E-BC358E5459D4}.Debug|Any CPU.Build.0 = Debug|Any CPU
		{3D2114CD-E57A-40F6-A73E-BC358E5459D4}.Debug|x64.ActiveCfg = Debug|Any CPU
		{3D2114CD-E57A-40F6-A73E-BC358E5459D4}.Debug|x64.Build.0 = Debug|Any CPU
		{3D2114CD-E57A-40F6-A73E-BC358E5459D4}.Debug|x86.ActiveCfg = Debug|Any CPU
		{3D2114CD-E57A-40F6-A73E-BC358E5459D4}.Debug|x86.Build.0 = Debug|Any CPU
		{3D2114CD-E57A-40F6-A73E-BC358E5459D4}.Release|Any CPU.ActiveCfg = Release|Any CPU
		{3D2114CD-E57A-40F6-A73E-BC358E5459D4}.Release|Any CPU.Build.0 = Release|Any CPU
		{3D2114CD-E57A-40F6-A73E-BC358E5459D4}.Release|x64.ActiveCfg = Release|Any CPU
		{3D2114CD-E57A-40F6-A73E-BC358E5459D4}.Release|x64.Build.0 = Release|Any CPU
		{3D2114CD-E57A-40F6-A73E-BC358E5459D4}.Release|x86.ActiveCfg = Release|Any CPU
		{3D2114CD-E57A-40F6-A73E-BC358E5459D4}.Release|x86.Build.0 = Release|Any CPU
	EndGlobalSection
	GlobalSection(NestedProjects) = preSolution
		{3E4CA877-0C2C-4B1B-993C-E7EB2F31681E} = {994434F1-E053-43F4-8166-B3120404E349}
		{FC784D88-75E1-4FB6-A64F-0AB545748609} = {994434F1-E053-43F4-8166-B3120404E349}
		{441C615C-7424-4467-81AF-9D0AF80237F3} = {994434F1-E053-43F4-8166-B3120404E349}
		{98902AA2-0ACF-4740-A654-9A289FFE7E3E} = {994434F1-E053-43F4-8166-B3120404E349}
		{005A01A2-68D1-4386-B06C-E766970A8A93} = {994434F1-E053-43F4-8166-B3120404E349}
		{E98B4563-0204-40FA-88C9-2C959C2474BA} = {994434F1-E053-43F4-8166-B3120404E349}
		{3D2114CD-E57A-40F6-A73E-BC358E5459D4} = {994434F1-E053-43F4-8166-B3120404E349}
	EndGlobalSection
EndGlobal
