
Microsoft Visual Studio Solution File, Format Version 12.00
# Visual Studio Version 16
VisualStudioVersion = 16.0.30621.155
MinimumVisualStudioVersion = 10.0.40219.1
Project("{9A19103F-16F7-4668-BE54-9A1E7A4F7556}") = "z0.part", "src\part\z0.part.csproj", "{D9A6DC57-94A1-4910-B2BC-B176508D4402}"
EndProject
Project("{9A19103F-16F7-4668-BE54-9A1E7A4F7556}") = "z0.sys", "src\sys\z0.sys.csproj", "{E48A9FFC-5968-4239-A081-81260729B8E2}"
EndProject
Project("{9A19103F-16F7-4668-BE54-9A1E7A4F7556}") = "z0.konst", "src\konst\z0.konst.csproj", "{7A267901-0F4C-44E8-9DBF-8CF48610EE41}"
EndProject
Project("{9A19103F-16F7-4668-BE54-9A1E7A4F7556}") = "z0.machine", "src\machine\z0.machine.csproj", "{F4F27737-F369-405D-9F6E-8FF812A3DF28}"
EndProject
Project("{9A19103F-16F7-4668-BE54-9A1E7A4F7556}") = "z0.merge", "src\merge\z0.merge.csproj", "{E232B205-D042-4604-BC0B-F643191EF967}"
EndProject
Project("{9A19103F-16F7-4668-BE54-9A1E7A4F7556}") = "z0.xed", "src\xed\z0.xed.csproj", "{523BD11F-9563-4DAD-B3F0-4B96279E25C7}"
EndProject
Project("{9A19103F-16F7-4668-BE54-9A1E7A4F7556}") = "z0.asm", "src\asm\z0.asm.csproj", "{3221008B-A5AC-4000-A532-AC28D0EE1763}"
EndProject
Project("{9A19103F-16F7-4668-BE54-9A1E7A4F7556}") = "z0.apps", "src\apps\z0.apps.csproj", "{9860B847-684B-45F5-80E1-C1849F2C669B}"
EndProject
Project("{9A19103F-16F7-4668-BE54-9A1E7A4F7556}") = "z0.asm.models", "src\asm.models\z0.asm.models.csproj", "{967157AA-96F3-4B0A-BAE4-EC0459215D6D}"
EndProject
Project("{9A19103F-16F7-4668-BE54-9A1E7A4F7556}") = "z0.bitcore", "src\bitcore\z0.bitcore.csproj", "{32A2ABB5-12B0-48CE-B859-BF4BF0A5D4D9}"
EndProject
Project("{9A19103F-16F7-4668-BE54-9A1E7A4F7556}") = "z0.asm.services", "src\asm.services\z0.asm.services.csproj", "{EE51F896-9DC8-4B97-A2DE-03FE064E2120}"
EndProject
Project("{9A19103F-16F7-4668-BE54-9A1E7A4F7556}") = "z0.polyrand", "src\polyrand\z0.polyrand.csproj", "{2D4919CD-C4FE-45C6-8C2B-5A568D562C55}"
EndProject
Project("{9A19103F-16F7-4668-BE54-9A1E7A4F7556}") = "z0.validity", "src\validity\z0.validity.csproj", "{11E6050D-4A21-4FC3-A629-650705337546}"
EndProject
Project("{9A19103F-16F7-4668-BE54-9A1E7A4F7556}") = "z0.unsigned", "src\unsigned\z0.unsigned.csproj", "{9D43D8CA-3FCF-49AF-87E3-110C8421E5F6}"
EndProject
Project("{9A19103F-16F7-4668-BE54-9A1E7A4F7556}") = "z0.memories", "src\memories\z0.memories.csproj", "{4C4EA1BD-DA20-4966-BBE7-53C31C85C450}"
EndProject
Project("{9A19103F-16F7-4668-BE54-9A1E7A4F7556}") = "z0.mathsvc", "src\mathsvc\z0.mathsvc.csproj", "{8B89E1F9-0C1D-4000-ACFC-AD91779EBF8D}"
EndProject
Project("{9A19103F-16F7-4668-BE54-9A1E7A4F7556}") = "z0.dvec", "src\dvec\z0.dvec.csproj", "{F96A3977-C0C4-45B2-96B9-05B44076EED8}"
EndProject
Project("{9A19103F-16F7-4668-BE54-9A1E7A4F7556}") = "z0.domain", "src\domain\z0.domain.csproj", "{821457CC-B23B-4BAF-91BD-0A02B2EC453C}"
EndProject
Project("{9A19103F-16F7-4668-BE54-9A1E7A4F7556}") = "z0.extract", "src\extract\z0.extract.csproj", "{6EB2255A-8565-4DD3-A3FA-E8723B987515}"
EndProject
Project("{9A19103F-16F7-4668-BE54-9A1E7A4F7556}") = "z0.external", "src\external\project\z0.external.csproj", "{BEABDECF-D92C-4132-9214-1ACD9EA901A1}"
EndProject
Project("{9A19103F-16F7-4668-BE54-9A1E7A4F7556}") = "z0.refs", "src\refs\z0.refs.csproj", "{15BDC4A6-5201-4D36-9700-91495FD6E597}"
EndProject
Project("{9A19103F-16F7-4668-BE54-9A1E7A4F7556}") = "z0.evaluate", "src\evaluate\z0.evaluate.csproj", "{2BF629B9-10B1-4A5D-A46D-7DF235E5AD1D}"
EndProject
Project("{9A19103F-16F7-4668-BE54-9A1E7A4F7556}") = "z0.gmath", "src\gmath\z0.gmath.csproj", "{18B7EFAF-95D8-45C0-997E-5EADFAA462DF}"
EndProject
Project("{9A19103F-16F7-4668-BE54-9A1E7A4F7556}") = "z0.check", "src\check\z0.check.csproj", "{A7CE449E-71E1-493C-B4CB-44BB0590D6FD}"
EndProject
Project("{9A19103F-16F7-4668-BE54-9A1E7A4F7556}") = "z0.math", "src\math\z0.math.csproj", "{E2304654-34CF-4A56-88A6-FA8524236F48}"
EndProject
Project("{9A19103F-16F7-4668-BE54-9A1E7A4F7556}") = "z0.bitfields", "src\bitfields\z0.bitfields.csproj", "{9FB8F081-B8D4-4831-95B3-CD68D6F4F65D}"
EndProject
Project("{9A19103F-16F7-4668-BE54-9A1E7A4F7556}") = "z0.bitgrids", "src\bitgrids\z0.bitgrids.csproj", "{9EB735FF-A752-4052-BFF0-5B745179F6E6}"
EndProject
Project("{9A19103F-16F7-4668-BE54-9A1E7A4F7556}") = "z0.bitmatrix", "src\bitmatrix\z0.bitmatrix.csproj", "{06C7E2DE-8D16-41E4-8E11-EB924DD1E5AA}"
EndProject
Project("{9A19103F-16F7-4668-BE54-9A1E7A4F7556}") = "z0.bitpack", "src\bitpack\z0.bitpack.csproj", "{0E414116-8803-4D64-9F54-144679EFC362}"
EndProject
Project("{9A19103F-16F7-4668-BE54-9A1E7A4F7556}") = "z0.imagine", "src\imagine\z0.imagine.csproj", "{96CF5FBA-6D40-4E93-A37F-E0B035055AB4}"
EndProject
Project("{9A19103F-16F7-4668-BE54-9A1E7A4F7556}") = "z0.numeric", "src\numeric\z0.numeric.csproj", "{00F8A9AC-A768-40D0-B464-A5120D99BA75}"
EndProject
Project("{9A19103F-16F7-4668-BE54-9A1E7A4F7556}") = "z0.matrix", "src\matrix\z0.matrix.csproj", "{BBD043F4-3E63-426F-ABA0-F7AB09FA120F}"
EndProject
Project("{9A19103F-16F7-4668-BE54-9A1E7A4F7556}") = "z0.gvec", "src\gvec\z0.gvec.csproj", "{E0B85873-0E69-4911-9B25-2D79C0EFC1E7}"
EndProject
Project("{9A19103F-16F7-4668-BE54-9A1E7A4F7556}") = "z0.fvec", "src\fvec\z0.fvec.csproj", "{0B566FBD-C093-4048-9CC4-5AA71FB3C0FE}"
EndProject
Project("{9A19103F-16F7-4668-BE54-9A1E7A4F7556}") = "z0.dynamic", "src\dynamic\z0.dynamic.csproj", "{86C973F1-88F7-4D78-A060-B556DFBB73D5}"
EndProject
Project("{9A19103F-16F7-4668-BE54-9A1E7A4F7556}") = "z0.lang", "src\lang\z0.lang.csproj", "{60E4254E-F915-4E92-8B27-0D6943710F88}"
EndProject
Project("{9A19103F-16F7-4668-BE54-9A1E7A4F7556}") = "z0.derivatives", "src\derivatives\z0.derivatives.csproj", "{9E59119F-88DF-41D8-B84A-251EE7FCDB97}"
EndProject
Project("{9A19103F-16F7-4668-BE54-9A1E7A4F7556}") = "z0.blocked", "src\blocked\z0.blocked.csproj", "{FAAC4F48-95C2-4FEC-96DE-5DD4C109EB42}"
EndProject
Project("{9A19103F-16F7-4668-BE54-9A1E7A4F7556}") = "z0.bitstrings", "src\bitstrings\z0.bitstrings.csproj", "{1820F779-8CB9-48D9-9166-F0BE51E02C3A}"
EndProject
Project("{9A19103F-16F7-4668-BE54-9A1E7A4F7556}") = "z0.bitspans", "src\bitspans\z0.bitspans.csproj", "{8E1638A9-78DB-47E3-9EBA-C6384BF702A6}"
EndProject
Project("{9A19103F-16F7-4668-BE54-9A1E7A4F7556}") = "z0.capture", "src\capture\z0.capture.csproj", "{6468B029-5CDA-455C-A507-9EA23C39D156}"
EndProject
Project("{9A19103F-16F7-4668-BE54-9A1E7A4F7556}") = "z0.bitvectors", "src\bitvectors\z0.bitvectors.csproj", "{E964ACEB-3067-40AC-A8DE-329CB0847E11}"
EndProject
Project("{9A19103F-16F7-4668-BE54-9A1E7A4F7556}") = "z0.bitsvc", "src\bitsvc\z0.bitsvc.csproj", "{D007FFB2-B2C3-4632-ADB4-A93E4B35F41B}"
EndProject
Project("{9A19103F-16F7-4668-BE54-9A1E7A4F7556}") = "z0.vsvc", "src\vsvc\z0.vsvc.csproj", "{45435F25-2171-42B4-AA94-6C46201180DB}"
EndProject
Project("{9A19103F-16F7-4668-BE54-9A1E7A4F7556}") = "z0.lsquare", "src\lsquare\z0.lsquare.csproj", "{0644AB97-2F41-4B4C-A8A7-20D3D5E045FE}"
EndProject
Project("{9A19103F-16F7-4668-BE54-9A1E7A4F7556}") = "z0.check.dynamic", "src\check.dynamic\z0.check.dynamic.csproj", "{B8F3623C-62D3-4DF7-8101-353F421B30E0}"
EndProject
Project("{9A19103F-16F7-4668-BE54-9A1E7A4F7556}") = "z0.api", "src\api\z0.api.csproj", "{B6D41ABE-E7DD-40A4-9D09-F5720A83D900}"
EndProject
Project("{9A19103F-16F7-4668-BE54-9A1E7A4F7556}") = "z0.canonical", "src\canonical\z0.canonical.csproj", "{0C43D677-4049-4FD5-B235-274FCD1A28D5}"
EndProject
Project("{9A19103F-16F7-4668-BE54-9A1E7A4F7556}") = "z0.circuits", "src\circuits\z0.circuits.csproj", "{FE76011E-8118-4E5C-8621-0B7DC528DCF6}"
EndProject
Project("{9A19103F-16F7-4668-BE54-9A1E7A4F7556}") = "z0.logix", "src\logix\z0.logix.csproj", "{A916DF0F-C22D-4BEF-A79B-BD5D3AF3294B}"
EndProject
Project("{9A19103F-16F7-4668-BE54-9A1E7A4F7556}") = "z0.stats", "src\stats\z0.stats.csproj", "{44EBFBDD-C840-4098-8A6A-09BCDF55C681}"
EndProject
Project("{9A19103F-16F7-4668-BE54-9A1E7A4F7556}") = "z0.mkl", "native\mkl\src\z0.mkl.csproj", "{3400B2F4-49A0-4A3E-B9BB-28FC9BEF072F}"
EndProject
Global
	GlobalSection(SolutionConfigurationPlatforms) = preSolution
		Custom|Any CPU = Custom|Any CPU
		Custom|x64 = Custom|x64
		Debug|Any CPU = Debug|Any CPU
		Debug|x64 = Debug|x64
		Release|Any CPU = Release|Any CPU
		Release|x64 = Release|x64
	EndGlobalSection
	GlobalSection(ProjectConfigurationPlatforms) = postSolution
		{D9A6DC57-94A1-4910-B2BC-B176508D4402}.Custom|Any CPU.ActiveCfg = Release|Any CPU
		{D9A6DC57-94A1-4910-B2BC-B176508D4402}.Custom|Any CPU.Build.0 = Release|Any CPU
		{D9A6DC57-94A1-4910-B2BC-B176508D4402}.Custom|x64.ActiveCfg = Release|x64
		{D9A6DC57-94A1-4910-B2BC-B176508D4402}.Custom|x64.Build.0 = Release|x64
		{D9A6DC57-94A1-4910-B2BC-B176508D4402}.Debug|Any CPU.ActiveCfg = Debug|Any CPU
		{D9A6DC57-94A1-4910-B2BC-B176508D4402}.Debug|Any CPU.Build.0 = Debug|Any CPU
		{D9A6DC57-94A1-4910-B2BC-B176508D4402}.Debug|x64.ActiveCfg = Debug|x64
		{D9A6DC57-94A1-4910-B2BC-B176508D4402}.Debug|x64.Build.0 = Debug|x64
		{D9A6DC57-94A1-4910-B2BC-B176508D4402}.Release|Any CPU.ActiveCfg = Release|Any CPU
		{D9A6DC57-94A1-4910-B2BC-B176508D4402}.Release|Any CPU.Build.0 = Release|Any CPU
		{D9A6DC57-94A1-4910-B2BC-B176508D4402}.Release|x64.ActiveCfg = Release|x64
		{D9A6DC57-94A1-4910-B2BC-B176508D4402}.Release|x64.Build.0 = Release|x64
		{E48A9FFC-5968-4239-A081-81260729B8E2}.Custom|Any CPU.ActiveCfg = Release|Any CPU
		{E48A9FFC-5968-4239-A081-81260729B8E2}.Custom|Any CPU.Build.0 = Release|Any CPU
		{E48A9FFC-5968-4239-A081-81260729B8E2}.Custom|x64.ActiveCfg = Release|x64
		{E48A9FFC-5968-4239-A081-81260729B8E2}.Custom|x64.Build.0 = Release|x64
		{E48A9FFC-5968-4239-A081-81260729B8E2}.Debug|Any CPU.ActiveCfg = Debug|Any CPU
		{E48A9FFC-5968-4239-A081-81260729B8E2}.Debug|Any CPU.Build.0 = Debug|Any CPU
		{E48A9FFC-5968-4239-A081-81260729B8E2}.Debug|x64.ActiveCfg = Debug|x64
		{E48A9FFC-5968-4239-A081-81260729B8E2}.Debug|x64.Build.0 = Debug|x64
		{E48A9FFC-5968-4239-A081-81260729B8E2}.Release|Any CPU.ActiveCfg = Release|Any CPU
		{E48A9FFC-5968-4239-A081-81260729B8E2}.Release|Any CPU.Build.0 = Release|Any CPU
		{E48A9FFC-5968-4239-A081-81260729B8E2}.Release|x64.ActiveCfg = Release|x64
		{E48A9FFC-5968-4239-A081-81260729B8E2}.Release|x64.Build.0 = Release|x64
		{7A267901-0F4C-44E8-9DBF-8CF48610EE41}.Custom|Any CPU.ActiveCfg = Release|Any CPU
		{7A267901-0F4C-44E8-9DBF-8CF48610EE41}.Custom|Any CPU.Build.0 = Release|Any CPU
		{7A267901-0F4C-44E8-9DBF-8CF48610EE41}.Custom|x64.ActiveCfg = Release|x64
		{7A267901-0F4C-44E8-9DBF-8CF48610EE41}.Custom|x64.Build.0 = Release|x64
		{7A267901-0F4C-44E8-9DBF-8CF48610EE41}.Debug|Any CPU.ActiveCfg = Debug|Any CPU
		{7A267901-0F4C-44E8-9DBF-8CF48610EE41}.Debug|Any CPU.Build.0 = Debug|Any CPU
		{7A267901-0F4C-44E8-9DBF-8CF48610EE41}.Debug|x64.ActiveCfg = Debug|x64
		{7A267901-0F4C-44E8-9DBF-8CF48610EE41}.Debug|x64.Build.0 = Debug|x64
		{7A267901-0F4C-44E8-9DBF-8CF48610EE41}.Release|Any CPU.ActiveCfg = Release|Any CPU
		{7A267901-0F4C-44E8-9DBF-8CF48610EE41}.Release|Any CPU.Build.0 = Release|Any CPU
		{7A267901-0F4C-44E8-9DBF-8CF48610EE41}.Release|x64.ActiveCfg = Release|x64
		{7A267901-0F4C-44E8-9DBF-8CF48610EE41}.Release|x64.Build.0 = Release|x64
		{F4F27737-F369-405D-9F6E-8FF812A3DF28}.Custom|Any CPU.ActiveCfg = Release|Any CPU
		{F4F27737-F369-405D-9F6E-8FF812A3DF28}.Custom|Any CPU.Build.0 = Release|Any CPU
		{F4F27737-F369-405D-9F6E-8FF812A3DF28}.Custom|x64.ActiveCfg = Release|x64
		{F4F27737-F369-405D-9F6E-8FF812A3DF28}.Custom|x64.Build.0 = Release|x64
		{F4F27737-F369-405D-9F6E-8FF812A3DF28}.Debug|Any CPU.ActiveCfg = Debug|Any CPU
		{F4F27737-F369-405D-9F6E-8FF812A3DF28}.Debug|Any CPU.Build.0 = Debug|Any CPU
		{F4F27737-F369-405D-9F6E-8FF812A3DF28}.Debug|x64.ActiveCfg = Debug|x64
		{F4F27737-F369-405D-9F6E-8FF812A3DF28}.Debug|x64.Build.0 = Debug|x64
		{F4F27737-F369-405D-9F6E-8FF812A3DF28}.Release|Any CPU.ActiveCfg = Release|Any CPU
		{F4F27737-F369-405D-9F6E-8FF812A3DF28}.Release|Any CPU.Build.0 = Release|Any CPU
		{F4F27737-F369-405D-9F6E-8FF812A3DF28}.Release|x64.ActiveCfg = Release|x64
		{F4F27737-F369-405D-9F6E-8FF812A3DF28}.Release|x64.Build.0 = Release|x64
		{E232B205-D042-4604-BC0B-F643191EF967}.Custom|Any CPU.ActiveCfg = Release|Any CPU
		{E232B205-D042-4604-BC0B-F643191EF967}.Custom|Any CPU.Build.0 = Release|Any CPU
		{E232B205-D042-4604-BC0B-F643191EF967}.Custom|x64.ActiveCfg = Release|x64
		{E232B205-D042-4604-BC0B-F643191EF967}.Custom|x64.Build.0 = Release|x64
		{E232B205-D042-4604-BC0B-F643191EF967}.Debug|Any CPU.ActiveCfg = Debug|Any CPU
		{E232B205-D042-4604-BC0B-F643191EF967}.Debug|Any CPU.Build.0 = Debug|Any CPU
		{E232B205-D042-4604-BC0B-F643191EF967}.Debug|x64.ActiveCfg = Debug|x64
		{E232B205-D042-4604-BC0B-F643191EF967}.Debug|x64.Build.0 = Debug|x64
		{E232B205-D042-4604-BC0B-F643191EF967}.Release|Any CPU.ActiveCfg = Release|Any CPU
		{E232B205-D042-4604-BC0B-F643191EF967}.Release|Any CPU.Build.0 = Release|Any CPU
		{E232B205-D042-4604-BC0B-F643191EF967}.Release|x64.ActiveCfg = Release|x64
		{E232B205-D042-4604-BC0B-F643191EF967}.Release|x64.Build.0 = Release|x64
		{523BD11F-9563-4DAD-B3F0-4B96279E25C7}.Custom|Any CPU.ActiveCfg = Release|Any CPU
		{523BD11F-9563-4DAD-B3F0-4B96279E25C7}.Custom|Any CPU.Build.0 = Release|Any CPU
		{523BD11F-9563-4DAD-B3F0-4B96279E25C7}.Custom|x64.ActiveCfg = Release|x64
		{523BD11F-9563-4DAD-B3F0-4B96279E25C7}.Custom|x64.Build.0 = Release|x64
		{523BD11F-9563-4DAD-B3F0-4B96279E25C7}.Debug|Any CPU.ActiveCfg = Debug|Any CPU
		{523BD11F-9563-4DAD-B3F0-4B96279E25C7}.Debug|Any CPU.Build.0 = Debug|Any CPU
		{523BD11F-9563-4DAD-B3F0-4B96279E25C7}.Debug|x64.ActiveCfg = Debug|x64
		{523BD11F-9563-4DAD-B3F0-4B96279E25C7}.Debug|x64.Build.0 = Debug|x64
		{523BD11F-9563-4DAD-B3F0-4B96279E25C7}.Release|Any CPU.ActiveCfg = Release|Any CPU
		{523BD11F-9563-4DAD-B3F0-4B96279E25C7}.Release|Any CPU.Build.0 = Release|Any CPU
		{523BD11F-9563-4DAD-B3F0-4B96279E25C7}.Release|x64.ActiveCfg = Release|x64
		{523BD11F-9563-4DAD-B3F0-4B96279E25C7}.Release|x64.Build.0 = Release|x64
		{3221008B-A5AC-4000-A532-AC28D0EE1763}.Custom|Any CPU.ActiveCfg = Release|Any CPU
		{3221008B-A5AC-4000-A532-AC28D0EE1763}.Custom|Any CPU.Build.0 = Release|Any CPU
		{3221008B-A5AC-4000-A532-AC28D0EE1763}.Custom|x64.ActiveCfg = Release|x64
		{3221008B-A5AC-4000-A532-AC28D0EE1763}.Custom|x64.Build.0 = Release|x64
		{3221008B-A5AC-4000-A532-AC28D0EE1763}.Debug|Any CPU.ActiveCfg = Debug|Any CPU
		{3221008B-A5AC-4000-A532-AC28D0EE1763}.Debug|Any CPU.Build.0 = Debug|Any CPU
		{3221008B-A5AC-4000-A532-AC28D0EE1763}.Debug|x64.ActiveCfg = Debug|x64
		{3221008B-A5AC-4000-A532-AC28D0EE1763}.Debug|x64.Build.0 = Debug|x64
		{3221008B-A5AC-4000-A532-AC28D0EE1763}.Release|Any CPU.ActiveCfg = Release|Any CPU
		{3221008B-A5AC-4000-A532-AC28D0EE1763}.Release|Any CPU.Build.0 = Release|Any CPU
		{3221008B-A5AC-4000-A532-AC28D0EE1763}.Release|x64.ActiveCfg = Release|x64
		{3221008B-A5AC-4000-A532-AC28D0EE1763}.Release|x64.Build.0 = Release|x64
		{9860B847-684B-45F5-80E1-C1849F2C669B}.Custom|Any CPU.ActiveCfg = Release|Any CPU
		{9860B847-684B-45F5-80E1-C1849F2C669B}.Custom|Any CPU.Build.0 = Release|Any CPU
		{9860B847-684B-45F5-80E1-C1849F2C669B}.Custom|x64.ActiveCfg = Release|x64
		{9860B847-684B-45F5-80E1-C1849F2C669B}.Custom|x64.Build.0 = Release|x64
		{9860B847-684B-45F5-80E1-C1849F2C669B}.Debug|Any CPU.ActiveCfg = Debug|Any CPU
		{9860B847-684B-45F5-80E1-C1849F2C669B}.Debug|Any CPU.Build.0 = Debug|Any CPU
		{9860B847-684B-45F5-80E1-C1849F2C669B}.Debug|x64.ActiveCfg = Debug|x64
		{9860B847-684B-45F5-80E1-C1849F2C669B}.Debug|x64.Build.0 = Debug|x64
		{9860B847-684B-45F5-80E1-C1849F2C669B}.Release|Any CPU.ActiveCfg = Release|Any CPU
		{9860B847-684B-45F5-80E1-C1849F2C669B}.Release|Any CPU.Build.0 = Release|Any CPU
		{9860B847-684B-45F5-80E1-C1849F2C669B}.Release|x64.ActiveCfg = Release|x64
		{9860B847-684B-45F5-80E1-C1849F2C669B}.Release|x64.Build.0 = Release|x64
		{967157AA-96F3-4B0A-BAE4-EC0459215D6D}.Custom|Any CPU.ActiveCfg = Release|Any CPU
		{967157AA-96F3-4B0A-BAE4-EC0459215D6D}.Custom|Any CPU.Build.0 = Release|Any CPU
		{967157AA-96F3-4B0A-BAE4-EC0459215D6D}.Custom|x64.ActiveCfg = Release|x64
		{967157AA-96F3-4B0A-BAE4-EC0459215D6D}.Custom|x64.Build.0 = Release|x64
		{967157AA-96F3-4B0A-BAE4-EC0459215D6D}.Debug|Any CPU.ActiveCfg = Debug|Any CPU
		{967157AA-96F3-4B0A-BAE4-EC0459215D6D}.Debug|Any CPU.Build.0 = Debug|Any CPU
		{967157AA-96F3-4B0A-BAE4-EC0459215D6D}.Debug|x64.ActiveCfg = Debug|x64
		{967157AA-96F3-4B0A-BAE4-EC0459215D6D}.Debug|x64.Build.0 = Debug|x64
		{967157AA-96F3-4B0A-BAE4-EC0459215D6D}.Release|Any CPU.ActiveCfg = Release|Any CPU
		{967157AA-96F3-4B0A-BAE4-EC0459215D6D}.Release|Any CPU.Build.0 = Release|Any CPU
		{967157AA-96F3-4B0A-BAE4-EC0459215D6D}.Release|x64.ActiveCfg = Release|x64
		{967157AA-96F3-4B0A-BAE4-EC0459215D6D}.Release|x64.Build.0 = Release|x64
		{32A2ABB5-12B0-48CE-B859-BF4BF0A5D4D9}.Custom|Any CPU.ActiveCfg = Release|Any CPU
		{32A2ABB5-12B0-48CE-B859-BF4BF0A5D4D9}.Custom|Any CPU.Build.0 = Release|Any CPU
		{32A2ABB5-12B0-48CE-B859-BF4BF0A5D4D9}.Custom|x64.ActiveCfg = Release|x64
		{32A2ABB5-12B0-48CE-B859-BF4BF0A5D4D9}.Custom|x64.Build.0 = Release|x64
		{32A2ABB5-12B0-48CE-B859-BF4BF0A5D4D9}.Debug|Any CPU.ActiveCfg = Debug|Any CPU
		{32A2ABB5-12B0-48CE-B859-BF4BF0A5D4D9}.Debug|Any CPU.Build.0 = Debug|Any CPU
		{32A2ABB5-12B0-48CE-B859-BF4BF0A5D4D9}.Debug|x64.ActiveCfg = Debug|x64
		{32A2ABB5-12B0-48CE-B859-BF4BF0A5D4D9}.Debug|x64.Build.0 = Debug|x64
		{32A2ABB5-12B0-48CE-B859-BF4BF0A5D4D9}.Release|Any CPU.ActiveCfg = Release|Any CPU
		{32A2ABB5-12B0-48CE-B859-BF4BF0A5D4D9}.Release|Any CPU.Build.0 = Release|Any CPU
		{32A2ABB5-12B0-48CE-B859-BF4BF0A5D4D9}.Release|x64.ActiveCfg = Release|x64
		{32A2ABB5-12B0-48CE-B859-BF4BF0A5D4D9}.Release|x64.Build.0 = Release|x64
		{EE51F896-9DC8-4B97-A2DE-03FE064E2120}.Custom|Any CPU.ActiveCfg = Release|Any CPU
		{EE51F896-9DC8-4B97-A2DE-03FE064E2120}.Custom|Any CPU.Build.0 = Release|Any CPU
		{EE51F896-9DC8-4B97-A2DE-03FE064E2120}.Custom|x64.ActiveCfg = Release|x64
		{EE51F896-9DC8-4B97-A2DE-03FE064E2120}.Custom|x64.Build.0 = Release|x64
		{EE51F896-9DC8-4B97-A2DE-03FE064E2120}.Debug|Any CPU.ActiveCfg = Debug|Any CPU
		{EE51F896-9DC8-4B97-A2DE-03FE064E2120}.Debug|Any CPU.Build.0 = Debug|Any CPU
		{EE51F896-9DC8-4B97-A2DE-03FE064E2120}.Debug|x64.ActiveCfg = Debug|x64
		{EE51F896-9DC8-4B97-A2DE-03FE064E2120}.Debug|x64.Build.0 = Debug|x64
		{EE51F896-9DC8-4B97-A2DE-03FE064E2120}.Release|Any CPU.ActiveCfg = Release|Any CPU
		{EE51F896-9DC8-4B97-A2DE-03FE064E2120}.Release|Any CPU.Build.0 = Release|Any CPU
		{EE51F896-9DC8-4B97-A2DE-03FE064E2120}.Release|x64.ActiveCfg = Release|x64
		{EE51F896-9DC8-4B97-A2DE-03FE064E2120}.Release|x64.Build.0 = Release|x64
		{2D4919CD-C4FE-45C6-8C2B-5A568D562C55}.Custom|Any CPU.ActiveCfg = Release|Any CPU
		{2D4919CD-C4FE-45C6-8C2B-5A568D562C55}.Custom|Any CPU.Build.0 = Release|Any CPU
		{2D4919CD-C4FE-45C6-8C2B-5A568D562C55}.Custom|x64.ActiveCfg = Release|x64
		{2D4919CD-C4FE-45C6-8C2B-5A568D562C55}.Custom|x64.Build.0 = Release|x64
		{2D4919CD-C4FE-45C6-8C2B-5A568D562C55}.Debug|Any CPU.ActiveCfg = Debug|Any CPU
		{2D4919CD-C4FE-45C6-8C2B-5A568D562C55}.Debug|Any CPU.Build.0 = Debug|Any CPU
		{2D4919CD-C4FE-45C6-8C2B-5A568D562C55}.Debug|x64.ActiveCfg = Debug|x64
		{2D4919CD-C4FE-45C6-8C2B-5A568D562C55}.Debug|x64.Build.0 = Debug|x64
		{2D4919CD-C4FE-45C6-8C2B-5A568D562C55}.Release|Any CPU.ActiveCfg = Release|Any CPU
		{2D4919CD-C4FE-45C6-8C2B-5A568D562C55}.Release|Any CPU.Build.0 = Release|Any CPU
		{2D4919CD-C4FE-45C6-8C2B-5A568D562C55}.Release|x64.ActiveCfg = Release|x64
		{2D4919CD-C4FE-45C6-8C2B-5A568D562C55}.Release|x64.Build.0 = Release|x64
		{11E6050D-4A21-4FC3-A629-650705337546}.Custom|Any CPU.ActiveCfg = Release|Any CPU
		{11E6050D-4A21-4FC3-A629-650705337546}.Custom|Any CPU.Build.0 = Release|Any CPU
		{11E6050D-4A21-4FC3-A629-650705337546}.Custom|x64.ActiveCfg = Release|x64
		{11E6050D-4A21-4FC3-A629-650705337546}.Custom|x64.Build.0 = Release|x64
		{11E6050D-4A21-4FC3-A629-650705337546}.Debug|Any CPU.ActiveCfg = Debug|Any CPU
		{11E6050D-4A21-4FC3-A629-650705337546}.Debug|Any CPU.Build.0 = Debug|Any CPU
		{11E6050D-4A21-4FC3-A629-650705337546}.Debug|x64.ActiveCfg = Debug|x64
		{11E6050D-4A21-4FC3-A629-650705337546}.Debug|x64.Build.0 = Debug|x64
		{11E6050D-4A21-4FC3-A629-650705337546}.Release|Any CPU.ActiveCfg = Release|Any CPU
		{11E6050D-4A21-4FC3-A629-650705337546}.Release|Any CPU.Build.0 = Release|Any CPU
		{11E6050D-4A21-4FC3-A629-650705337546}.Release|x64.ActiveCfg = Release|x64
		{11E6050D-4A21-4FC3-A629-650705337546}.Release|x64.Build.0 = Release|x64
		{9D43D8CA-3FCF-49AF-87E3-110C8421E5F6}.Custom|Any CPU.ActiveCfg = Release|Any CPU
		{9D43D8CA-3FCF-49AF-87E3-110C8421E5F6}.Custom|Any CPU.Build.0 = Release|Any CPU
		{9D43D8CA-3FCF-49AF-87E3-110C8421E5F6}.Custom|x64.ActiveCfg = Release|x64
		{9D43D8CA-3FCF-49AF-87E3-110C8421E5F6}.Custom|x64.Build.0 = Release|x64
		{9D43D8CA-3FCF-49AF-87E3-110C8421E5F6}.Debug|Any CPU.ActiveCfg = Debug|Any CPU
		{9D43D8CA-3FCF-49AF-87E3-110C8421E5F6}.Debug|Any CPU.Build.0 = Debug|Any CPU
		{9D43D8CA-3FCF-49AF-87E3-110C8421E5F6}.Debug|x64.ActiveCfg = Debug|x64
		{9D43D8CA-3FCF-49AF-87E3-110C8421E5F6}.Debug|x64.Build.0 = Debug|x64
		{9D43D8CA-3FCF-49AF-87E3-110C8421E5F6}.Release|Any CPU.ActiveCfg = Release|Any CPU
		{9D43D8CA-3FCF-49AF-87E3-110C8421E5F6}.Release|Any CPU.Build.0 = Release|Any CPU
		{9D43D8CA-3FCF-49AF-87E3-110C8421E5F6}.Release|x64.ActiveCfg = Release|x64
		{9D43D8CA-3FCF-49AF-87E3-110C8421E5F6}.Release|x64.Build.0 = Release|x64
		{4C4EA1BD-DA20-4966-BBE7-53C31C85C450}.Custom|Any CPU.ActiveCfg = Release|Any CPU
		{4C4EA1BD-DA20-4966-BBE7-53C31C85C450}.Custom|Any CPU.Build.0 = Release|Any CPU
		{4C4EA1BD-DA20-4966-BBE7-53C31C85C450}.Custom|x64.ActiveCfg = Release|x64
		{4C4EA1BD-DA20-4966-BBE7-53C31C85C450}.Custom|x64.Build.0 = Release|x64
		{4C4EA1BD-DA20-4966-BBE7-53C31C85C450}.Debug|Any CPU.ActiveCfg = Debug|Any CPU
		{4C4EA1BD-DA20-4966-BBE7-53C31C85C450}.Debug|Any CPU.Build.0 = Debug|Any CPU
		{4C4EA1BD-DA20-4966-BBE7-53C31C85C450}.Debug|x64.ActiveCfg = Debug|x64
		{4C4EA1BD-DA20-4966-BBE7-53C31C85C450}.Debug|x64.Build.0 = Debug|x64
		{4C4EA1BD-DA20-4966-BBE7-53C31C85C450}.Release|Any CPU.ActiveCfg = Release|Any CPU
		{4C4EA1BD-DA20-4966-BBE7-53C31C85C450}.Release|Any CPU.Build.0 = Release|Any CPU
		{4C4EA1BD-DA20-4966-BBE7-53C31C85C450}.Release|x64.ActiveCfg = Release|x64
		{4C4EA1BD-DA20-4966-BBE7-53C31C85C450}.Release|x64.Build.0 = Release|x64
		{8B89E1F9-0C1D-4000-ACFC-AD91779EBF8D}.Custom|Any CPU.ActiveCfg = Release|Any CPU
		{8B89E1F9-0C1D-4000-ACFC-AD91779EBF8D}.Custom|Any CPU.Build.0 = Release|Any CPU
		{8B89E1F9-0C1D-4000-ACFC-AD91779EBF8D}.Custom|x64.ActiveCfg = Release|x64
		{8B89E1F9-0C1D-4000-ACFC-AD91779EBF8D}.Custom|x64.Build.0 = Release|x64
		{8B89E1F9-0C1D-4000-ACFC-AD91779EBF8D}.Debug|Any CPU.ActiveCfg = Debug|Any CPU
		{8B89E1F9-0C1D-4000-ACFC-AD91779EBF8D}.Debug|Any CPU.Build.0 = Debug|Any CPU
		{8B89E1F9-0C1D-4000-ACFC-AD91779EBF8D}.Debug|x64.ActiveCfg = Debug|x64
		{8B89E1F9-0C1D-4000-ACFC-AD91779EBF8D}.Debug|x64.Build.0 = Debug|x64
		{8B89E1F9-0C1D-4000-ACFC-AD91779EBF8D}.Release|Any CPU.ActiveCfg = Release|Any CPU
		{8B89E1F9-0C1D-4000-ACFC-AD91779EBF8D}.Release|Any CPU.Build.0 = Release|Any CPU
		{8B89E1F9-0C1D-4000-ACFC-AD91779EBF8D}.Release|x64.ActiveCfg = Release|x64
		{8B89E1F9-0C1D-4000-ACFC-AD91779EBF8D}.Release|x64.Build.0 = Release|x64
		{F96A3977-C0C4-45B2-96B9-05B44076EED8}.Custom|Any CPU.ActiveCfg = Release|Any CPU
		{F96A3977-C0C4-45B2-96B9-05B44076EED8}.Custom|Any CPU.Build.0 = Release|Any CPU
		{F96A3977-C0C4-45B2-96B9-05B44076EED8}.Custom|x64.ActiveCfg = Release|x64
		{F96A3977-C0C4-45B2-96B9-05B44076EED8}.Custom|x64.Build.0 = Release|x64
		{F96A3977-C0C4-45B2-96B9-05B44076EED8}.Debug|Any CPU.ActiveCfg = Debug|Any CPU
		{F96A3977-C0C4-45B2-96B9-05B44076EED8}.Debug|Any CPU.Build.0 = Debug|Any CPU
		{F96A3977-C0C4-45B2-96B9-05B44076EED8}.Debug|x64.ActiveCfg = Debug|x64
		{F96A3977-C0C4-45B2-96B9-05B44076EED8}.Debug|x64.Build.0 = Debug|x64
		{F96A3977-C0C4-45B2-96B9-05B44076EED8}.Release|Any CPU.ActiveCfg = Release|Any CPU
		{F96A3977-C0C4-45B2-96B9-05B44076EED8}.Release|Any CPU.Build.0 = Release|Any CPU
		{F96A3977-C0C4-45B2-96B9-05B44076EED8}.Release|x64.ActiveCfg = Release|x64
		{F96A3977-C0C4-45B2-96B9-05B44076EED8}.Release|x64.Build.0 = Release|x64
		{821457CC-B23B-4BAF-91BD-0A02B2EC453C}.Custom|Any CPU.ActiveCfg = Release|Any CPU
		{821457CC-B23B-4BAF-91BD-0A02B2EC453C}.Custom|Any CPU.Build.0 = Release|Any CPU
		{821457CC-B23B-4BAF-91BD-0A02B2EC453C}.Custom|x64.ActiveCfg = Release|x64
		{821457CC-B23B-4BAF-91BD-0A02B2EC453C}.Custom|x64.Build.0 = Release|x64
		{821457CC-B23B-4BAF-91BD-0A02B2EC453C}.Debug|Any CPU.ActiveCfg = Debug|Any CPU
		{821457CC-B23B-4BAF-91BD-0A02B2EC453C}.Debug|Any CPU.Build.0 = Debug|Any CPU
		{821457CC-B23B-4BAF-91BD-0A02B2EC453C}.Debug|x64.ActiveCfg = Debug|x64
		{821457CC-B23B-4BAF-91BD-0A02B2EC453C}.Debug|x64.Build.0 = Debug|x64
		{821457CC-B23B-4BAF-91BD-0A02B2EC453C}.Release|Any CPU.ActiveCfg = Release|Any CPU
		{821457CC-B23B-4BAF-91BD-0A02B2EC453C}.Release|Any CPU.Build.0 = Release|Any CPU
		{821457CC-B23B-4BAF-91BD-0A02B2EC453C}.Release|x64.ActiveCfg = Release|x64
		{821457CC-B23B-4BAF-91BD-0A02B2EC453C}.Release|x64.Build.0 = Release|x64
		{6EB2255A-8565-4DD3-A3FA-E8723B987515}.Custom|Any CPU.ActiveCfg = Release|Any CPU
		{6EB2255A-8565-4DD3-A3FA-E8723B987515}.Custom|Any CPU.Build.0 = Release|Any CPU
		{6EB2255A-8565-4DD3-A3FA-E8723B987515}.Custom|x64.ActiveCfg = Release|x64
		{6EB2255A-8565-4DD3-A3FA-E8723B987515}.Custom|x64.Build.0 = Release|x64
		{6EB2255A-8565-4DD3-A3FA-E8723B987515}.Debug|Any CPU.ActiveCfg = Debug|Any CPU
		{6EB2255A-8565-4DD3-A3FA-E8723B987515}.Debug|Any CPU.Build.0 = Debug|Any CPU
		{6EB2255A-8565-4DD3-A3FA-E8723B987515}.Debug|x64.ActiveCfg = Debug|x64
		{6EB2255A-8565-4DD3-A3FA-E8723B987515}.Debug|x64.Build.0 = Debug|x64
		{6EB2255A-8565-4DD3-A3FA-E8723B987515}.Release|Any CPU.ActiveCfg = Release|Any CPU
		{6EB2255A-8565-4DD3-A3FA-E8723B987515}.Release|Any CPU.Build.0 = Release|Any CPU
		{6EB2255A-8565-4DD3-A3FA-E8723B987515}.Release|x64.ActiveCfg = Release|x64
		{6EB2255A-8565-4DD3-A3FA-E8723B987515}.Release|x64.Build.0 = Release|x64
		{BEABDECF-D92C-4132-9214-1ACD9EA901A1}.Custom|Any CPU.ActiveCfg = Release|Any CPU
		{BEABDECF-D92C-4132-9214-1ACD9EA901A1}.Custom|Any CPU.Build.0 = Release|Any CPU
		{BEABDECF-D92C-4132-9214-1ACD9EA901A1}.Custom|x64.ActiveCfg = Release|x64
		{BEABDECF-D92C-4132-9214-1ACD9EA901A1}.Custom|x64.Build.0 = Release|x64
		{BEABDECF-D92C-4132-9214-1ACD9EA901A1}.Debug|Any CPU.ActiveCfg = Debug|Any CPU
		{BEABDECF-D92C-4132-9214-1ACD9EA901A1}.Debug|Any CPU.Build.0 = Debug|Any CPU
		{BEABDECF-D92C-4132-9214-1ACD9EA901A1}.Debug|x64.ActiveCfg = Debug|x64
		{BEABDECF-D92C-4132-9214-1ACD9EA901A1}.Debug|x64.Build.0 = Debug|x64
		{BEABDECF-D92C-4132-9214-1ACD9EA901A1}.Release|Any CPU.ActiveCfg = Release|Any CPU
		{BEABDECF-D92C-4132-9214-1ACD9EA901A1}.Release|Any CPU.Build.0 = Release|Any CPU
		{BEABDECF-D92C-4132-9214-1ACD9EA901A1}.Release|x64.ActiveCfg = Release|x64
		{BEABDECF-D92C-4132-9214-1ACD9EA901A1}.Release|x64.Build.0 = Release|x64
		{15BDC4A6-5201-4D36-9700-91495FD6E597}.Custom|Any CPU.ActiveCfg = Release|Any CPU
		{15BDC4A6-5201-4D36-9700-91495FD6E597}.Custom|Any CPU.Build.0 = Release|Any CPU
		{15BDC4A6-5201-4D36-9700-91495FD6E597}.Custom|x64.ActiveCfg = Release|x64
		{15BDC4A6-5201-4D36-9700-91495FD6E597}.Custom|x64.Build.0 = Release|x64
		{15BDC4A6-5201-4D36-9700-91495FD6E597}.Debug|Any CPU.ActiveCfg = Debug|Any CPU
		{15BDC4A6-5201-4D36-9700-91495FD6E597}.Debug|Any CPU.Build.0 = Debug|Any CPU
		{15BDC4A6-5201-4D36-9700-91495FD6E597}.Debug|x64.ActiveCfg = Debug|x64
		{15BDC4A6-5201-4D36-9700-91495FD6E597}.Debug|x64.Build.0 = Debug|x64
		{15BDC4A6-5201-4D36-9700-91495FD6E597}.Release|Any CPU.ActiveCfg = Release|Any CPU
		{15BDC4A6-5201-4D36-9700-91495FD6E597}.Release|Any CPU.Build.0 = Release|Any CPU
		{15BDC4A6-5201-4D36-9700-91495FD6E597}.Release|x64.ActiveCfg = Release|x64
		{15BDC4A6-5201-4D36-9700-91495FD6E597}.Release|x64.Build.0 = Release|x64
		{2BF629B9-10B1-4A5D-A46D-7DF235E5AD1D}.Custom|Any CPU.ActiveCfg = Release|Any CPU
		{2BF629B9-10B1-4A5D-A46D-7DF235E5AD1D}.Custom|Any CPU.Build.0 = Release|Any CPU
		{2BF629B9-10B1-4A5D-A46D-7DF235E5AD1D}.Custom|x64.ActiveCfg = Release|x64
		{2BF629B9-10B1-4A5D-A46D-7DF235E5AD1D}.Custom|x64.Build.0 = Release|x64
		{2BF629B9-10B1-4A5D-A46D-7DF235E5AD1D}.Debug|Any CPU.ActiveCfg = Debug|Any CPU
		{2BF629B9-10B1-4A5D-A46D-7DF235E5AD1D}.Debug|Any CPU.Build.0 = Debug|Any CPU
		{2BF629B9-10B1-4A5D-A46D-7DF235E5AD1D}.Debug|x64.ActiveCfg = Debug|x64
		{2BF629B9-10B1-4A5D-A46D-7DF235E5AD1D}.Debug|x64.Build.0 = Debug|x64
		{2BF629B9-10B1-4A5D-A46D-7DF235E5AD1D}.Release|Any CPU.ActiveCfg = Release|Any CPU
		{2BF629B9-10B1-4A5D-A46D-7DF235E5AD1D}.Release|Any CPU.Build.0 = Release|Any CPU
		{2BF629B9-10B1-4A5D-A46D-7DF235E5AD1D}.Release|x64.ActiveCfg = Release|x64
		{2BF629B9-10B1-4A5D-A46D-7DF235E5AD1D}.Release|x64.Build.0 = Release|x64
		{18B7EFAF-95D8-45C0-997E-5EADFAA462DF}.Custom|Any CPU.ActiveCfg = Release|Any CPU
		{18B7EFAF-95D8-45C0-997E-5EADFAA462DF}.Custom|Any CPU.Build.0 = Release|Any CPU
		{18B7EFAF-95D8-45C0-997E-5EADFAA462DF}.Custom|x64.ActiveCfg = Release|x64
		{18B7EFAF-95D8-45C0-997E-5EADFAA462DF}.Custom|x64.Build.0 = Release|x64
		{18B7EFAF-95D8-45C0-997E-5EADFAA462DF}.Debug|Any CPU.ActiveCfg = Debug|Any CPU
		{18B7EFAF-95D8-45C0-997E-5EADFAA462DF}.Debug|Any CPU.Build.0 = Debug|Any CPU
		{18B7EFAF-95D8-45C0-997E-5EADFAA462DF}.Debug|x64.ActiveCfg = Debug|x64
		{18B7EFAF-95D8-45C0-997E-5EADFAA462DF}.Debug|x64.Build.0 = Debug|x64
		{18B7EFAF-95D8-45C0-997E-5EADFAA462DF}.Release|Any CPU.ActiveCfg = Release|Any CPU
		{18B7EFAF-95D8-45C0-997E-5EADFAA462DF}.Release|Any CPU.Build.0 = Release|Any CPU
		{18B7EFAF-95D8-45C0-997E-5EADFAA462DF}.Release|x64.ActiveCfg = Release|x64
		{18B7EFAF-95D8-45C0-997E-5EADFAA462DF}.Release|x64.Build.0 = Release|x64
		{A7CE449E-71E1-493C-B4CB-44BB0590D6FD}.Custom|Any CPU.ActiveCfg = Release|Any CPU
		{A7CE449E-71E1-493C-B4CB-44BB0590D6FD}.Custom|Any CPU.Build.0 = Release|Any CPU
		{A7CE449E-71E1-493C-B4CB-44BB0590D6FD}.Custom|x64.ActiveCfg = Release|x64
		{A7CE449E-71E1-493C-B4CB-44BB0590D6FD}.Custom|x64.Build.0 = Release|x64
		{A7CE449E-71E1-493C-B4CB-44BB0590D6FD}.Debug|Any CPU.ActiveCfg = Debug|Any CPU
		{A7CE449E-71E1-493C-B4CB-44BB0590D6FD}.Debug|Any CPU.Build.0 = Debug|Any CPU
		{A7CE449E-71E1-493C-B4CB-44BB0590D6FD}.Debug|x64.ActiveCfg = Debug|x64
		{A7CE449E-71E1-493C-B4CB-44BB0590D6FD}.Debug|x64.Build.0 = Debug|x64
		{A7CE449E-71E1-493C-B4CB-44BB0590D6FD}.Release|Any CPU.ActiveCfg = Release|Any CPU
		{A7CE449E-71E1-493C-B4CB-44BB0590D6FD}.Release|Any CPU.Build.0 = Release|Any CPU
		{A7CE449E-71E1-493C-B4CB-44BB0590D6FD}.Release|x64.ActiveCfg = Release|x64
		{A7CE449E-71E1-493C-B4CB-44BB0590D6FD}.Release|x64.Build.0 = Release|x64
		{E2304654-34CF-4A56-88A6-FA8524236F48}.Custom|Any CPU.ActiveCfg = Release|Any CPU
		{E2304654-34CF-4A56-88A6-FA8524236F48}.Custom|Any CPU.Build.0 = Release|Any CPU
		{E2304654-34CF-4A56-88A6-FA8524236F48}.Custom|x64.ActiveCfg = Release|x64
		{E2304654-34CF-4A56-88A6-FA8524236F48}.Custom|x64.Build.0 = Release|x64
		{E2304654-34CF-4A56-88A6-FA8524236F48}.Debug|Any CPU.ActiveCfg = Debug|Any CPU
		{E2304654-34CF-4A56-88A6-FA8524236F48}.Debug|Any CPU.Build.0 = Debug|Any CPU
		{E2304654-34CF-4A56-88A6-FA8524236F48}.Debug|x64.ActiveCfg = Debug|x64
		{E2304654-34CF-4A56-88A6-FA8524236F48}.Debug|x64.Build.0 = Debug|x64
		{E2304654-34CF-4A56-88A6-FA8524236F48}.Release|Any CPU.ActiveCfg = Release|Any CPU
		{E2304654-34CF-4A56-88A6-FA8524236F48}.Release|Any CPU.Build.0 = Release|Any CPU
		{E2304654-34CF-4A56-88A6-FA8524236F48}.Release|x64.ActiveCfg = Release|x64
		{E2304654-34CF-4A56-88A6-FA8524236F48}.Release|x64.Build.0 = Release|x64
		{9FB8F081-B8D4-4831-95B3-CD68D6F4F65D}.Custom|Any CPU.ActiveCfg = Release|Any CPU
		{9FB8F081-B8D4-4831-95B3-CD68D6F4F65D}.Custom|Any CPU.Build.0 = Release|Any CPU
		{9FB8F081-B8D4-4831-95B3-CD68D6F4F65D}.Custom|x64.ActiveCfg = Release|x64
		{9FB8F081-B8D4-4831-95B3-CD68D6F4F65D}.Custom|x64.Build.0 = Release|x64
		{9FB8F081-B8D4-4831-95B3-CD68D6F4F65D}.Debug|Any CPU.ActiveCfg = Debug|Any CPU
		{9FB8F081-B8D4-4831-95B3-CD68D6F4F65D}.Debug|Any CPU.Build.0 = Debug|Any CPU
		{9FB8F081-B8D4-4831-95B3-CD68D6F4F65D}.Debug|x64.ActiveCfg = Debug|x64
		{9FB8F081-B8D4-4831-95B3-CD68D6F4F65D}.Debug|x64.Build.0 = Debug|x64
		{9FB8F081-B8D4-4831-95B3-CD68D6F4F65D}.Release|Any CPU.ActiveCfg = Release|Any CPU
		{9FB8F081-B8D4-4831-95B3-CD68D6F4F65D}.Release|Any CPU.Build.0 = Release|Any CPU
		{9FB8F081-B8D4-4831-95B3-CD68D6F4F65D}.Release|x64.ActiveCfg = Release|x64
		{9FB8F081-B8D4-4831-95B3-CD68D6F4F65D}.Release|x64.Build.0 = Release|x64
		{9EB735FF-A752-4052-BFF0-5B745179F6E6}.Custom|Any CPU.ActiveCfg = Release|Any CPU
		{9EB735FF-A752-4052-BFF0-5B745179F6E6}.Custom|Any CPU.Build.0 = Release|Any CPU
		{9EB735FF-A752-4052-BFF0-5B745179F6E6}.Custom|x64.ActiveCfg = Release|x64
		{9EB735FF-A752-4052-BFF0-5B745179F6E6}.Custom|x64.Build.0 = Release|x64
		{9EB735FF-A752-4052-BFF0-5B745179F6E6}.Debug|Any CPU.ActiveCfg = Debug|Any CPU
		{9EB735FF-A752-4052-BFF0-5B745179F6E6}.Debug|Any CPU.Build.0 = Debug|Any CPU
		{9EB735FF-A752-4052-BFF0-5B745179F6E6}.Debug|x64.ActiveCfg = Debug|x64
		{9EB735FF-A752-4052-BFF0-5B745179F6E6}.Debug|x64.Build.0 = Debug|x64
		{9EB735FF-A752-4052-BFF0-5B745179F6E6}.Release|Any CPU.ActiveCfg = Release|Any CPU
		{9EB735FF-A752-4052-BFF0-5B745179F6E6}.Release|Any CPU.Build.0 = Release|Any CPU
		{9EB735FF-A752-4052-BFF0-5B745179F6E6}.Release|x64.ActiveCfg = Release|x64
		{9EB735FF-A752-4052-BFF0-5B745179F6E6}.Release|x64.Build.0 = Release|x64
		{06C7E2DE-8D16-41E4-8E11-EB924DD1E5AA}.Custom|Any CPU.ActiveCfg = Release|Any CPU
		{06C7E2DE-8D16-41E4-8E11-EB924DD1E5AA}.Custom|Any CPU.Build.0 = Release|Any CPU
		{06C7E2DE-8D16-41E4-8E11-EB924DD1E5AA}.Custom|x64.ActiveCfg = Release|x64
		{06C7E2DE-8D16-41E4-8E11-EB924DD1E5AA}.Custom|x64.Build.0 = Release|x64
		{06C7E2DE-8D16-41E4-8E11-EB924DD1E5AA}.Debug|Any CPU.ActiveCfg = Debug|Any CPU
		{06C7E2DE-8D16-41E4-8E11-EB924DD1E5AA}.Debug|Any CPU.Build.0 = Debug|Any CPU
		{06C7E2DE-8D16-41E4-8E11-EB924DD1E5AA}.Debug|x64.ActiveCfg = Debug|x64
		{06C7E2DE-8D16-41E4-8E11-EB924DD1E5AA}.Debug|x64.Build.0 = Debug|x64
		{06C7E2DE-8D16-41E4-8E11-EB924DD1E5AA}.Release|Any CPU.ActiveCfg = Release|Any CPU
		{06C7E2DE-8D16-41E4-8E11-EB924DD1E5AA}.Release|Any CPU.Build.0 = Release|Any CPU
		{06C7E2DE-8D16-41E4-8E11-EB924DD1E5AA}.Release|x64.ActiveCfg = Release|x64
		{06C7E2DE-8D16-41E4-8E11-EB924DD1E5AA}.Release|x64.Build.0 = Release|x64
		{0E414116-8803-4D64-9F54-144679EFC362}.Custom|Any CPU.ActiveCfg = Release|Any CPU
		{0E414116-8803-4D64-9F54-144679EFC362}.Custom|Any CPU.Build.0 = Release|Any CPU
		{0E414116-8803-4D64-9F54-144679EFC362}.Custom|x64.ActiveCfg = Release|x64
		{0E414116-8803-4D64-9F54-144679EFC362}.Custom|x64.Build.0 = Release|x64
		{0E414116-8803-4D64-9F54-144679EFC362}.Debug|Any CPU.ActiveCfg = Debug|Any CPU
		{0E414116-8803-4D64-9F54-144679EFC362}.Debug|Any CPU.Build.0 = Debug|Any CPU
		{0E414116-8803-4D64-9F54-144679EFC362}.Debug|x64.ActiveCfg = Debug|x64
		{0E414116-8803-4D64-9F54-144679EFC362}.Debug|x64.Build.0 = Debug|x64
		{0E414116-8803-4D64-9F54-144679EFC362}.Release|Any CPU.ActiveCfg = Release|Any CPU
		{0E414116-8803-4D64-9F54-144679EFC362}.Release|Any CPU.Build.0 = Release|Any CPU
		{0E414116-8803-4D64-9F54-144679EFC362}.Release|x64.ActiveCfg = Release|x64
		{0E414116-8803-4D64-9F54-144679EFC362}.Release|x64.Build.0 = Release|x64
		{96CF5FBA-6D40-4E93-A37F-E0B035055AB4}.Custom|Any CPU.ActiveCfg = Release|Any CPU
		{96CF5FBA-6D40-4E93-A37F-E0B035055AB4}.Custom|Any CPU.Build.0 = Release|Any CPU
		{96CF5FBA-6D40-4E93-A37F-E0B035055AB4}.Custom|x64.ActiveCfg = Release|x64
		{96CF5FBA-6D40-4E93-A37F-E0B035055AB4}.Custom|x64.Build.0 = Release|x64
		{96CF5FBA-6D40-4E93-A37F-E0B035055AB4}.Debug|Any CPU.ActiveCfg = Debug|Any CPU
		{96CF5FBA-6D40-4E93-A37F-E0B035055AB4}.Debug|Any CPU.Build.0 = Debug|Any CPU
		{96CF5FBA-6D40-4E93-A37F-E0B035055AB4}.Debug|x64.ActiveCfg = Debug|x64
		{96CF5FBA-6D40-4E93-A37F-E0B035055AB4}.Debug|x64.Build.0 = Debug|x64
		{96CF5FBA-6D40-4E93-A37F-E0B035055AB4}.Release|Any CPU.ActiveCfg = Release|Any CPU
		{96CF5FBA-6D40-4E93-A37F-E0B035055AB4}.Release|Any CPU.Build.0 = Release|Any CPU
		{96CF5FBA-6D40-4E93-A37F-E0B035055AB4}.Release|x64.ActiveCfg = Release|x64
		{96CF5FBA-6D40-4E93-A37F-E0B035055AB4}.Release|x64.Build.0 = Release|x64
		{00F8A9AC-A768-40D0-B464-A5120D99BA75}.Custom|Any CPU.ActiveCfg = Release|Any CPU
		{00F8A9AC-A768-40D0-B464-A5120D99BA75}.Custom|Any CPU.Build.0 = Release|Any CPU
		{00F8A9AC-A768-40D0-B464-A5120D99BA75}.Custom|x64.ActiveCfg = Release|x64
		{00F8A9AC-A768-40D0-B464-A5120D99BA75}.Custom|x64.Build.0 = Release|x64
		{00F8A9AC-A768-40D0-B464-A5120D99BA75}.Debug|Any CPU.ActiveCfg = Debug|Any CPU
		{00F8A9AC-A768-40D0-B464-A5120D99BA75}.Debug|Any CPU.Build.0 = Debug|Any CPU
		{00F8A9AC-A768-40D0-B464-A5120D99BA75}.Debug|x64.ActiveCfg = Debug|x64
		{00F8A9AC-A768-40D0-B464-A5120D99BA75}.Debug|x64.Build.0 = Debug|x64
		{00F8A9AC-A768-40D0-B464-A5120D99BA75}.Release|Any CPU.ActiveCfg = Release|Any CPU
		{00F8A9AC-A768-40D0-B464-A5120D99BA75}.Release|Any CPU.Build.0 = Release|Any CPU
		{00F8A9AC-A768-40D0-B464-A5120D99BA75}.Release|x64.ActiveCfg = Release|x64
		{00F8A9AC-A768-40D0-B464-A5120D99BA75}.Release|x64.Build.0 = Release|x64
		{BBD043F4-3E63-426F-ABA0-F7AB09FA120F}.Custom|Any CPU.ActiveCfg = Release|Any CPU
		{BBD043F4-3E63-426F-ABA0-F7AB09FA120F}.Custom|Any CPU.Build.0 = Release|Any CPU
		{BBD043F4-3E63-426F-ABA0-F7AB09FA120F}.Custom|x64.ActiveCfg = Release|x64
		{BBD043F4-3E63-426F-ABA0-F7AB09FA120F}.Custom|x64.Build.0 = Release|x64
		{BBD043F4-3E63-426F-ABA0-F7AB09FA120F}.Debug|Any CPU.ActiveCfg = Debug|Any CPU
		{BBD043F4-3E63-426F-ABA0-F7AB09FA120F}.Debug|Any CPU.Build.0 = Debug|Any CPU
		{BBD043F4-3E63-426F-ABA0-F7AB09FA120F}.Debug|x64.ActiveCfg = Debug|x64
		{BBD043F4-3E63-426F-ABA0-F7AB09FA120F}.Debug|x64.Build.0 = Debug|x64
		{BBD043F4-3E63-426F-ABA0-F7AB09FA120F}.Release|Any CPU.ActiveCfg = Release|Any CPU
		{BBD043F4-3E63-426F-ABA0-F7AB09FA120F}.Release|Any CPU.Build.0 = Release|Any CPU
		{BBD043F4-3E63-426F-ABA0-F7AB09FA120F}.Release|x64.ActiveCfg = Release|x64
		{BBD043F4-3E63-426F-ABA0-F7AB09FA120F}.Release|x64.Build.0 = Release|x64
		{E0B85873-0E69-4911-9B25-2D79C0EFC1E7}.Custom|Any CPU.ActiveCfg = Release|Any CPU
		{E0B85873-0E69-4911-9B25-2D79C0EFC1E7}.Custom|Any CPU.Build.0 = Release|Any CPU
		{E0B85873-0E69-4911-9B25-2D79C0EFC1E7}.Custom|x64.ActiveCfg = Release|x64
		{E0B85873-0E69-4911-9B25-2D79C0EFC1E7}.Custom|x64.Build.0 = Release|x64
		{E0B85873-0E69-4911-9B25-2D79C0EFC1E7}.Debug|Any CPU.ActiveCfg = Debug|Any CPU
		{E0B85873-0E69-4911-9B25-2D79C0EFC1E7}.Debug|Any CPU.Build.0 = Debug|Any CPU
		{E0B85873-0E69-4911-9B25-2D79C0EFC1E7}.Debug|x64.ActiveCfg = Debug|x64
		{E0B85873-0E69-4911-9B25-2D79C0EFC1E7}.Debug|x64.Build.0 = Debug|x64
		{E0B85873-0E69-4911-9B25-2D79C0EFC1E7}.Release|Any CPU.ActiveCfg = Release|Any CPU
		{E0B85873-0E69-4911-9B25-2D79C0EFC1E7}.Release|Any CPU.Build.0 = Release|Any CPU
		{E0B85873-0E69-4911-9B25-2D79C0EFC1E7}.Release|x64.ActiveCfg = Release|x64
		{E0B85873-0E69-4911-9B25-2D79C0EFC1E7}.Release|x64.Build.0 = Release|x64
		{0B566FBD-C093-4048-9CC4-5AA71FB3C0FE}.Custom|Any CPU.ActiveCfg = Release|Any CPU
		{0B566FBD-C093-4048-9CC4-5AA71FB3C0FE}.Custom|Any CPU.Build.0 = Release|Any CPU
		{0B566FBD-C093-4048-9CC4-5AA71FB3C0FE}.Custom|x64.ActiveCfg = Release|x64
		{0B566FBD-C093-4048-9CC4-5AA71FB3C0FE}.Custom|x64.Build.0 = Release|x64
		{0B566FBD-C093-4048-9CC4-5AA71FB3C0FE}.Debug|Any CPU.ActiveCfg = Debug|Any CPU
		{0B566FBD-C093-4048-9CC4-5AA71FB3C0FE}.Debug|Any CPU.Build.0 = Debug|Any CPU
		{0B566FBD-C093-4048-9CC4-5AA71FB3C0FE}.Debug|x64.ActiveCfg = Debug|x64
		{0B566FBD-C093-4048-9CC4-5AA71FB3C0FE}.Debug|x64.Build.0 = Debug|x64
		{0B566FBD-C093-4048-9CC4-5AA71FB3C0FE}.Release|Any CPU.ActiveCfg = Release|Any CPU
		{0B566FBD-C093-4048-9CC4-5AA71FB3C0FE}.Release|Any CPU.Build.0 = Release|Any CPU
		{0B566FBD-C093-4048-9CC4-5AA71FB3C0FE}.Release|x64.ActiveCfg = Release|x64
		{0B566FBD-C093-4048-9CC4-5AA71FB3C0FE}.Release|x64.Build.0 = Release|x64
		{86C973F1-88F7-4D78-A060-B556DFBB73D5}.Custom|Any CPU.ActiveCfg = Release|Any CPU
		{86C973F1-88F7-4D78-A060-B556DFBB73D5}.Custom|Any CPU.Build.0 = Release|Any CPU
		{86C973F1-88F7-4D78-A060-B556DFBB73D5}.Custom|x64.ActiveCfg = Release|x64
		{86C973F1-88F7-4D78-A060-B556DFBB73D5}.Custom|x64.Build.0 = Release|x64
		{86C973F1-88F7-4D78-A060-B556DFBB73D5}.Debug|Any CPU.ActiveCfg = Debug|Any CPU
		{86C973F1-88F7-4D78-A060-B556DFBB73D5}.Debug|Any CPU.Build.0 = Debug|Any CPU
		{86C973F1-88F7-4D78-A060-B556DFBB73D5}.Debug|x64.ActiveCfg = Debug|x64
		{86C973F1-88F7-4D78-A060-B556DFBB73D5}.Debug|x64.Build.0 = Debug|x64
		{86C973F1-88F7-4D78-A060-B556DFBB73D5}.Release|Any CPU.ActiveCfg = Release|Any CPU
		{86C973F1-88F7-4D78-A060-B556DFBB73D5}.Release|Any CPU.Build.0 = Release|Any CPU
		{86C973F1-88F7-4D78-A060-B556DFBB73D5}.Release|x64.ActiveCfg = Release|x64
		{86C973F1-88F7-4D78-A060-B556DFBB73D5}.Release|x64.Build.0 = Release|x64
		{60E4254E-F915-4E92-8B27-0D6943710F88}.Custom|Any CPU.ActiveCfg = Release|Any CPU
		{60E4254E-F915-4E92-8B27-0D6943710F88}.Custom|Any CPU.Build.0 = Release|Any CPU
		{60E4254E-F915-4E92-8B27-0D6943710F88}.Custom|x64.ActiveCfg = Release|x64
		{60E4254E-F915-4E92-8B27-0D6943710F88}.Custom|x64.Build.0 = Release|x64
		{60E4254E-F915-4E92-8B27-0D6943710F88}.Debug|Any CPU.ActiveCfg = Debug|Any CPU
		{60E4254E-F915-4E92-8B27-0D6943710F88}.Debug|Any CPU.Build.0 = Debug|Any CPU
		{60E4254E-F915-4E92-8B27-0D6943710F88}.Debug|x64.ActiveCfg = Debug|x64
		{60E4254E-F915-4E92-8B27-0D6943710F88}.Debug|x64.Build.0 = Debug|x64
		{60E4254E-F915-4E92-8B27-0D6943710F88}.Release|Any CPU.ActiveCfg = Release|Any CPU
		{60E4254E-F915-4E92-8B27-0D6943710F88}.Release|Any CPU.Build.0 = Release|Any CPU
		{60E4254E-F915-4E92-8B27-0D6943710F88}.Release|x64.ActiveCfg = Release|x64
		{60E4254E-F915-4E92-8B27-0D6943710F88}.Release|x64.Build.0 = Release|x64
		{9E59119F-88DF-41D8-B84A-251EE7FCDB97}.Custom|Any CPU.ActiveCfg = Release|Any CPU
		{9E59119F-88DF-41D8-B84A-251EE7FCDB97}.Custom|Any CPU.Build.0 = Release|Any CPU
		{9E59119F-88DF-41D8-B84A-251EE7FCDB97}.Custom|x64.ActiveCfg = Release|x64
		{9E59119F-88DF-41D8-B84A-251EE7FCDB97}.Custom|x64.Build.0 = Release|x64
		{9E59119F-88DF-41D8-B84A-251EE7FCDB97}.Debug|Any CPU.ActiveCfg = Debug|Any CPU
		{9E59119F-88DF-41D8-B84A-251EE7FCDB97}.Debug|Any CPU.Build.0 = Debug|Any CPU
		{9E59119F-88DF-41D8-B84A-251EE7FCDB97}.Debug|x64.ActiveCfg = Debug|x64
		{9E59119F-88DF-41D8-B84A-251EE7FCDB97}.Debug|x64.Build.0 = Debug|x64
		{9E59119F-88DF-41D8-B84A-251EE7FCDB97}.Release|Any CPU.ActiveCfg = Release|Any CPU
		{9E59119F-88DF-41D8-B84A-251EE7FCDB97}.Release|Any CPU.Build.0 = Release|Any CPU
		{9E59119F-88DF-41D8-B84A-251EE7FCDB97}.Release|x64.ActiveCfg = Release|x64
		{9E59119F-88DF-41D8-B84A-251EE7FCDB97}.Release|x64.Build.0 = Release|x64
		{FAAC4F48-95C2-4FEC-96DE-5DD4C109EB42}.Custom|Any CPU.ActiveCfg = Release|Any CPU
		{FAAC4F48-95C2-4FEC-96DE-5DD4C109EB42}.Custom|Any CPU.Build.0 = Release|Any CPU
		{FAAC4F48-95C2-4FEC-96DE-5DD4C109EB42}.Custom|x64.ActiveCfg = Release|x64
		{FAAC4F48-95C2-4FEC-96DE-5DD4C109EB42}.Custom|x64.Build.0 = Release|x64
		{FAAC4F48-95C2-4FEC-96DE-5DD4C109EB42}.Debug|Any CPU.ActiveCfg = Debug|Any CPU
		{FAAC4F48-95C2-4FEC-96DE-5DD4C109EB42}.Debug|Any CPU.Build.0 = Debug|Any CPU
		{FAAC4F48-95C2-4FEC-96DE-5DD4C109EB42}.Debug|x64.ActiveCfg = Debug|x64
		{FAAC4F48-95C2-4FEC-96DE-5DD4C109EB42}.Debug|x64.Build.0 = Debug|x64
		{FAAC4F48-95C2-4FEC-96DE-5DD4C109EB42}.Release|Any CPU.ActiveCfg = Release|Any CPU
		{FAAC4F48-95C2-4FEC-96DE-5DD4C109EB42}.Release|Any CPU.Build.0 = Release|Any CPU
		{FAAC4F48-95C2-4FEC-96DE-5DD4C109EB42}.Release|x64.ActiveCfg = Release|x64
		{FAAC4F48-95C2-4FEC-96DE-5DD4C109EB42}.Release|x64.Build.0 = Release|x64
		{1820F779-8CB9-48D9-9166-F0BE51E02C3A}.Custom|Any CPU.ActiveCfg = Release|Any CPU
		{1820F779-8CB9-48D9-9166-F0BE51E02C3A}.Custom|Any CPU.Build.0 = Release|Any CPU
		{1820F779-8CB9-48D9-9166-F0BE51E02C3A}.Custom|x64.ActiveCfg = Release|x64
		{1820F779-8CB9-48D9-9166-F0BE51E02C3A}.Custom|x64.Build.0 = Release|x64
		{1820F779-8CB9-48D9-9166-F0BE51E02C3A}.Debug|Any CPU.ActiveCfg = Debug|Any CPU
		{1820F779-8CB9-48D9-9166-F0BE51E02C3A}.Debug|Any CPU.Build.0 = Debug|Any CPU
		{1820F779-8CB9-48D9-9166-F0BE51E02C3A}.Debug|x64.ActiveCfg = Debug|x64
		{1820F779-8CB9-48D9-9166-F0BE51E02C3A}.Debug|x64.Build.0 = Debug|x64
		{1820F779-8CB9-48D9-9166-F0BE51E02C3A}.Release|Any CPU.ActiveCfg = Release|Any CPU
		{1820F779-8CB9-48D9-9166-F0BE51E02C3A}.Release|Any CPU.Build.0 = Release|Any CPU
		{1820F779-8CB9-48D9-9166-F0BE51E02C3A}.Release|x64.ActiveCfg = Release|x64
		{1820F779-8CB9-48D9-9166-F0BE51E02C3A}.Release|x64.Build.0 = Release|x64
		{8E1638A9-78DB-47E3-9EBA-C6384BF702A6}.Custom|Any CPU.ActiveCfg = Release|Any CPU
		{8E1638A9-78DB-47E3-9EBA-C6384BF702A6}.Custom|Any CPU.Build.0 = Release|Any CPU
		{8E1638A9-78DB-47E3-9EBA-C6384BF702A6}.Custom|x64.ActiveCfg = Release|x64
		{8E1638A9-78DB-47E3-9EBA-C6384BF702A6}.Custom|x64.Build.0 = Release|x64
		{8E1638A9-78DB-47E3-9EBA-C6384BF702A6}.Debug|Any CPU.ActiveCfg = Debug|Any CPU
		{8E1638A9-78DB-47E3-9EBA-C6384BF702A6}.Debug|Any CPU.Build.0 = Debug|Any CPU
		{8E1638A9-78DB-47E3-9EBA-C6384BF702A6}.Debug|x64.ActiveCfg = Debug|x64
		{8E1638A9-78DB-47E3-9EBA-C6384BF702A6}.Debug|x64.Build.0 = Debug|x64
		{8E1638A9-78DB-47E3-9EBA-C6384BF702A6}.Release|Any CPU.ActiveCfg = Release|Any CPU
		{8E1638A9-78DB-47E3-9EBA-C6384BF702A6}.Release|Any CPU.Build.0 = Release|Any CPU
		{8E1638A9-78DB-47E3-9EBA-C6384BF702A6}.Release|x64.ActiveCfg = Release|x64
		{8E1638A9-78DB-47E3-9EBA-C6384BF702A6}.Release|x64.Build.0 = Release|x64
		{6468B029-5CDA-455C-A507-9EA23C39D156}.Custom|Any CPU.ActiveCfg = Release|Any CPU
		{6468B029-5CDA-455C-A507-9EA23C39D156}.Custom|Any CPU.Build.0 = Release|Any CPU
		{6468B029-5CDA-455C-A507-9EA23C39D156}.Custom|x64.ActiveCfg = Release|x64
		{6468B029-5CDA-455C-A507-9EA23C39D156}.Custom|x64.Build.0 = Release|x64
		{6468B029-5CDA-455C-A507-9EA23C39D156}.Debug|Any CPU.ActiveCfg = Debug|Any CPU
		{6468B029-5CDA-455C-A507-9EA23C39D156}.Debug|Any CPU.Build.0 = Debug|Any CPU
		{6468B029-5CDA-455C-A507-9EA23C39D156}.Debug|x64.ActiveCfg = Debug|x64
		{6468B029-5CDA-455C-A507-9EA23C39D156}.Debug|x64.Build.0 = Debug|x64
		{6468B029-5CDA-455C-A507-9EA23C39D156}.Release|Any CPU.ActiveCfg = Release|Any CPU
		{6468B029-5CDA-455C-A507-9EA23C39D156}.Release|Any CPU.Build.0 = Release|Any CPU
		{6468B029-5CDA-455C-A507-9EA23C39D156}.Release|x64.ActiveCfg = Release|x64
		{6468B029-5CDA-455C-A507-9EA23C39D156}.Release|x64.Build.0 = Release|x64
		{E964ACEB-3067-40AC-A8DE-329CB0847E11}.Custom|Any CPU.ActiveCfg = Release|Any CPU
		{E964ACEB-3067-40AC-A8DE-329CB0847E11}.Custom|Any CPU.Build.0 = Release|Any CPU
		{E964ACEB-3067-40AC-A8DE-329CB0847E11}.Custom|x64.ActiveCfg = Release|x64
		{E964ACEB-3067-40AC-A8DE-329CB0847E11}.Custom|x64.Build.0 = Release|x64
		{E964ACEB-3067-40AC-A8DE-329CB0847E11}.Debug|Any CPU.ActiveCfg = Debug|Any CPU
		{E964ACEB-3067-40AC-A8DE-329CB0847E11}.Debug|Any CPU.Build.0 = Debug|Any CPU
		{E964ACEB-3067-40AC-A8DE-329CB0847E11}.Debug|x64.ActiveCfg = Debug|x64
		{E964ACEB-3067-40AC-A8DE-329CB0847E11}.Debug|x64.Build.0 = Debug|x64
		{E964ACEB-3067-40AC-A8DE-329CB0847E11}.Release|Any CPU.ActiveCfg = Release|Any CPU
		{E964ACEB-3067-40AC-A8DE-329CB0847E11}.Release|Any CPU.Build.0 = Release|Any CPU
		{E964ACEB-3067-40AC-A8DE-329CB0847E11}.Release|x64.ActiveCfg = Release|x64
		{E964ACEB-3067-40AC-A8DE-329CB0847E11}.Release|x64.Build.0 = Release|x64
		{D007FFB2-B2C3-4632-ADB4-A93E4B35F41B}.Custom|Any CPU.ActiveCfg = Release|Any CPU
		{D007FFB2-B2C3-4632-ADB4-A93E4B35F41B}.Custom|Any CPU.Build.0 = Release|Any CPU
		{D007FFB2-B2C3-4632-ADB4-A93E4B35F41B}.Custom|x64.ActiveCfg = Release|x64
		{D007FFB2-B2C3-4632-ADB4-A93E4B35F41B}.Custom|x64.Build.0 = Release|x64
		{D007FFB2-B2C3-4632-ADB4-A93E4B35F41B}.Debug|Any CPU.ActiveCfg = Debug|Any CPU
		{D007FFB2-B2C3-4632-ADB4-A93E4B35F41B}.Debug|Any CPU.Build.0 = Debug|Any CPU
		{D007FFB2-B2C3-4632-ADB4-A93E4B35F41B}.Debug|x64.ActiveCfg = Debug|x64
		{D007FFB2-B2C3-4632-ADB4-A93E4B35F41B}.Debug|x64.Build.0 = Debug|x64
		{D007FFB2-B2C3-4632-ADB4-A93E4B35F41B}.Release|Any CPU.ActiveCfg = Release|Any CPU
		{D007FFB2-B2C3-4632-ADB4-A93E4B35F41B}.Release|Any CPU.Build.0 = Release|Any CPU
		{D007FFB2-B2C3-4632-ADB4-A93E4B35F41B}.Release|x64.ActiveCfg = Release|x64
		{D007FFB2-B2C3-4632-ADB4-A93E4B35F41B}.Release|x64.Build.0 = Release|x64
		{45435F25-2171-42B4-AA94-6C46201180DB}.Custom|Any CPU.ActiveCfg = Release|Any CPU
		{45435F25-2171-42B4-AA94-6C46201180DB}.Custom|Any CPU.Build.0 = Release|Any CPU
		{45435F25-2171-42B4-AA94-6C46201180DB}.Custom|x64.ActiveCfg = Release|x64
		{45435F25-2171-42B4-AA94-6C46201180DB}.Custom|x64.Build.0 = Release|x64
		{45435F25-2171-42B4-AA94-6C46201180DB}.Debug|Any CPU.ActiveCfg = Debug|Any CPU
		{45435F25-2171-42B4-AA94-6C46201180DB}.Debug|Any CPU.Build.0 = Debug|Any CPU
		{45435F25-2171-42B4-AA94-6C46201180DB}.Debug|x64.ActiveCfg = Debug|x64
		{45435F25-2171-42B4-AA94-6C46201180DB}.Debug|x64.Build.0 = Debug|x64
		{45435F25-2171-42B4-AA94-6C46201180DB}.Release|Any CPU.ActiveCfg = Release|Any CPU
		{45435F25-2171-42B4-AA94-6C46201180DB}.Release|Any CPU.Build.0 = Release|Any CPU
		{45435F25-2171-42B4-AA94-6C46201180DB}.Release|x64.ActiveCfg = Release|x64
		{45435F25-2171-42B4-AA94-6C46201180DB}.Release|x64.Build.0 = Release|x64
		{0644AB97-2F41-4B4C-A8A7-20D3D5E045FE}.Custom|Any CPU.ActiveCfg = Release|Any CPU
		{0644AB97-2F41-4B4C-A8A7-20D3D5E045FE}.Custom|Any CPU.Build.0 = Release|Any CPU
		{0644AB97-2F41-4B4C-A8A7-20D3D5E045FE}.Custom|x64.ActiveCfg = Release|x64
		{0644AB97-2F41-4B4C-A8A7-20D3D5E045FE}.Custom|x64.Build.0 = Release|x64
		{0644AB97-2F41-4B4C-A8A7-20D3D5E045FE}.Debug|Any CPU.ActiveCfg = Debug|Any CPU
		{0644AB97-2F41-4B4C-A8A7-20D3D5E045FE}.Debug|Any CPU.Build.0 = Debug|Any CPU
		{0644AB97-2F41-4B4C-A8A7-20D3D5E045FE}.Debug|x64.ActiveCfg = Debug|x64
		{0644AB97-2F41-4B4C-A8A7-20D3D5E045FE}.Debug|x64.Build.0 = Debug|x64
		{0644AB97-2F41-4B4C-A8A7-20D3D5E045FE}.Release|Any CPU.ActiveCfg = Release|Any CPU
		{0644AB97-2F41-4B4C-A8A7-20D3D5E045FE}.Release|Any CPU.Build.0 = Release|Any CPU
		{0644AB97-2F41-4B4C-A8A7-20D3D5E045FE}.Release|x64.ActiveCfg = Release|x64
		{0644AB97-2F41-4B4C-A8A7-20D3D5E045FE}.Release|x64.Build.0 = Release|x64
		{B8F3623C-62D3-4DF7-8101-353F421B30E0}.Custom|Any CPU.ActiveCfg = Release|Any CPU
		{B8F3623C-62D3-4DF7-8101-353F421B30E0}.Custom|Any CPU.Build.0 = Release|Any CPU
		{B8F3623C-62D3-4DF7-8101-353F421B30E0}.Custom|x64.ActiveCfg = Release|x64
		{B8F3623C-62D3-4DF7-8101-353F421B30E0}.Custom|x64.Build.0 = Release|x64
		{B8F3623C-62D3-4DF7-8101-353F421B30E0}.Debug|Any CPU.ActiveCfg = Debug|Any CPU
		{B8F3623C-62D3-4DF7-8101-353F421B30E0}.Debug|Any CPU.Build.0 = Debug|Any CPU
		{B8F3623C-62D3-4DF7-8101-353F421B30E0}.Debug|x64.ActiveCfg = Debug|x64
		{B8F3623C-62D3-4DF7-8101-353F421B30E0}.Debug|x64.Build.0 = Debug|x64
		{B8F3623C-62D3-4DF7-8101-353F421B30E0}.Release|Any CPU.ActiveCfg = Release|Any CPU
		{B8F3623C-62D3-4DF7-8101-353F421B30E0}.Release|Any CPU.Build.0 = Release|Any CPU
		{B8F3623C-62D3-4DF7-8101-353F421B30E0}.Release|x64.ActiveCfg = Release|x64
		{B8F3623C-62D3-4DF7-8101-353F421B30E0}.Release|x64.Build.0 = Release|x64
		{B6D41ABE-E7DD-40A4-9D09-F5720A83D900}.Custom|Any CPU.ActiveCfg = Release|Any CPU
		{B6D41ABE-E7DD-40A4-9D09-F5720A83D900}.Custom|Any CPU.Build.0 = Release|Any CPU
		{B6D41ABE-E7DD-40A4-9D09-F5720A83D900}.Custom|x64.ActiveCfg = Debug|x64
		{B6D41ABE-E7DD-40A4-9D09-F5720A83D900}.Custom|x64.Build.0 = Debug|x64
		{B6D41ABE-E7DD-40A4-9D09-F5720A83D900}.Debug|Any CPU.ActiveCfg = Debug|Any CPU
		{B6D41ABE-E7DD-40A4-9D09-F5720A83D900}.Debug|Any CPU.Build.0 = Debug|Any CPU
		{B6D41ABE-E7DD-40A4-9D09-F5720A83D900}.Debug|x64.ActiveCfg = Debug|x64
		{B6D41ABE-E7DD-40A4-9D09-F5720A83D900}.Debug|x64.Build.0 = Debug|x64
		{B6D41ABE-E7DD-40A4-9D09-F5720A83D900}.Release|Any CPU.ActiveCfg = Release|Any CPU
		{B6D41ABE-E7DD-40A4-9D09-F5720A83D900}.Release|Any CPU.Build.0 = Release|Any CPU
		{B6D41ABE-E7DD-40A4-9D09-F5720A83D900}.Release|x64.ActiveCfg = Release|x64
		{B6D41ABE-E7DD-40A4-9D09-F5720A83D900}.Release|x64.Build.0 = Release|x64
		{0C43D677-4049-4FD5-B235-274FCD1A28D5}.Custom|Any CPU.ActiveCfg = Release|Any CPU
		{0C43D677-4049-4FD5-B235-274FCD1A28D5}.Custom|Any CPU.Build.0 = Release|Any CPU
		{0C43D677-4049-4FD5-B235-274FCD1A28D5}.Custom|x64.ActiveCfg = Debug|x64
		{0C43D677-4049-4FD5-B235-274FCD1A28D5}.Custom|x64.Build.0 = Debug|x64
		{0C43D677-4049-4FD5-B235-274FCD1A28D5}.Debug|Any CPU.ActiveCfg = Debug|Any CPU
		{0C43D677-4049-4FD5-B235-274FCD1A28D5}.Debug|Any CPU.Build.0 = Debug|Any CPU
		{0C43D677-4049-4FD5-B235-274FCD1A28D5}.Debug|x64.ActiveCfg = Debug|x64
		{0C43D677-4049-4FD5-B235-274FCD1A28D5}.Debug|x64.Build.0 = Debug|x64
		{0C43D677-4049-4FD5-B235-274FCD1A28D5}.Release|Any CPU.ActiveCfg = Release|Any CPU
		{0C43D677-4049-4FD5-B235-274FCD1A28D5}.Release|Any CPU.Build.0 = Release|Any CPU
		{0C43D677-4049-4FD5-B235-274FCD1A28D5}.Release|x64.ActiveCfg = Release|x64
		{0C43D677-4049-4FD5-B235-274FCD1A28D5}.Release|x64.Build.0 = Release|x64
		{FE76011E-8118-4E5C-8621-0B7DC528DCF6}.Custom|Any CPU.ActiveCfg = Release|Any CPU
		{FE76011E-8118-4E5C-8621-0B7DC528DCF6}.Custom|Any CPU.Build.0 = Release|Any CPU
		{FE76011E-8118-4E5C-8621-0B7DC528DCF6}.Custom|x64.ActiveCfg = Debug|x64
		{FE76011E-8118-4E5C-8621-0B7DC528DCF6}.Custom|x64.Build.0 = Debug|x64
		{FE76011E-8118-4E5C-8621-0B7DC528DCF6}.Debug|Any CPU.ActiveCfg = Debug|Any CPU
		{FE76011E-8118-4E5C-8621-0B7DC528DCF6}.Debug|Any CPU.Build.0 = Debug|Any CPU
		{FE76011E-8118-4E5C-8621-0B7DC528DCF6}.Debug|x64.ActiveCfg = Debug|x64
		{FE76011E-8118-4E5C-8621-0B7DC528DCF6}.Debug|x64.Build.0 = Debug|x64
		{FE76011E-8118-4E5C-8621-0B7DC528DCF6}.Release|Any CPU.ActiveCfg = Release|Any CPU
		{FE76011E-8118-4E5C-8621-0B7DC528DCF6}.Release|Any CPU.Build.0 = Release|Any CPU
		{FE76011E-8118-4E5C-8621-0B7DC528DCF6}.Release|x64.ActiveCfg = Release|x64
		{FE76011E-8118-4E5C-8621-0B7DC528DCF6}.Release|x64.Build.0 = Release|x64
		{A916DF0F-C22D-4BEF-A79B-BD5D3AF3294B}.Custom|Any CPU.ActiveCfg = Release|Any CPU
		{A916DF0F-C22D-4BEF-A79B-BD5D3AF3294B}.Custom|Any CPU.Build.0 = Release|Any CPU
		{A916DF0F-C22D-4BEF-A79B-BD5D3AF3294B}.Custom|x64.ActiveCfg = Debug|x64
		{A916DF0F-C22D-4BEF-A79B-BD5D3AF3294B}.Custom|x64.Build.0 = Debug|x64
		{A916DF0F-C22D-4BEF-A79B-BD5D3AF3294B}.Debug|Any CPU.ActiveCfg = Debug|Any CPU
		{A916DF0F-C22D-4BEF-A79B-BD5D3AF3294B}.Debug|Any CPU.Build.0 = Debug|Any CPU
		{A916DF0F-C22D-4BEF-A79B-BD5D3AF3294B}.Debug|x64.ActiveCfg = Debug|x64
		{A916DF0F-C22D-4BEF-A79B-BD5D3AF3294B}.Debug|x64.Build.0 = Debug|x64
		{A916DF0F-C22D-4BEF-A79B-BD5D3AF3294B}.Release|Any CPU.ActiveCfg = Release|Any CPU
		{A916DF0F-C22D-4BEF-A79B-BD5D3AF3294B}.Release|Any CPU.Build.0 = Release|Any CPU
		{A916DF0F-C22D-4BEF-A79B-BD5D3AF3294B}.Release|x64.ActiveCfg = Release|x64
		{A916DF0F-C22D-4BEF-A79B-BD5D3AF3294B}.Release|x64.Build.0 = Release|x64
		{44EBFBDD-C840-4098-8A6A-09BCDF55C681}.Custom|Any CPU.ActiveCfg = Release|Any CPU
		{44EBFBDD-C840-4098-8A6A-09BCDF55C681}.Custom|Any CPU.Build.0 = Release|Any CPU
		{44EBFBDD-C840-4098-8A6A-09BCDF55C681}.Custom|x64.ActiveCfg = Debug|x64
		{44EBFBDD-C840-4098-8A6A-09BCDF55C681}.Custom|x64.Build.0 = Debug|x64
		{44EBFBDD-C840-4098-8A6A-09BCDF55C681}.Debug|Any CPU.ActiveCfg = Debug|Any CPU
		{44EBFBDD-C840-4098-8A6A-09BCDF55C681}.Debug|Any CPU.Build.0 = Debug|Any CPU
		{44EBFBDD-C840-4098-8A6A-09BCDF55C681}.Debug|x64.ActiveCfg = Debug|x64
		{44EBFBDD-C840-4098-8A6A-09BCDF55C681}.Debug|x64.Build.0 = Debug|x64
		{44EBFBDD-C840-4098-8A6A-09BCDF55C681}.Release|Any CPU.ActiveCfg = Release|Any CPU
		{44EBFBDD-C840-4098-8A6A-09BCDF55C681}.Release|Any CPU.Build.0 = Release|Any CPU
		{44EBFBDD-C840-4098-8A6A-09BCDF55C681}.Release|x64.ActiveCfg = Release|x64
		{44EBFBDD-C840-4098-8A6A-09BCDF55C681}.Release|x64.Build.0 = Release|x64
		{3400B2F4-49A0-4A3E-B9BB-28FC9BEF072F}.Custom|Any CPU.ActiveCfg = Release|Any CPU
		{3400B2F4-49A0-4A3E-B9BB-28FC9BEF072F}.Custom|Any CPU.Build.0 = Release|Any CPU
		{3400B2F4-49A0-4A3E-B9BB-28FC9BEF072F}.Custom|x64.ActiveCfg = Debug|x64
		{3400B2F4-49A0-4A3E-B9BB-28FC9BEF072F}.Custom|x64.Build.0 = Debug|x64
		{3400B2F4-49A0-4A3E-B9BB-28FC9BEF072F}.Debug|Any CPU.ActiveCfg = Debug|Any CPU
		{3400B2F4-49A0-4A3E-B9BB-28FC9BEF072F}.Debug|Any CPU.Build.0 = Debug|Any CPU
		{3400B2F4-49A0-4A3E-B9BB-28FC9BEF072F}.Debug|x64.ActiveCfg = Debug|x64
		{3400B2F4-49A0-4A3E-B9BB-28FC9BEF072F}.Debug|x64.Build.0 = Debug|x64
		{3400B2F4-49A0-4A3E-B9BB-28FC9BEF072F}.Release|Any CPU.ActiveCfg = Release|Any CPU
		{3400B2F4-49A0-4A3E-B9BB-28FC9BEF072F}.Release|Any CPU.Build.0 = Release|Any CPU
		{3400B2F4-49A0-4A3E-B9BB-28FC9BEF072F}.Release|x64.ActiveCfg = Release|x64
		{3400B2F4-49A0-4A3E-B9BB-28FC9BEF072F}.Release|x64.Build.0 = Release|x64
	EndGlobalSection
	GlobalSection(SolutionProperties) = preSolution
		HideSolutionNode = FALSE
	EndGlobalSection
	GlobalSection(ExtensibilityGlobals) = postSolution
		SolutionGuid = {D767EDB2-B78D-42E2-9870-58D037514F33}
	EndGlobalSection
EndGlobal
