Microsoft Visual Studio Solution File, Format Version 12.00
# Visual Studio 15
VisualStudioVersion = 15.0.26430.14
MinimumVisualStudioVersion = 10.0.40219.1
Project("{2150E333-8FDC-42A3-9474-1A3956D46DE8}") = "src", "src", "{952DED45-EC2E-4BBA-9417-4AD1359EA433}"
EndProject
Project("{FAE04EC0-301F-11D3-BF4B-00C04F79EFBC}") = "z0.part", "src\part\z0.part.csproj", "{D7E954A2-10D6-41AD-93A1-07A4F4390F01}"
EndProject
Project("{FAE04EC0-301F-11D3-BF4B-00C04F79EFBC}") = "z0.sys", "src\sys\z0.sys.csproj", "{DA2CD4A7-DA42-46FB-BB8B-61B6DFB207EA}"
EndProject
Project("{FAE04EC0-301F-11D3-BF4B-00C04F79EFBC}") = "z0.konst", "src\konst\z0.konst.csproj", "{F44DAEB8-215F-4DE1-B66F-B8E6DCD53AA8}"
EndProject
Project("{FAE04EC0-301F-11D3-BF4B-00C04F79EFBC}") = "z0.domain", "src\domain\z0.domain.csproj", "{8827D113-BD99-449E-98B8-5A7B9D3D7A76}"
EndProject
Project("{FAE04EC0-301F-11D3-BF4B-00C04F79EFBC}") = "z0.tools", "src\tools\z0.tools.csproj", "{02161B44-CA4D-42FE-A037-6B4DF8A9FE7F}"
EndProject
Global
	GlobalSection(SolutionProperties) = preSolution
		HideSolutionNode = FALSE
	EndGlobalSection
	GlobalSection(SolutionConfigurationPlatforms) = preSolution
		Debug|Any CPU = Debug|Any CPU
		Debug|x64 = Debug|x64
		Debug|x86 = Debug|x86
		Release|Any CPU = Release|Any CPU
		Release|x64 = Release|x64
		Release|x86 = Release|x86
	EndGlobalSection
	GlobalSection(ProjectConfigurationPlatforms) = postSolution
		{D7E954A2-10D6-41AD-93A1-07A4F4390F01}.Debug|Any CPU.ActiveCfg = Debug|Any CPU
		{D7E954A2-10D6-41AD-93A1-07A4F4390F01}.Debug|Any CPU.Build.0 = Debug|Any CPU
		{D7E954A2-10D6-41AD-93A1-07A4F4390F01}.Debug|x64.ActiveCfg = Debug|Any CPU
		{D7E954A2-10D6-41AD-93A1-07A4F4390F01}.Debug|x64.Build.0 = Debug|Any CPU
		{D7E954A2-10D6-41AD-93A1-07A4F4390F01}.Debug|x86.ActiveCfg = Debug|Any CPU
		{D7E954A2-10D6-41AD-93A1-07A4F4390F01}.Debug|x86.Build.0 = Debug|Any CPU
		{D7E954A2-10D6-41AD-93A1-07A4F4390F01}.Release|Any CPU.ActiveCfg = Release|Any CPU
		{D7E954A2-10D6-41AD-93A1-07A4F4390F01}.Release|Any CPU.Build.0 = Release|Any CPU
		{D7E954A2-10D6-41AD-93A1-07A4F4390F01}.Release|x64.ActiveCfg = Release|Any CPU
		{D7E954A2-10D6-41AD-93A1-07A4F4390F01}.Release|x64.Build.0 = Release|Any CPU
		{D7E954A2-10D6-41AD-93A1-07A4F4390F01}.Release|x86.ActiveCfg = Release|Any CPU
		{D7E954A2-10D6-41AD-93A1-07A4F4390F01}.Release|x86.Build.0 = Release|Any CPU
		{DA2CD4A7-DA42-46FB-BB8B-61B6DFB207EA}.Debug|Any CPU.ActiveCfg = Debug|Any CPU
		{DA2CD4A7-DA42-46FB-BB8B-61B6DFB207EA}.Debug|Any CPU.Build.0 = Debug|Any CPU
		{DA2CD4A7-DA42-46FB-BB8B-61B6DFB207EA}.Debug|x64.ActiveCfg = Debug|Any CPU
		{DA2CD4A7-DA42-46FB-BB8B-61B6DFB207EA}.Debug|x64.Build.0 = Debug|Any CPU
		{DA2CD4A7-DA42-46FB-BB8B-61B6DFB207EA}.Debug|x86.ActiveCfg = Debug|Any CPU
		{DA2CD4A7-DA42-46FB-BB8B-61B6DFB207EA}.Debug|x86.Build.0 = Debug|Any CPU
		{DA2CD4A7-DA42-46FB-BB8B-61B6DFB207EA}.Release|Any CPU.ActiveCfg = Release|Any CPU
		{DA2CD4A7-DA42-46FB-BB8B-61B6DFB207EA}.Release|Any CPU.Build.0 = Release|Any CPU
		{DA2CD4A7-DA42-46FB-BB8B-61B6DFB207EA}.Release|x64.ActiveCfg = Release|Any CPU
		{DA2CD4A7-DA42-46FB-BB8B-61B6DFB207EA}.Release|x64.Build.0 = Release|Any CPU
		{DA2CD4A7-DA42-46FB-BB8B-61B6DFB207EA}.Release|x86.ActiveCfg = Release|Any CPU
		{DA2CD4A7-DA42-46FB-BB8B-61B6DFB207EA}.Release|x86.Build.0 = Release|Any CPU
		{F44DAEB8-215F-4DE1-B66F-B8E6DCD53AA8}.Debug|Any CPU.ActiveCfg = Debug|Any CPU
		{F44DAEB8-215F-4DE1-B66F-B8E6DCD53AA8}.Debug|Any CPU.Build.0 = Debug|Any CPU
		{F44DAEB8-215F-4DE1-B66F-B8E6DCD53AA8}.Debug|x64.ActiveCfg = Debug|Any CPU
		{F44DAEB8-215F-4DE1-B66F-B8E6DCD53AA8}.Debug|x64.Build.0 = Debug|Any CPU
		{F44DAEB8-215F-4DE1-B66F-B8E6DCD53AA8}.Debug|x86.ActiveCfg = Debug|Any CPU
		{F44DAEB8-215F-4DE1-B66F-B8E6DCD53AA8}.Debug|x86.Build.0 = Debug|Any CPU
		{F44DAEB8-215F-4DE1-B66F-B8E6DCD53AA8}.Release|Any CPU.ActiveCfg = Release|Any CPU
		{F44DAEB8-215F-4DE1-B66F-B8E6DCD53AA8}.Release|Any CPU.Build.0 = Release|Any CPU
		{F44DAEB8-215F-4DE1-B66F-B8E6DCD53AA8}.Release|x64.ActiveCfg = Release|Any CPU
		{F44DAEB8-215F-4DE1-B66F-B8E6DCD53AA8}.Release|x64.Build.0 = Release|Any CPU
		{F44DAEB8-215F-4DE1-B66F-B8E6DCD53AA8}.Release|x86.ActiveCfg = Release|Any CPU
		{F44DAEB8-215F-4DE1-B66F-B8E6DCD53AA8}.Release|x86.Build.0 = Release|Any CPU
		{8827D113-BD99-449E-98B8-5A7B9D3D7A76}.Debug|Any CPU.ActiveCfg = Debug|Any CPU
		{8827D113-BD99-449E-98B8-5A7B9D3D7A76}.Debug|Any CPU.Build.0 = Debug|Any CPU
		{8827D113-BD99-449E-98B8-5A7B9D3D7A76}.Debug|x64.ActiveCfg = Debug|Any CPU
		{8827D113-BD99-449E-98B8-5A7B9D3D7A76}.Debug|x64.Build.0 = Debug|Any CPU
		{8827D113-BD99-449E-98B8-5A7B9D3D7A76}.Debug|x86.ActiveCfg = Debug|Any CPU
		{8827D113-BD99-449E-98B8-5A7B9D3D7A76}.Debug|x86.Build.0 = Debug|Any CPU
		{8827D113-BD99-449E-98B8-5A7B9D3D7A76}.Release|Any CPU.ActiveCfg = Release|Any CPU
		{8827D113-BD99-449E-98B8-5A7B9D3D7A76}.Release|Any CPU.Build.0 = Release|Any CPU
		{8827D113-BD99-449E-98B8-5A7B9D3D7A76}.Release|x64.ActiveCfg = Release|Any CPU
		{8827D113-BD99-449E-98B8-5A7B9D3D7A76}.Release|x64.Build.0 = Release|Any CPU
		{8827D113-BD99-449E-98B8-5A7B9D3D7A76}.Release|x86.ActiveCfg = Release|Any CPU
		{8827D113-BD99-449E-98B8-5A7B9D3D7A76}.Release|x86.Build.0 = Release|Any CPU
		{02161B44-CA4D-42FE-A037-6B4DF8A9FE7F}.Debug|Any CPU.ActiveCfg = Debug|Any CPU
		{02161B44-CA4D-42FE-A037-6B4DF8A9FE7F}.Debug|Any CPU.Build.0 = Debug|Any CPU
		{02161B44-CA4D-42FE-A037-6B4DF8A9FE7F}.Debug|x64.ActiveCfg = Debug|Any CPU
		{02161B44-CA4D-42FE-A037-6B4DF8A9FE7F}.Debug|x64.Build.0 = Debug|Any CPU
		{02161B44-CA4D-42FE-A037-6B4DF8A9FE7F}.Debug|x86.ActiveCfg = Debug|Any CPU
		{02161B44-CA4D-42FE-A037-6B4DF8A9FE7F}.Debug|x86.Build.0 = Debug|Any CPU
		{02161B44-CA4D-42FE-A037-6B4DF8A9FE7F}.Release|Any CPU.ActiveCfg = Release|Any CPU
		{02161B44-CA4D-42FE-A037-6B4DF8A9FE7F}.Release|Any CPU.Build.0 = Release|Any CPU
		{02161B44-CA4D-42FE-A037-6B4DF8A9FE7F}.Release|x64.ActiveCfg = Release|Any CPU
		{02161B44-CA4D-42FE-A037-6B4DF8A9FE7F}.Release|x64.Build.0 = Release|Any CPU
		{02161B44-CA4D-42FE-A037-6B4DF8A9FE7F}.Release|x86.ActiveCfg = Release|Any CPU
		{02161B44-CA4D-42FE-A037-6B4DF8A9FE7F}.Release|x86.Build.0 = Release|Any CPU
	EndGlobalSection
	GlobalSection(NestedProjects) = preSolution
		{D7E954A2-10D6-41AD-93A1-07A4F4390F01} = {952DED45-EC2E-4BBA-9417-4AD1359EA433}
		{DA2CD4A7-DA42-46FB-BB8B-61B6DFB207EA} = {952DED45-EC2E-4BBA-9417-4AD1359EA433}
		{F44DAEB8-215F-4DE1-B66F-B8E6DCD53AA8} = {952DED45-EC2E-4BBA-9417-4AD1359EA433}
		{8827D113-BD99-449E-98B8-5A7B9D3D7A76} = {952DED45-EC2E-4BBA-9417-4AD1359EA433}
		{02161B44-CA4D-42FE-A037-6B4DF8A9FE7F} = {952DED45-EC2E-4BBA-9417-4AD1359EA433}
	EndGlobalSection
EndGlobal
