Microsoft Visual Studio Solution File, Format Version 12.00
# Visual Studio 15
VisualStudioVersion = 15.0.26430.14
MinimumVisualStudioVersion = 10.0.40219.1
Project("{FAE04EC0-301F-11D3-BF4B-00C04F79EFBC}") = "z0.part", "..\part\z0.part.csproj", "{05F0BBD3-B076-447E-9A38-35F920E54ACC}"
EndProject
Project("{FAE04EC0-301F-11D3-BF4B-00C04F79EFBC}") = "z0.sys", "..\sys\z0.sys.csproj", "{3D53D425-D2E4-4FA3-B7CD-BA24E7FEB8F5}"
EndProject
Project("{FAE04EC0-301F-11D3-BF4B-00C04F79EFBC}") = "z0.konst", "..\konst\z0.konst.csproj", "{489DF7B7-56B2-4033-81EB-A2668E5DF36A}"
EndProject
Project("{FAE04EC0-301F-11D3-BF4B-00C04F79EFBC}") = "z0.lang", "..\lang\z0.lang.csproj", "{43059ACF-F59B-424F-BEC0-D4EC27600B31}"
EndProject
Project("{FAE04EC0-301F-11D3-BF4B-00C04F79EFBC}") = "z0.dynamic", "z0.dynamic.csproj", "{96E39B2B-86BA-4807-9DD0-B6737FEBD1BB}"
EndProject
Global
	GlobalSection(SolutionProperties) = preSolution
		HideSolutionNode = FALSE
	EndGlobalSection
	GlobalSection(SolutionConfigurationPlatforms) = preSolution
		Debug|Any CPU = Debug|Any CPU
		Debug|x64 = Debug|x64
		Debug|x86 = Debug|x86
		Release|Any CPU = Release|Any CPU
		Release|x64 = Release|x64
		Release|x86 = Release|x86
	EndGlobalSection
	GlobalSection(ProjectConfigurationPlatforms) = postSolution
		{05F0BBD3-B076-447E-9A38-35F920E54ACC}.Debug|Any CPU.ActiveCfg = Debug|Any CPU
		{05F0BBD3-B076-447E-9A38-35F920E54ACC}.Debug|Any CPU.Build.0 = Debug|Any CPU
		{05F0BBD3-B076-447E-9A38-35F920E54ACC}.Debug|x64.ActiveCfg = Debug|Any CPU
		{05F0BBD3-B076-447E-9A38-35F920E54ACC}.Debug|x64.Build.0 = Debug|Any CPU
		{05F0BBD3-B076-447E-9A38-35F920E54ACC}.Debug|x86.ActiveCfg = Debug|Any CPU
		{05F0BBD3-B076-447E-9A38-35F920E54ACC}.Debug|x86.Build.0 = Debug|Any CPU
		{05F0BBD3-B076-447E-9A38-35F920E54ACC}.Release|Any CPU.ActiveCfg = Release|Any CPU
		{05F0BBD3-B076-447E-9A38-35F920E54ACC}.Release|Any CPU.Build.0 = Release|Any CPU
		{05F0BBD3-B076-447E-9A38-35F920E54ACC}.Release|x64.ActiveCfg = Release|Any CPU
		{05F0BBD3-B076-447E-9A38-35F920E54ACC}.Release|x64.Build.0 = Release|Any CPU
		{05F0BBD3-B076-447E-9A38-35F920E54ACC}.Release|x86.ActiveCfg = Release|Any CPU
		{05F0BBD3-B076-447E-9A38-35F920E54ACC}.Release|x86.Build.0 = Release|Any CPU
		{3D53D425-D2E4-4FA3-B7CD-BA24E7FEB8F5}.Debug|Any CPU.ActiveCfg = Debug|Any CPU
		{3D53D425-D2E4-4FA3-B7CD-BA24E7FEB8F5}.Debug|Any CPU.Build.0 = Debug|Any CPU
		{3D53D425-D2E4-4FA3-B7CD-BA24E7FEB8F5}.Debug|x64.ActiveCfg = Debug|Any CPU
		{3D53D425-D2E4-4FA3-B7CD-BA24E7FEB8F5}.Debug|x64.Build.0 = Debug|Any CPU
		{3D53D425-D2E4-4FA3-B7CD-BA24E7FEB8F5}.Debug|x86.ActiveCfg = Debug|Any CPU
		{3D53D425-D2E4-4FA3-B7CD-BA24E7FEB8F5}.Debug|x86.Build.0 = Debug|Any CPU
		{3D53D425-D2E4-4FA3-B7CD-BA24E7FEB8F5}.Release|Any CPU.ActiveCfg = Release|Any CPU
		{3D53D425-D2E4-4FA3-B7CD-BA24E7FEB8F5}.Release|Any CPU.Build.0 = Release|Any CPU
		{3D53D425-D2E4-4FA3-B7CD-BA24E7FEB8F5}.Release|x64.ActiveCfg = Release|Any CPU
		{3D53D425-D2E4-4FA3-B7CD-BA24E7FEB8F5}.Release|x64.Build.0 = Release|Any CPU
		{3D53D425-D2E4-4FA3-B7CD-BA24E7FEB8F5}.Release|x86.ActiveCfg = Release|Any CPU
		{3D53D425-D2E4-4FA3-B7CD-BA24E7FEB8F5}.Release|x86.Build.0 = Release|Any CPU
		{489DF7B7-56B2-4033-81EB-A2668E5DF36A}.Debug|Any CPU.ActiveCfg = Debug|Any CPU
		{489DF7B7-56B2-4033-81EB-A2668E5DF36A}.Debug|Any CPU.Build.0 = Debug|Any CPU
		{489DF7B7-56B2-4033-81EB-A2668E5DF36A}.Debug|x64.ActiveCfg = Debug|Any CPU
		{489DF7B7-56B2-4033-81EB-A2668E5DF36A}.Debug|x64.Build.0 = Debug|Any CPU
		{489DF7B7-56B2-4033-81EB-A2668E5DF36A}.Debug|x86.ActiveCfg = Debug|Any CPU
		{489DF7B7-56B2-4033-81EB-A2668E5DF36A}.Debug|x86.Build.0 = Debug|Any CPU
		{489DF7B7-56B2-4033-81EB-A2668E5DF36A}.Release|Any CPU.ActiveCfg = Release|Any CPU
		{489DF7B7-56B2-4033-81EB-A2668E5DF36A}.Release|Any CPU.Build.0 = Release|Any CPU
		{489DF7B7-56B2-4033-81EB-A2668E5DF36A}.Release|x64.ActiveCfg = Release|Any CPU
		{489DF7B7-56B2-4033-81EB-A2668E5DF36A}.Release|x64.Build.0 = Release|Any CPU
		{489DF7B7-56B2-4033-81EB-A2668E5DF36A}.Release|x86.ActiveCfg = Release|Any CPU
		{489DF7B7-56B2-4033-81EB-A2668E5DF36A}.Release|x86.Build.0 = Release|Any CPU
		{43059ACF-F59B-424F-BEC0-D4EC27600B31}.Debug|Any CPU.ActiveCfg = Debug|Any CPU
		{43059ACF-F59B-424F-BEC0-D4EC27600B31}.Debug|Any CPU.Build.0 = Debug|Any CPU
		{43059ACF-F59B-424F-BEC0-D4EC27600B31}.Debug|x64.ActiveCfg = Debug|Any CPU
		{43059ACF-F59B-424F-BEC0-D4EC27600B31}.Debug|x64.Build.0 = Debug|Any CPU
		{43059ACF-F59B-424F-BEC0-D4EC27600B31}.Debug|x86.ActiveCfg = Debug|Any CPU
		{43059ACF-F59B-424F-BEC0-D4EC27600B31}.Debug|x86.Build.0 = Debug|Any CPU
		{43059ACF-F59B-424F-BEC0-D4EC27600B31}.Release|Any CPU.ActiveCfg = Release|Any CPU
		{43059ACF-F59B-424F-BEC0-D4EC27600B31}.Release|Any CPU.Build.0 = Release|Any CPU
		{43059ACF-F59B-424F-BEC0-D4EC27600B31}.Release|x64.ActiveCfg = Release|Any CPU
		{43059ACF-F59B-424F-BEC0-D4EC27600B31}.Release|x64.Build.0 = Release|Any CPU
		{43059ACF-F59B-424F-BEC0-D4EC27600B31}.Release|x86.ActiveCfg = Release|Any CPU
		{43059ACF-F59B-424F-BEC0-D4EC27600B31}.Release|x86.Build.0 = Release|Any CPU
		{96E39B2B-86BA-4807-9DD0-B6737FEBD1BB}.Debug|Any CPU.ActiveCfg = Debug|Any CPU
		{96E39B2B-86BA-4807-9DD0-B6737FEBD1BB}.Debug|Any CPU.Build.0 = Debug|Any CPU
		{96E39B2B-86BA-4807-9DD0-B6737FEBD1BB}.Debug|x64.ActiveCfg = Debug|Any CPU
		{96E39B2B-86BA-4807-9DD0-B6737FEBD1BB}.Debug|x64.Build.0 = Debug|Any CPU
		{96E39B2B-86BA-4807-9DD0-B6737FEBD1BB}.Debug|x86.ActiveCfg = Debug|Any CPU
		{96E39B2B-86BA-4807-9DD0-B6737FEBD1BB}.Debug|x86.Build.0 = Debug|Any CPU
		{96E39B2B-86BA-4807-9DD0-B6737FEBD1BB}.Release|Any CPU.ActiveCfg = Release|Any CPU
		{96E39B2B-86BA-4807-9DD0-B6737FEBD1BB}.Release|Any CPU.Build.0 = Release|Any CPU
		{96E39B2B-86BA-4807-9DD0-B6737FEBD1BB}.Release|x64.ActiveCfg = Release|Any CPU
		{96E39B2B-86BA-4807-9DD0-B6737FEBD1BB}.Release|x64.Build.0 = Release|Any CPU
		{96E39B2B-86BA-4807-9DD0-B6737FEBD1BB}.Release|x86.ActiveCfg = Release|Any CPU
		{96E39B2B-86BA-4807-9DD0-B6737FEBD1BB}.Release|x86.Build.0 = Release|Any CPU
	EndGlobalSection
EndGlobal
