Microsoft Visual Studio Solution File, Format Version 12.00
# Visual Studio 15
VisualStudioVersion = 15.0.26430.14
MinimumVisualStudioVersion = 10.0.40219.1
Project("{FAE04EC0-301F-11D3-BF4B-00C04F79EFBC}") = "z0.part", "..\part\z0.part.csproj", "{CECDACC9-9943-4FC2-BACC-4071BDBD59EC}"
EndProject
Project("{FAE04EC0-301F-11D3-BF4B-00C04F79EFBC}") = "z0.sys", "..\sys\z0.sys.csproj", "{6ABD7351-3994-429D-B2A1-264ACB16B86E}"
EndProject
Project("{FAE04EC0-301F-11D3-BF4B-00C04F79EFBC}") = "z0.konst", "..\konst\z0.konst.csproj", "{C04BAC50-C7BC-48D7-855C-D512BA20BE03}"
EndProject
Project("{FAE04EC0-301F-11D3-BF4B-00C04F79EFBC}") = "z0.math", "..\math\z0.math.csproj", "{ED1CF371-A93D-4D70-A40F-D00D851C052E}"
EndProject
Project("{FAE04EC0-301F-11D3-BF4B-00C04F79EFBC}") = "z0.gmath", "..\gmath\z0.gmath.csproj", "{687CEFB4-091F-47C4-8933-021D02DA1B39}"
EndProject
Project("{FAE04EC0-301F-11D3-BF4B-00C04F79EFBC}") = "z0.mathsvc", "..\mathsvc\z0.mathsvc.csproj", "{890FBBF4-012D-464A-BB2E-DCF0B92E77F1}"
EndProject
Project("{FAE04EC0-301F-11D3-BF4B-00C04F79EFBC}") = "z0.xed", "..\xed\z0.xed.csproj", "{2951E626-A1AC-4304-8FF4-EC35DF268C7E}"
EndProject
Project("{FAE04EC0-301F-11D3-BF4B-00C04F79EFBC}") = "z0.refs", "..\refs\z0.refs.csproj", "{41DE72BE-4300-4B6D-88CB-BA1970285E48}"
EndProject
Project("{FAE04EC0-301F-11D3-BF4B-00C04F79EFBC}") = "z0.dynamic", "..\dynamic\z0.dynamic.csproj", "{94AD50F2-2590-4534-8DCE-39C702E88738}"
EndProject
Project("{FAE04EC0-301F-11D3-BF4B-00C04F79EFBC}") = "z0.domain", "z0.domain.csproj", "{DED2DE78-AEF5-48B9-80CC-DE181CA8D22E}"
EndProject
Global
	GlobalSection(SolutionProperties) = preSolution
		HideSolutionNode = FALSE
	EndGlobalSection
	GlobalSection(SolutionConfigurationPlatforms) = preSolution
		Debug|Any CPU = Debug|Any CPU
		Debug|x64 = Debug|x64
		Debug|x86 = Debug|x86
		Release|Any CPU = Release|Any CPU
		Release|x64 = Release|x64
		Release|x86 = Release|x86
	EndGlobalSection
	GlobalSection(ProjectConfigurationPlatforms) = postSolution
		{CECDACC9-9943-4FC2-BACC-4071BDBD59EC}.Debug|Any CPU.ActiveCfg = Debug|Any CPU
		{CECDACC9-9943-4FC2-BACC-4071BDBD59EC}.Debug|Any CPU.Build.0 = Debug|Any CPU
		{CECDACC9-9943-4FC2-BACC-4071BDBD59EC}.Debug|x64.ActiveCfg = Debug|Any CPU
		{CECDACC9-9943-4FC2-BACC-4071BDBD59EC}.Debug|x64.Build.0 = Debug|Any CPU
		{CECDACC9-9943-4FC2-BACC-4071BDBD59EC}.Debug|x86.ActiveCfg = Debug|Any CPU
		{CECDACC9-9943-4FC2-BACC-4071BDBD59EC}.Debug|x86.Build.0 = Debug|Any CPU
		{CECDACC9-9943-4FC2-BACC-4071BDBD59EC}.Release|Any CPU.ActiveCfg = Release|Any CPU
		{CECDACC9-9943-4FC2-BACC-4071BDBD59EC}.Release|Any CPU.Build.0 = Release|Any CPU
		{CECDACC9-9943-4FC2-BACC-4071BDBD59EC}.Release|x64.ActiveCfg = Release|Any CPU
		{CECDACC9-9943-4FC2-BACC-4071BDBD59EC}.Release|x64.Build.0 = Release|Any CPU
		{CECDACC9-9943-4FC2-BACC-4071BDBD59EC}.Release|x86.ActiveCfg = Release|Any CPU
		{CECDACC9-9943-4FC2-BACC-4071BDBD59EC}.Release|x86.Build.0 = Release|Any CPU
		{6ABD7351-3994-429D-B2A1-264ACB16B86E}.Debug|Any CPU.ActiveCfg = Debug|Any CPU
		{6ABD7351-3994-429D-B2A1-264ACB16B86E}.Debug|Any CPU.Build.0 = Debug|Any CPU
		{6ABD7351-3994-429D-B2A1-264ACB16B86E}.Debug|x64.ActiveCfg = Debug|Any CPU
		{6ABD7351-3994-429D-B2A1-264ACB16B86E}.Debug|x64.Build.0 = Debug|Any CPU
		{6ABD7351-3994-429D-B2A1-264ACB16B86E}.Debug|x86.ActiveCfg = Debug|Any CPU
		{6ABD7351-3994-429D-B2A1-264ACB16B86E}.Debug|x86.Build.0 = Debug|Any CPU
		{6ABD7351-3994-429D-B2A1-264ACB16B86E}.Release|Any CPU.ActiveCfg = Release|Any CPU
		{6ABD7351-3994-429D-B2A1-264ACB16B86E}.Release|Any CPU.Build.0 = Release|Any CPU
		{6ABD7351-3994-429D-B2A1-264ACB16B86E}.Release|x64.ActiveCfg = Release|Any CPU
		{6ABD7351-3994-429D-B2A1-264ACB16B86E}.Release|x64.Build.0 = Release|Any CPU
		{6ABD7351-3994-429D-B2A1-264ACB16B86E}.Release|x86.ActiveCfg = Release|Any CPU
		{6ABD7351-3994-429D-B2A1-264ACB16B86E}.Release|x86.Build.0 = Release|Any CPU
		{C04BAC50-C7BC-48D7-855C-D512BA20BE03}.Debug|Any CPU.ActiveCfg = Debug|Any CPU
		{C04BAC50-C7BC-48D7-855C-D512BA20BE03}.Debug|Any CPU.Build.0 = Debug|Any CPU
		{C04BAC50-C7BC-48D7-855C-D512BA20BE03}.Debug|x64.ActiveCfg = Debug|Any CPU
		{C04BAC50-C7BC-48D7-855C-D512BA20BE03}.Debug|x64.Build.0 = Debug|Any CPU
		{C04BAC50-C7BC-48D7-855C-D512BA20BE03}.Debug|x86.ActiveCfg = Debug|Any CPU
		{C04BAC50-C7BC-48D7-855C-D512BA20BE03}.Debug|x86.Build.0 = Debug|Any CPU
		{C04BAC50-C7BC-48D7-855C-D512BA20BE03}.Release|Any CPU.ActiveCfg = Release|Any CPU
		{C04BAC50-C7BC-48D7-855C-D512BA20BE03}.Release|Any CPU.Build.0 = Release|Any CPU
		{C04BAC50-C7BC-48D7-855C-D512BA20BE03}.Release|x64.ActiveCfg = Release|Any CPU
		{C04BAC50-C7BC-48D7-855C-D512BA20BE03}.Release|x64.Build.0 = Release|Any CPU
		{C04BAC50-C7BC-48D7-855C-D512BA20BE03}.Release|x86.ActiveCfg = Release|Any CPU
		{C04BAC50-C7BC-48D7-855C-D512BA20BE03}.Release|x86.Build.0 = Release|Any CPU
		{ED1CF371-A93D-4D70-A40F-D00D851C052E}.Debug|Any CPU.ActiveCfg = Debug|Any CPU
		{ED1CF371-A93D-4D70-A40F-D00D851C052E}.Debug|Any CPU.Build.0 = Debug|Any CPU
		{ED1CF371-A93D-4D70-A40F-D00D851C052E}.Debug|x64.ActiveCfg = Debug|Any CPU
		{ED1CF371-A93D-4D70-A40F-D00D851C052E}.Debug|x64.Build.0 = Debug|Any CPU
		{ED1CF371-A93D-4D70-A40F-D00D851C052E}.Debug|x86.ActiveCfg = Debug|Any CPU
		{ED1CF371-A93D-4D70-A40F-D00D851C052E}.Debug|x86.Build.0 = Debug|Any CPU
		{ED1CF371-A93D-4D70-A40F-D00D851C052E}.Release|Any CPU.ActiveCfg = Release|Any CPU
		{ED1CF371-A93D-4D70-A40F-D00D851C052E}.Release|Any CPU.Build.0 = Release|Any CPU
		{ED1CF371-A93D-4D70-A40F-D00D851C052E}.Release|x64.ActiveCfg = Release|Any CPU
		{ED1CF371-A93D-4D70-A40F-D00D851C052E}.Release|x64.Build.0 = Release|Any CPU
		{ED1CF371-A93D-4D70-A40F-D00D851C052E}.Release|x86.ActiveCfg = Release|Any CPU
		{ED1CF371-A93D-4D70-A40F-D00D851C052E}.Release|x86.Build.0 = Release|Any CPU
		{687CEFB4-091F-47C4-8933-021D02DA1B39}.Debug|Any CPU.ActiveCfg = Debug|Any CPU
		{687CEFB4-091F-47C4-8933-021D02DA1B39}.Debug|Any CPU.Build.0 = Debug|Any CPU
		{687CEFB4-091F-47C4-8933-021D02DA1B39}.Debug|x64.ActiveCfg = Debug|Any CPU
		{687CEFB4-091F-47C4-8933-021D02DA1B39}.Debug|x64.Build.0 = Debug|Any CPU
		{687CEFB4-091F-47C4-8933-021D02DA1B39}.Debug|x86.ActiveCfg = Debug|Any CPU
		{687CEFB4-091F-47C4-8933-021D02DA1B39}.Debug|x86.Build.0 = Debug|Any CPU
		{687CEFB4-091F-47C4-8933-021D02DA1B39}.Release|Any CPU.ActiveCfg = Release|Any CPU
		{687CEFB4-091F-47C4-8933-021D02DA1B39}.Release|Any CPU.Build.0 = Release|Any CPU
		{687CEFB4-091F-47C4-8933-021D02DA1B39}.Release|x64.ActiveCfg = Release|Any CPU
		{687CEFB4-091F-47C4-8933-021D02DA1B39}.Release|x64.Build.0 = Release|Any CPU
		{687CEFB4-091F-47C4-8933-021D02DA1B39}.Release|x86.ActiveCfg = Release|Any CPU
		{687CEFB4-091F-47C4-8933-021D02DA1B39}.Release|x86.Build.0 = Release|Any CPU
		{890FBBF4-012D-464A-BB2E-DCF0B92E77F1}.Debug|Any CPU.ActiveCfg = Debug|Any CPU
		{890FBBF4-012D-464A-BB2E-DCF0B92E77F1}.Debug|Any CPU.Build.0 = Debug|Any CPU
		{890FBBF4-012D-464A-BB2E-DCF0B92E77F1}.Debug|x64.ActiveCfg = Debug|Any CPU
		{890FBBF4-012D-464A-BB2E-DCF0B92E77F1}.Debug|x64.Build.0 = Debug|Any CPU
		{890FBBF4-012D-464A-BB2E-DCF0B92E77F1}.Debug|x86.ActiveCfg = Debug|Any CPU
		{890FBBF4-012D-464A-BB2E-DCF0B92E77F1}.Debug|x86.Build.0 = Debug|Any CPU
		{890FBBF4-012D-464A-BB2E-DCF0B92E77F1}.Release|Any CPU.ActiveCfg = Release|Any CPU
		{890FBBF4-012D-464A-BB2E-DCF0B92E77F1}.Release|Any CPU.Build.0 = Release|Any CPU
		{890FBBF4-012D-464A-BB2E-DCF0B92E77F1}.Release|x64.ActiveCfg = Release|Any CPU
		{890FBBF4-012D-464A-BB2E-DCF0B92E77F1}.Release|x64.Build.0 = Release|Any CPU
		{890FBBF4-012D-464A-BB2E-DCF0B92E77F1}.Release|x86.ActiveCfg = Release|Any CPU
		{890FBBF4-012D-464A-BB2E-DCF0B92E77F1}.Release|x86.Build.0 = Release|Any CPU
		{2951E626-A1AC-4304-8FF4-EC35DF268C7E}.Debug|Any CPU.ActiveCfg = Debug|Any CPU
		{2951E626-A1AC-4304-8FF4-EC35DF268C7E}.Debug|Any CPU.Build.0 = Debug|Any CPU
		{2951E626-A1AC-4304-8FF4-EC35DF268C7E}.Debug|x64.ActiveCfg = Debug|Any CPU
		{2951E626-A1AC-4304-8FF4-EC35DF268C7E}.Debug|x64.Build.0 = Debug|Any CPU
		{2951E626-A1AC-4304-8FF4-EC35DF268C7E}.Debug|x86.ActiveCfg = Debug|Any CPU
		{2951E626-A1AC-4304-8FF4-EC35DF268C7E}.Debug|x86.Build.0 = Debug|Any CPU
		{2951E626-A1AC-4304-8FF4-EC35DF268C7E}.Release|Any CPU.ActiveCfg = Release|Any CPU
		{2951E626-A1AC-4304-8FF4-EC35DF268C7E}.Release|Any CPU.Build.0 = Release|Any CPU
		{2951E626-A1AC-4304-8FF4-EC35DF268C7E}.Release|x64.ActiveCfg = Release|Any CPU
		{2951E626-A1AC-4304-8FF4-EC35DF268C7E}.Release|x64.Build.0 = Release|Any CPU
		{2951E626-A1AC-4304-8FF4-EC35DF268C7E}.Release|x86.ActiveCfg = Release|Any CPU
		{2951E626-A1AC-4304-8FF4-EC35DF268C7E}.Release|x86.Build.0 = Release|Any CPU
		{41DE72BE-4300-4B6D-88CB-BA1970285E48}.Debug|Any CPU.ActiveCfg = Debug|Any CPU
		{41DE72BE-4300-4B6D-88CB-BA1970285E48}.Debug|Any CPU.Build.0 = Debug|Any CPU
		{41DE72BE-4300-4B6D-88CB-BA1970285E48}.Debug|x64.ActiveCfg = Debug|Any CPU
		{41DE72BE-4300-4B6D-88CB-BA1970285E48}.Debug|x64.Build.0 = Debug|Any CPU
		{41DE72BE-4300-4B6D-88CB-BA1970285E48}.Debug|x86.ActiveCfg = Debug|Any CPU
		{41DE72BE-4300-4B6D-88CB-BA1970285E48}.Debug|x86.Build.0 = Debug|Any CPU
		{41DE72BE-4300-4B6D-88CB-BA1970285E48}.Release|Any CPU.ActiveCfg = Release|Any CPU
		{41DE72BE-4300-4B6D-88CB-BA1970285E48}.Release|Any CPU.Build.0 = Release|Any CPU
		{41DE72BE-4300-4B6D-88CB-BA1970285E48}.Release|x64.ActiveCfg = Release|Any CPU
		{41DE72BE-4300-4B6D-88CB-BA1970285E48}.Release|x64.Build.0 = Release|Any CPU
		{41DE72BE-4300-4B6D-88CB-BA1970285E48}.Release|x86.ActiveCfg = Release|Any CPU
		{41DE72BE-4300-4B6D-88CB-BA1970285E48}.Release|x86.Build.0 = Release|Any CPU
		{94AD50F2-2590-4534-8DCE-39C702E88738}.Debug|Any CPU.ActiveCfg = Debug|Any CPU
		{94AD50F2-2590-4534-8DCE-39C702E88738}.Debug|Any CPU.Build.0 = Debug|Any CPU
		{94AD50F2-2590-4534-8DCE-39C702E88738}.Debug|x64.ActiveCfg = Debug|Any CPU
		{94AD50F2-2590-4534-8DCE-39C702E88738}.Debug|x64.Build.0 = Debug|Any CPU
		{94AD50F2-2590-4534-8DCE-39C702E88738}.Debug|x86.ActiveCfg = Debug|Any CPU
		{94AD50F2-2590-4534-8DCE-39C702E88738}.Debug|x86.Build.0 = Debug|Any CPU
		{94AD50F2-2590-4534-8DCE-39C702E88738}.Release|Any CPU.ActiveCfg = Release|Any CPU
		{94AD50F2-2590-4534-8DCE-39C702E88738}.Release|Any CPU.Build.0 = Release|Any CPU
		{94AD50F2-2590-4534-8DCE-39C702E88738}.Release|x64.ActiveCfg = Release|Any CPU
		{94AD50F2-2590-4534-8DCE-39C702E88738}.Release|x64.Build.0 = Release|Any CPU
		{94AD50F2-2590-4534-8DCE-39C702E88738}.Release|x86.ActiveCfg = Release|Any CPU
		{94AD50F2-2590-4534-8DCE-39C702E88738}.Release|x86.Build.0 = Release|Any CPU
		{DED2DE78-AEF5-48B9-80CC-DE181CA8D22E}.Debug|Any CPU.ActiveCfg = Debug|Any CPU
		{DED2DE78-AEF5-48B9-80CC-DE181CA8D22E}.Debug|Any CPU.Build.0 = Debug|Any CPU
		{DED2DE78-AEF5-48B9-80CC-DE181CA8D22E}.Debug|x64.ActiveCfg = Debug|Any CPU
		{DED2DE78-AEF5-48B9-80CC-DE181CA8D22E}.Debug|x64.Build.0 = Debug|Any CPU
		{DED2DE78-AEF5-48B9-80CC-DE181CA8D22E}.Debug|x86.ActiveCfg = Debug|Any CPU
		{DED2DE78-AEF5-48B9-80CC-DE181CA8D22E}.Debug|x86.Build.0 = Debug|Any CPU
		{DED2DE78-AEF5-48B9-80CC-DE181CA8D22E}.Release|Any CPU.ActiveCfg = Release|Any CPU
		{DED2DE78-AEF5-48B9-80CC-DE181CA8D22E}.Release|Any CPU.Build.0 = Release|Any CPU
		{DED2DE78-AEF5-48B9-80CC-DE181CA8D22E}.Release|x64.ActiveCfg = Release|Any CPU
		{DED2DE78-AEF5-48B9-80CC-DE181CA8D22E}.Release|x64.Build.0 = Release|Any CPU
		{DED2DE78-AEF5-48B9-80CC-DE181CA8D22E}.Release|x86.ActiveCfg = Release|Any CPU
		{DED2DE78-AEF5-48B9-80CC-DE181CA8D22E}.Release|x86.Build.0 = Release|Any CPU
	EndGlobalSection
EndGlobal
