Microsoft Visual Studio Solution File, Format Version 12.00
# Visual Studio 15
VisualStudioVersion = 15.0.26430.14
MinimumVisualStudioVersion = 10.0.40219.1
Project("{FAE04EC0-301F-11D3-BF4B-00C04F79EFBC}") = "z0.nats", "..\base\nats\src\z0.nats.csproj", "{3B7E00E0-890E-4236-AC74-A4B6FD771936}"
EndProject
Project("{FAE04EC0-301F-11D3-BF4B-00C04F79EFBC}") = "z0.coredata", "..\base\coredata\src\z0.coredata.csproj", "{899FA6AD-ED81-4279-B1F4-09504A0C7A77}"
EndProject
Project("{FAE04EC0-301F-11D3-BF4B-00C04F79EFBC}") = "z0.corefunc", "..\base\corefunc\src\z0.corefunc.csproj", "{AB18FE48-3F89-455B-9C6D-1D374F58D211}"
EndProject
Project("{FAE04EC0-301F-11D3-BF4B-00C04F79EFBC}") = "z0.math", "..\primal\math\src\z0.math.csproj", "{5F94675E-A806-454F-92AA-B1722826CA56}"
EndProject
Project("{FAE04EC0-301F-11D3-BF4B-00C04F79EFBC}") = "z0.intrinsic", "..\primal\intrinsic\src\z0.intrinsic.csproj", "{3DB84823-4D07-455C-98AB-28F07CD4130A}"
EndProject
Project("{FAE04EC0-301F-11D3-BF4B-00C04F79EFBC}") = "z0.rng", "..\rng\src\z0.rng.csproj", "{AEBB6C47-442B-4D60-AA9A-7ABDE99DDDCA}"
EndProject
Project("{FAE04EC0-301F-11D3-BF4B-00C04F79EFBC}") = "z0.testing", "..\testing\z0.testing.csproj", "{CC7183D5-47AF-4276-B2A5-883EA70CA4E8}"
EndProject
Project("{FAE04EC0-301F-11D3-BF4B-00C04F79EFBC}") = "z0.libm", "src\z0.libm.csproj", "{0BF777EA-9190-4DA2-9418-7C2E72D56BA9}"
EndProject
Project("{FAE04EC0-301F-11D3-BF4B-00C04F79EFBC}") = "z0.libm.test", "test\z0.libm.test.csproj", "{DEBF4B9F-4DA7-4FEB-B268-9AB40421FF3C}"
EndProject
Global
	GlobalSection(SolutionProperties) = preSolution
		HideSolutionNode = FALSE
	EndGlobalSection
	GlobalSection(SolutionConfigurationPlatforms) = preSolution
		Debug|Any CPU = Debug|Any CPU
		Debug|x64 = Debug|x64
		Debug|x86 = Debug|x86
		Release|Any CPU = Release|Any CPU
		Release|x64 = Release|x64
		Release|x86 = Release|x86
	EndGlobalSection
	GlobalSection(ProjectConfigurationPlatforms) = postSolution
		{3B7E00E0-890E-4236-AC74-A4B6FD771936}.Debug|Any CPU.ActiveCfg = Debug|Any CPU
		{3B7E00E0-890E-4236-AC74-A4B6FD771936}.Debug|Any CPU.Build.0 = Debug|Any CPU
		{3B7E00E0-890E-4236-AC74-A4B6FD771936}.Debug|x64.ActiveCfg = Debug|Any CPU
		{3B7E00E0-890E-4236-AC74-A4B6FD771936}.Debug|x64.Build.0 = Debug|Any CPU
		{3B7E00E0-890E-4236-AC74-A4B6FD771936}.Debug|x86.ActiveCfg = Debug|Any CPU
		{3B7E00E0-890E-4236-AC74-A4B6FD771936}.Debug|x86.Build.0 = Debug|Any CPU
		{3B7E00E0-890E-4236-AC74-A4B6FD771936}.Release|Any CPU.ActiveCfg = Release|Any CPU
		{3B7E00E0-890E-4236-AC74-A4B6FD771936}.Release|Any CPU.Build.0 = Release|Any CPU
		{3B7E00E0-890E-4236-AC74-A4B6FD771936}.Release|x64.ActiveCfg = Release|Any CPU
		{3B7E00E0-890E-4236-AC74-A4B6FD771936}.Release|x64.Build.0 = Release|Any CPU
		{3B7E00E0-890E-4236-AC74-A4B6FD771936}.Release|x86.ActiveCfg = Release|Any CPU
		{3B7E00E0-890E-4236-AC74-A4B6FD771936}.Release|x86.Build.0 = Release|Any CPU
		{899FA6AD-ED81-4279-B1F4-09504A0C7A77}.Debug|Any CPU.ActiveCfg = Debug|Any CPU
		{899FA6AD-ED81-4279-B1F4-09504A0C7A77}.Debug|Any CPU.Build.0 = Debug|Any CPU
		{899FA6AD-ED81-4279-B1F4-09504A0C7A77}.Debug|x64.ActiveCfg = Debug|Any CPU
		{899FA6AD-ED81-4279-B1F4-09504A0C7A77}.Debug|x64.Build.0 = Debug|Any CPU
		{899FA6AD-ED81-4279-B1F4-09504A0C7A77}.Debug|x86.ActiveCfg = Debug|Any CPU
		{899FA6AD-ED81-4279-B1F4-09504A0C7A77}.Debug|x86.Build.0 = Debug|Any CPU
		{899FA6AD-ED81-4279-B1F4-09504A0C7A77}.Release|Any CPU.ActiveCfg = Release|Any CPU
		{899FA6AD-ED81-4279-B1F4-09504A0C7A77}.Release|Any CPU.Build.0 = Release|Any CPU
		{899FA6AD-ED81-4279-B1F4-09504A0C7A77}.Release|x64.ActiveCfg = Release|Any CPU
		{899FA6AD-ED81-4279-B1F4-09504A0C7A77}.Release|x64.Build.0 = Release|Any CPU
		{899FA6AD-ED81-4279-B1F4-09504A0C7A77}.Release|x86.ActiveCfg = Release|Any CPU
		{899FA6AD-ED81-4279-B1F4-09504A0C7A77}.Release|x86.Build.0 = Release|Any CPU
		{AB18FE48-3F89-455B-9C6D-1D374F58D211}.Debug|Any CPU.ActiveCfg = Debug|Any CPU
		{AB18FE48-3F89-455B-9C6D-1D374F58D211}.Debug|Any CPU.Build.0 = Debug|Any CPU
		{AB18FE48-3F89-455B-9C6D-1D374F58D211}.Debug|x64.ActiveCfg = Debug|Any CPU
		{AB18FE48-3F89-455B-9C6D-1D374F58D211}.Debug|x64.Build.0 = Debug|Any CPU
		{AB18FE48-3F89-455B-9C6D-1D374F58D211}.Debug|x86.ActiveCfg = Debug|Any CPU
		{AB18FE48-3F89-455B-9C6D-1D374F58D211}.Debug|x86.Build.0 = Debug|Any CPU
		{AB18FE48-3F89-455B-9C6D-1D374F58D211}.Release|Any CPU.ActiveCfg = Release|Any CPU
		{AB18FE48-3F89-455B-9C6D-1D374F58D211}.Release|Any CPU.Build.0 = Release|Any CPU
		{AB18FE48-3F89-455B-9C6D-1D374F58D211}.Release|x64.ActiveCfg = Release|Any CPU
		{AB18FE48-3F89-455B-9C6D-1D374F58D211}.Release|x64.Build.0 = Release|Any CPU
		{AB18FE48-3F89-455B-9C6D-1D374F58D211}.Release|x86.ActiveCfg = Release|Any CPU
		{AB18FE48-3F89-455B-9C6D-1D374F58D211}.Release|x86.Build.0 = Release|Any CPU
		{5F94675E-A806-454F-92AA-B1722826CA56}.Debug|Any CPU.ActiveCfg = Debug|Any CPU
		{5F94675E-A806-454F-92AA-B1722826CA56}.Debug|Any CPU.Build.0 = Debug|Any CPU
		{5F94675E-A806-454F-92AA-B1722826CA56}.Debug|x64.ActiveCfg = Debug|Any CPU
		{5F94675E-A806-454F-92AA-B1722826CA56}.Debug|x64.Build.0 = Debug|Any CPU
		{5F94675E-A806-454F-92AA-B1722826CA56}.Debug|x86.ActiveCfg = Debug|Any CPU
		{5F94675E-A806-454F-92AA-B1722826CA56}.Debug|x86.Build.0 = Debug|Any CPU
		{5F94675E-A806-454F-92AA-B1722826CA56}.Release|Any CPU.ActiveCfg = Release|Any CPU
		{5F94675E-A806-454F-92AA-B1722826CA56}.Release|Any CPU.Build.0 = Release|Any CPU
		{5F94675E-A806-454F-92AA-B1722826CA56}.Release|x64.ActiveCfg = Release|Any CPU
		{5F94675E-A806-454F-92AA-B1722826CA56}.Release|x64.Build.0 = Release|Any CPU
		{5F94675E-A806-454F-92AA-B1722826CA56}.Release|x86.ActiveCfg = Release|Any CPU
		{5F94675E-A806-454F-92AA-B1722826CA56}.Release|x86.Build.0 = Release|Any CPU
		{3DB84823-4D07-455C-98AB-28F07CD4130A}.Debug|Any CPU.ActiveCfg = Debug|Any CPU
		{3DB84823-4D07-455C-98AB-28F07CD4130A}.Debug|Any CPU.Build.0 = Debug|Any CPU
		{3DB84823-4D07-455C-98AB-28F07CD4130A}.Debug|x64.ActiveCfg = Debug|Any CPU
		{3DB84823-4D07-455C-98AB-28F07CD4130A}.Debug|x64.Build.0 = Debug|Any CPU
		{3DB84823-4D07-455C-98AB-28F07CD4130A}.Debug|x86.ActiveCfg = Debug|Any CPU
		{3DB84823-4D07-455C-98AB-28F07CD4130A}.Debug|x86.Build.0 = Debug|Any CPU
		{3DB84823-4D07-455C-98AB-28F07CD4130A}.Release|Any CPU.ActiveCfg = Release|Any CPU
		{3DB84823-4D07-455C-98AB-28F07CD4130A}.Release|Any CPU.Build.0 = Release|Any CPU
		{3DB84823-4D07-455C-98AB-28F07CD4130A}.Release|x64.ActiveCfg = Release|Any CPU
		{3DB84823-4D07-455C-98AB-28F07CD4130A}.Release|x64.Build.0 = Release|Any CPU
		{3DB84823-4D07-455C-98AB-28F07CD4130A}.Release|x86.ActiveCfg = Release|Any CPU
		{3DB84823-4D07-455C-98AB-28F07CD4130A}.Release|x86.Build.0 = Release|Any CPU
		{AEBB6C47-442B-4D60-AA9A-7ABDE99DDDCA}.Debug|Any CPU.ActiveCfg = Debug|Any CPU
		{AEBB6C47-442B-4D60-AA9A-7ABDE99DDDCA}.Debug|Any CPU.Build.0 = Debug|Any CPU
		{AEBB6C47-442B-4D60-AA9A-7ABDE99DDDCA}.Debug|x64.ActiveCfg = Debug|Any CPU
		{AEBB6C47-442B-4D60-AA9A-7ABDE99DDDCA}.Debug|x64.Build.0 = Debug|Any CPU
		{AEBB6C47-442B-4D60-AA9A-7ABDE99DDDCA}.Debug|x86.ActiveCfg = Debug|Any CPU
		{AEBB6C47-442B-4D60-AA9A-7ABDE99DDDCA}.Debug|x86.Build.0 = Debug|Any CPU
		{AEBB6C47-442B-4D60-AA9A-7ABDE99DDDCA}.Release|Any CPU.ActiveCfg = Release|Any CPU
		{AEBB6C47-442B-4D60-AA9A-7ABDE99DDDCA}.Release|Any CPU.Build.0 = Release|Any CPU
		{AEBB6C47-442B-4D60-AA9A-7ABDE99DDDCA}.Release|x64.ActiveCfg = Release|Any CPU
		{AEBB6C47-442B-4D60-AA9A-7ABDE99DDDCA}.Release|x64.Build.0 = Release|Any CPU
		{AEBB6C47-442B-4D60-AA9A-7ABDE99DDDCA}.Release|x86.ActiveCfg = Release|Any CPU
		{AEBB6C47-442B-4D60-AA9A-7ABDE99DDDCA}.Release|x86.Build.0 = Release|Any CPU
		{CC7183D5-47AF-4276-B2A5-883EA70CA4E8}.Debug|Any CPU.ActiveCfg = Debug|Any CPU
		{CC7183D5-47AF-4276-B2A5-883EA70CA4E8}.Debug|Any CPU.Build.0 = Debug|Any CPU
		{CC7183D5-47AF-4276-B2A5-883EA70CA4E8}.Debug|x64.ActiveCfg = Debug|Any CPU
		{CC7183D5-47AF-4276-B2A5-883EA70CA4E8}.Debug|x64.Build.0 = Debug|Any CPU
		{CC7183D5-47AF-4276-B2A5-883EA70CA4E8}.Debug|x86.ActiveCfg = Debug|Any CPU
		{CC7183D5-47AF-4276-B2A5-883EA70CA4E8}.Debug|x86.Build.0 = Debug|Any CPU
		{CC7183D5-47AF-4276-B2A5-883EA70CA4E8}.Release|Any CPU.ActiveCfg = Release|Any CPU
		{CC7183D5-47AF-4276-B2A5-883EA70CA4E8}.Release|Any CPU.Build.0 = Release|Any CPU
		{CC7183D5-47AF-4276-B2A5-883EA70CA4E8}.Release|x64.ActiveCfg = Release|Any CPU
		{CC7183D5-47AF-4276-B2A5-883EA70CA4E8}.Release|x64.Build.0 = Release|Any CPU
		{CC7183D5-47AF-4276-B2A5-883EA70CA4E8}.Release|x86.ActiveCfg = Release|Any CPU
		{CC7183D5-47AF-4276-B2A5-883EA70CA4E8}.Release|x86.Build.0 = Release|Any CPU
		{0BF777EA-9190-4DA2-9418-7C2E72D56BA9}.Debug|Any CPU.ActiveCfg = Debug|Any CPU
		{0BF777EA-9190-4DA2-9418-7C2E72D56BA9}.Debug|Any CPU.Build.0 = Debug|Any CPU
		{0BF777EA-9190-4DA2-9418-7C2E72D56BA9}.Debug|x64.ActiveCfg = Debug|Any CPU
		{0BF777EA-9190-4DA2-9418-7C2E72D56BA9}.Debug|x64.Build.0 = Debug|Any CPU
		{0BF777EA-9190-4DA2-9418-7C2E72D56BA9}.Debug|x86.ActiveCfg = Debug|Any CPU
		{0BF777EA-9190-4DA2-9418-7C2E72D56BA9}.Debug|x86.Build.0 = Debug|Any CPU
		{0BF777EA-9190-4DA2-9418-7C2E72D56BA9}.Release|Any CPU.ActiveCfg = Release|Any CPU
		{0BF777EA-9190-4DA2-9418-7C2E72D56BA9}.Release|Any CPU.Build.0 = Release|Any CPU
		{0BF777EA-9190-4DA2-9418-7C2E72D56BA9}.Release|x64.ActiveCfg = Release|Any CPU
		{0BF777EA-9190-4DA2-9418-7C2E72D56BA9}.Release|x64.Build.0 = Release|Any CPU
		{0BF777EA-9190-4DA2-9418-7C2E72D56BA9}.Release|x86.ActiveCfg = Release|Any CPU
		{0BF777EA-9190-4DA2-9418-7C2E72D56BA9}.Release|x86.Build.0 = Release|Any CPU
		{DEBF4B9F-4DA7-4FEB-B268-9AB40421FF3C}.Debug|Any CPU.ActiveCfg = Debug|Any CPU
		{DEBF4B9F-4DA7-4FEB-B268-9AB40421FF3C}.Debug|Any CPU.Build.0 = Debug|Any CPU
		{DEBF4B9F-4DA7-4FEB-B268-9AB40421FF3C}.Debug|x64.ActiveCfg = Debug|Any CPU
		{DEBF4B9F-4DA7-4FEB-B268-9AB40421FF3C}.Debug|x64.Build.0 = Debug|Any CPU
		{DEBF4B9F-4DA7-4FEB-B268-9AB40421FF3C}.Debug|x86.ActiveCfg = Debug|Any CPU
		{DEBF4B9F-4DA7-4FEB-B268-9AB40421FF3C}.Debug|x86.Build.0 = Debug|Any CPU
		{DEBF4B9F-4DA7-4FEB-B268-9AB40421FF3C}.Release|Any CPU.ActiveCfg = Release|Any CPU
		{DEBF4B9F-4DA7-4FEB-B268-9AB40421FF3C}.Release|Any CPU.Build.0 = Release|Any CPU
		{DEBF4B9F-4DA7-4FEB-B268-9AB40421FF3C}.Release|x64.ActiveCfg = Release|Any CPU
		{DEBF4B9F-4DA7-4FEB-B268-9AB40421FF3C}.Release|x64.Build.0 = Release|Any CPU
		{DEBF4B9F-4DA7-4FEB-B268-9AB40421FF3C}.Release|x86.ActiveCfg = Release|Any CPU
		{DEBF4B9F-4DA7-4FEB-B268-9AB40421FF3C}.Release|x86.Build.0 = Release|Any CPU
	EndGlobalSection
EndGlobal
