Microsoft Visual Studio Solution File, Format Version 12.00
# Visual Studio 15
VisualStudioVersion = 15.0.26430.14
MinimumVisualStudioVersion = 10.0.40219.1
Project("{FAE04EC0-301F-11D3-BF4B-00C04F79EFBC}") = "z0.root", "..\root\z0.root.csproj", "{FB123760-654B-4004-B7DE-CB5D980B108F}"
EndProject
Project("{FAE04EC0-301F-11D3-BF4B-00C04F79EFBC}") = "z0.part", "..\part\z0.part.csproj", "{860622A6-B7B0-43E0-938B-91D366984CC6}"
EndProject
Project("{FAE04EC0-301F-11D3-BF4B-00C04F79EFBC}") = "z0.refs", "..\refs\z0.refs.csproj", "{A617F997-2656-4ACF-903E-2FF447DAB972}"
EndProject
Project("{FAE04EC0-301F-11D3-BF4B-00C04F79EFBC}") = "z0.res", "..\res\z0.res.csproj", "{E2345AFB-9A1E-4966-9CF3-BFE7F406194C}"
EndProject
Project("{FAE04EC0-301F-11D3-BF4B-00C04F79EFBC}") = "z0.external", "..\external\z0.external.csproj", "{80064FE2-D24B-4CE3-8740-6E16A7BBCFB0}"
EndProject
Project("{FAE04EC0-301F-11D3-BF4B-00C04F79EFBC}") = "z0.interop", "..\interop\z0.interop.csproj", "{BCD2F7A1-640A-4919-AC69-2251E25B62B7}"
EndProject
Project("{FAE04EC0-301F-11D3-BF4B-00C04F79EFBC}") = "z0.konst", "..\konst\z0.konst.csproj", "{92A66C1F-12D9-4475-A00C-86EB5D144E73}"
EndProject
Project("{FAE04EC0-301F-11D3-BF4B-00C04F79EFBC}") = "z0.api", "..\api\z0.api.csproj", "{15358F4A-7903-4EDA-9411-6E67E5BFB22D}"
EndProject
Project("{FAE04EC0-301F-11D3-BF4B-00C04F79EFBC}") = "z0.apps", "..\apps\z0.apps.csproj", "{7D7B7076-35C2-46E7-98D9-A6B7165B0D2D}"
EndProject
Project("{FAE04EC0-301F-11D3-BF4B-00C04F79EFBC}") = "z0.asm", "..\asm\z0.asm.csproj", "{D947BA63-A260-4071-AAA1-152FDD082FC2}"
EndProject
Project("{FAE04EC0-301F-11D3-BF4B-00C04F79EFBC}") = "z0.bitcore", "..\bitcore\z0.bitcore.csproj", "{83FE9BCF-19EE-44AD-87B9-9BD80FBC08D5}"
EndProject
Project("{FAE04EC0-301F-11D3-BF4B-00C04F79EFBC}") = "z0.bitgrids", "..\bitgrids\z0.bitgrids.csproj", "{A68836C4-DBFD-47E8-BC9A-41303C35CB72}"
EndProject
Project("{FAE04EC0-301F-11D3-BF4B-00C04F79EFBC}") = "z0.bitmasks", "..\bitmasks\z0.bitmasks.csproj", "{07C5307F-2E43-4BCD-9418-F2C55A561226}"
EndProject
Project("{FAE04EC0-301F-11D3-BF4B-00C04F79EFBC}") = "z0.bitmatrix", "..\bitmatrix\z0.bitmatrix.csproj", "{F3D68BEE-C48E-4E36-B315-3B7895A91984}"
EndProject
Project("{FAE04EC0-301F-11D3-BF4B-00C04F79EFBC}") = "z0.bitspans", "..\bitspans\z0.bitspans.csproj", "{8C1EC73C-1E25-46B5-A234-D0F49DFF4AF9}"
EndProject
Project("{FAE04EC0-301F-11D3-BF4B-00C04F79EFBC}") = "z0.bitstrings", "..\bitstrings\z0.bitstrings.csproj", "{28D4E118-86DE-4049-83A0-AFE7680D8236}"
EndProject
Project("{FAE04EC0-301F-11D3-BF4B-00C04F79EFBC}") = "z0.bitsvc", "..\bitsvc\z0.bitsvc.csproj", "{A3C8AB62-3FCA-4E74-8ACA-172664796D04}"
EndProject
Project("{FAE04EC0-301F-11D3-BF4B-00C04F79EFBC}") = "z0.bitvectors", "..\bitvectors\z0.bitvectors.csproj", "{59836571-77A3-4492-89B3-C6E03D9A4765}"
EndProject
Project("{FAE04EC0-301F-11D3-BF4B-00C04F79EFBC}") = "z0.blocked", "..\blocked\z0.blocked.csproj", "{3707F96C-4DB1-435A-9654-4BF00D574AF1}"
EndProject
Project("{FAE04EC0-301F-11D3-BF4B-00C04F79EFBC}") = "z0.circuits", "..\circuits\z0.circuits.csproj", "{EC89AFE8-B137-4D0E-9C75-0D7B4F470877}"
EndProject
Project("{FAE04EC0-301F-11D3-BF4B-00C04F79EFBC}") = "z0.cli", "..\cli\z0.cli.csproj", "{7A4E79A4-11AB-4C82-A432-AA175C271FE0}"
EndProject
Project("{FAE04EC0-301F-11D3-BF4B-00C04F79EFBC}") = "z0.cmdexec", "..\cmdexec\z0.cmdexec.csproj", "{288B727C-0CB2-42E4-8B68-29970200647F}"
EndProject
Project("{FAE04EC0-301F-11D3-BF4B-00C04F79EFBC}") = "z0.cmdspec", "..\cmdspec\z0.cmdspec.csproj", "{B080031B-EAA8-47BC-996B-2CC0ABDE4341}"
EndProject
Project("{FAE04EC0-301F-11D3-BF4B-00C04F79EFBC}") = "z0.dvec", "..\dvec\z0.dvec.csproj", "{921D04ED-7800-4E0A-B5C6-9E8249842659}"
EndProject
Project("{FAE04EC0-301F-11D3-BF4B-00C04F79EFBC}") = "z0.gmath", "..\gmath\z0.gmath.csproj", "{015F8913-856D-4C86-920B-0880A8B71A9A}"
EndProject
Project("{FAE04EC0-301F-11D3-BF4B-00C04F79EFBC}") = "z0.math", "..\math\z0.math.csproj", "{CD2F8498-3AC3-46AB-AEC0-66BB6C2BE545}"
EndProject
Project("{FAE04EC0-301F-11D3-BF4B-00C04F79EFBC}") = "z0.mathsvc", "..\mathsvc\z0.mathsvc.csproj", "{F7ED68DD-3DC0-4F3F-AA02-5E32990F74B2}"
EndProject
Project("{FAE04EC0-301F-11D3-BF4B-00C04F79EFBC}") = "z0.nats", "..\nats\z0.nats.csproj", "{DE33BC75-C495-4D8A-B0AD-6902EB109DDB}"
EndProject
Project("{FAE04EC0-301F-11D3-BF4B-00C04F79EFBC}") = "z0.polyrand", "..\polyrand\z0.polyrand.csproj", "{9D37AE36-B190-4CA2-83BD-EA8D0B60002B}"
EndProject
Global
	GlobalSection(SolutionProperties) = preSolution
		HideSolutionNode = FALSE
	EndGlobalSection
	GlobalSection(SolutionConfigurationPlatforms) = preSolution
		Debug|Any CPU = Debug|Any CPU
		Debug|x64 = Debug|x64
		Debug|x86 = Debug|x86
		Release|Any CPU = Release|Any CPU
		Release|x64 = Release|x64
		Release|x86 = Release|x86
	EndGlobalSection
	GlobalSection(ProjectConfigurationPlatforms) = postSolution
		{FB123760-654B-4004-B7DE-CB5D980B108F}.Debug|Any CPU.ActiveCfg = Debug|Any CPU
		{FB123760-654B-4004-B7DE-CB5D980B108F}.Debug|Any CPU.Build.0 = Debug|Any CPU
		{FB123760-654B-4004-B7DE-CB5D980B108F}.Debug|x64.ActiveCfg = Debug|Any CPU
		{FB123760-654B-4004-B7DE-CB5D980B108F}.Debug|x64.Build.0 = Debug|Any CPU
		{FB123760-654B-4004-B7DE-CB5D980B108F}.Debug|x86.ActiveCfg = Debug|Any CPU
		{FB123760-654B-4004-B7DE-CB5D980B108F}.Debug|x86.Build.0 = Debug|Any CPU
		{FB123760-654B-4004-B7DE-CB5D980B108F}.Release|Any CPU.ActiveCfg = Release|Any CPU
		{FB123760-654B-4004-B7DE-CB5D980B108F}.Release|Any CPU.Build.0 = Release|Any CPU
		{FB123760-654B-4004-B7DE-CB5D980B108F}.Release|x64.ActiveCfg = Release|Any CPU
		{FB123760-654B-4004-B7DE-CB5D980B108F}.Release|x64.Build.0 = Release|Any CPU
		{FB123760-654B-4004-B7DE-CB5D980B108F}.Release|x86.ActiveCfg = Release|Any CPU
		{FB123760-654B-4004-B7DE-CB5D980B108F}.Release|x86.Build.0 = Release|Any CPU
		{860622A6-B7B0-43E0-938B-91D366984CC6}.Debug|Any CPU.ActiveCfg = Debug|Any CPU
		{860622A6-B7B0-43E0-938B-91D366984CC6}.Debug|Any CPU.Build.0 = Debug|Any CPU
		{860622A6-B7B0-43E0-938B-91D366984CC6}.Debug|x64.ActiveCfg = Debug|Any CPU
		{860622A6-B7B0-43E0-938B-91D366984CC6}.Debug|x64.Build.0 = Debug|Any CPU
		{860622A6-B7B0-43E0-938B-91D366984CC6}.Debug|x86.ActiveCfg = Debug|Any CPU
		{860622A6-B7B0-43E0-938B-91D366984CC6}.Debug|x86.Build.0 = Debug|Any CPU
		{860622A6-B7B0-43E0-938B-91D366984CC6}.Release|Any CPU.ActiveCfg = Release|Any CPU
		{860622A6-B7B0-43E0-938B-91D366984CC6}.Release|Any CPU.Build.0 = Release|Any CPU
		{860622A6-B7B0-43E0-938B-91D366984CC6}.Release|x64.ActiveCfg = Release|Any CPU
		{860622A6-B7B0-43E0-938B-91D366984CC6}.Release|x64.Build.0 = Release|Any CPU
		{860622A6-B7B0-43E0-938B-91D366984CC6}.Release|x86.ActiveCfg = Release|Any CPU
		{860622A6-B7B0-43E0-938B-91D366984CC6}.Release|x86.Build.0 = Release|Any CPU
		{A617F997-2656-4ACF-903E-2FF447DAB972}.Debug|Any CPU.ActiveCfg = Debug|Any CPU
		{A617F997-2656-4ACF-903E-2FF447DAB972}.Debug|Any CPU.Build.0 = Debug|Any CPU
		{A617F997-2656-4ACF-903E-2FF447DAB972}.Debug|x64.ActiveCfg = Debug|Any CPU
		{A617F997-2656-4ACF-903E-2FF447DAB972}.Debug|x64.Build.0 = Debug|Any CPU
		{A617F997-2656-4ACF-903E-2FF447DAB972}.Debug|x86.ActiveCfg = Debug|Any CPU
		{A617F997-2656-4ACF-903E-2FF447DAB972}.Debug|x86.Build.0 = Debug|Any CPU
		{A617F997-2656-4ACF-903E-2FF447DAB972}.Release|Any CPU.ActiveCfg = Release|Any CPU
		{A617F997-2656-4ACF-903E-2FF447DAB972}.Release|Any CPU.Build.0 = Release|Any CPU
		{A617F997-2656-4ACF-903E-2FF447DAB972}.Release|x64.ActiveCfg = Release|Any CPU
		{A617F997-2656-4ACF-903E-2FF447DAB972}.Release|x64.Build.0 = Release|Any CPU
		{A617F997-2656-4ACF-903E-2FF447DAB972}.Release|x86.ActiveCfg = Release|Any CPU
		{A617F997-2656-4ACF-903E-2FF447DAB972}.Release|x86.Build.0 = Release|Any CPU
		{E2345AFB-9A1E-4966-9CF3-BFE7F406194C}.Debug|Any CPU.ActiveCfg = Debug|Any CPU
		{E2345AFB-9A1E-4966-9CF3-BFE7F406194C}.Debug|Any CPU.Build.0 = Debug|Any CPU
		{E2345AFB-9A1E-4966-9CF3-BFE7F406194C}.Debug|x64.ActiveCfg = Debug|Any CPU
		{E2345AFB-9A1E-4966-9CF3-BFE7F406194C}.Debug|x64.Build.0 = Debug|Any CPU
		{E2345AFB-9A1E-4966-9CF3-BFE7F406194C}.Debug|x86.ActiveCfg = Debug|Any CPU
		{E2345AFB-9A1E-4966-9CF3-BFE7F406194C}.Debug|x86.Build.0 = Debug|Any CPU
		{E2345AFB-9A1E-4966-9CF3-BFE7F406194C}.Release|Any CPU.ActiveCfg = Release|Any CPU
		{E2345AFB-9A1E-4966-9CF3-BFE7F406194C}.Release|Any CPU.Build.0 = Release|Any CPU
		{E2345AFB-9A1E-4966-9CF3-BFE7F406194C}.Release|x64.ActiveCfg = Release|Any CPU
		{E2345AFB-9A1E-4966-9CF3-BFE7F406194C}.Release|x64.Build.0 = Release|Any CPU
		{E2345AFB-9A1E-4966-9CF3-BFE7F406194C}.Release|x86.ActiveCfg = Release|Any CPU
		{E2345AFB-9A1E-4966-9CF3-BFE7F406194C}.Release|x86.Build.0 = Release|Any CPU
		{80064FE2-D24B-4CE3-8740-6E16A7BBCFB0}.Debug|Any CPU.ActiveCfg = Debug|Any CPU
		{80064FE2-D24B-4CE3-8740-6E16A7BBCFB0}.Debug|Any CPU.Build.0 = Debug|Any CPU
		{80064FE2-D24B-4CE3-8740-6E16A7BBCFB0}.Debug|x64.ActiveCfg = Debug|Any CPU
		{80064FE2-D24B-4CE3-8740-6E16A7BBCFB0}.Debug|x64.Build.0 = Debug|Any CPU
		{80064FE2-D24B-4CE3-8740-6E16A7BBCFB0}.Debug|x86.ActiveCfg = Debug|Any CPU
		{80064FE2-D24B-4CE3-8740-6E16A7BBCFB0}.Debug|x86.Build.0 = Debug|Any CPU
		{80064FE2-D24B-4CE3-8740-6E16A7BBCFB0}.Release|Any CPU.ActiveCfg = Release|Any CPU
		{80064FE2-D24B-4CE3-8740-6E16A7BBCFB0}.Release|Any CPU.Build.0 = Release|Any CPU
		{80064FE2-D24B-4CE3-8740-6E16A7BBCFB0}.Release|x64.ActiveCfg = Release|Any CPU
		{80064FE2-D24B-4CE3-8740-6E16A7BBCFB0}.Release|x64.Build.0 = Release|Any CPU
		{80064FE2-D24B-4CE3-8740-6E16A7BBCFB0}.Release|x86.ActiveCfg = Release|Any CPU
		{80064FE2-D24B-4CE3-8740-6E16A7BBCFB0}.Release|x86.Build.0 = Release|Any CPU
		{BCD2F7A1-640A-4919-AC69-2251E25B62B7}.Debug|Any CPU.ActiveCfg = Debug|Any CPU
		{BCD2F7A1-640A-4919-AC69-2251E25B62B7}.Debug|Any CPU.Build.0 = Debug|Any CPU
		{BCD2F7A1-640A-4919-AC69-2251E25B62B7}.Debug|x64.ActiveCfg = Debug|Any CPU
		{BCD2F7A1-640A-4919-AC69-2251E25B62B7}.Debug|x64.Build.0 = Debug|Any CPU
		{BCD2F7A1-640A-4919-AC69-2251E25B62B7}.Debug|x86.ActiveCfg = Debug|Any CPU
		{BCD2F7A1-640A-4919-AC69-2251E25B62B7}.Debug|x86.Build.0 = Debug|Any CPU
		{BCD2F7A1-640A-4919-AC69-2251E25B62B7}.Release|Any CPU.ActiveCfg = Release|Any CPU
		{BCD2F7A1-640A-4919-AC69-2251E25B62B7}.Release|Any CPU.Build.0 = Release|Any CPU
		{BCD2F7A1-640A-4919-AC69-2251E25B62B7}.Release|x64.ActiveCfg = Release|Any CPU
		{BCD2F7A1-640A-4919-AC69-2251E25B62B7}.Release|x64.Build.0 = Release|Any CPU
		{BCD2F7A1-640A-4919-AC69-2251E25B62B7}.Release|x86.ActiveCfg = Release|Any CPU
		{BCD2F7A1-640A-4919-AC69-2251E25B62B7}.Release|x86.Build.0 = Release|Any CPU
		{92A66C1F-12D9-4475-A00C-86EB5D144E73}.Debug|Any CPU.ActiveCfg = Debug|Any CPU
		{92A66C1F-12D9-4475-A00C-86EB5D144E73}.Debug|Any CPU.Build.0 = Debug|Any CPU
		{92A66C1F-12D9-4475-A00C-86EB5D144E73}.Debug|x64.ActiveCfg = Debug|Any CPU
		{92A66C1F-12D9-4475-A00C-86EB5D144E73}.Debug|x64.Build.0 = Debug|Any CPU
		{92A66C1F-12D9-4475-A00C-86EB5D144E73}.Debug|x86.ActiveCfg = Debug|Any CPU
		{92A66C1F-12D9-4475-A00C-86EB5D144E73}.Debug|x86.Build.0 = Debug|Any CPU
		{92A66C1F-12D9-4475-A00C-86EB5D144E73}.Release|Any CPU.ActiveCfg = Release|Any CPU
		{92A66C1F-12D9-4475-A00C-86EB5D144E73}.Release|Any CPU.Build.0 = Release|Any CPU
		{92A66C1F-12D9-4475-A00C-86EB5D144E73}.Release|x64.ActiveCfg = Release|Any CPU
		{92A66C1F-12D9-4475-A00C-86EB5D144E73}.Release|x64.Build.0 = Release|Any CPU
		{92A66C1F-12D9-4475-A00C-86EB5D144E73}.Release|x86.ActiveCfg = Release|Any CPU
		{92A66C1F-12D9-4475-A00C-86EB5D144E73}.Release|x86.Build.0 = Release|Any CPU
		{15358F4A-7903-4EDA-9411-6E67E5BFB22D}.Debug|Any CPU.ActiveCfg = Debug|Any CPU
		{15358F4A-7903-4EDA-9411-6E67E5BFB22D}.Debug|Any CPU.Build.0 = Debug|Any CPU
		{15358F4A-7903-4EDA-9411-6E67E5BFB22D}.Debug|x64.ActiveCfg = Debug|Any CPU
		{15358F4A-7903-4EDA-9411-6E67E5BFB22D}.Debug|x64.Build.0 = Debug|Any CPU
		{15358F4A-7903-4EDA-9411-6E67E5BFB22D}.Debug|x86.ActiveCfg = Debug|Any CPU
		{15358F4A-7903-4EDA-9411-6E67E5BFB22D}.Debug|x86.Build.0 = Debug|Any CPU
		{15358F4A-7903-4EDA-9411-6E67E5BFB22D}.Release|Any CPU.ActiveCfg = Release|Any CPU
		{15358F4A-7903-4EDA-9411-6E67E5BFB22D}.Release|Any CPU.Build.0 = Release|Any CPU
		{15358F4A-7903-4EDA-9411-6E67E5BFB22D}.Release|x64.ActiveCfg = Release|Any CPU
		{15358F4A-7903-4EDA-9411-6E67E5BFB22D}.Release|x64.Build.0 = Release|Any CPU
		{15358F4A-7903-4EDA-9411-6E67E5BFB22D}.Release|x86.ActiveCfg = Release|Any CPU
		{15358F4A-7903-4EDA-9411-6E67E5BFB22D}.Release|x86.Build.0 = Release|Any CPU
		{7D7B7076-35C2-46E7-98D9-A6B7165B0D2D}.Debug|Any CPU.ActiveCfg = Debug|Any CPU
		{7D7B7076-35C2-46E7-98D9-A6B7165B0D2D}.Debug|Any CPU.Build.0 = Debug|Any CPU
		{7D7B7076-35C2-46E7-98D9-A6B7165B0D2D}.Debug|x64.ActiveCfg = Debug|Any CPU
		{7D7B7076-35C2-46E7-98D9-A6B7165B0D2D}.Debug|x64.Build.0 = Debug|Any CPU
		{7D7B7076-35C2-46E7-98D9-A6B7165B0D2D}.Debug|x86.ActiveCfg = Debug|Any CPU
		{7D7B7076-35C2-46E7-98D9-A6B7165B0D2D}.Debug|x86.Build.0 = Debug|Any CPU
		{7D7B7076-35C2-46E7-98D9-A6B7165B0D2D}.Release|Any CPU.ActiveCfg = Release|Any CPU
		{7D7B7076-35C2-46E7-98D9-A6B7165B0D2D}.Release|Any CPU.Build.0 = Release|Any CPU
		{7D7B7076-35C2-46E7-98D9-A6B7165B0D2D}.Release|x64.ActiveCfg = Release|Any CPU
		{7D7B7076-35C2-46E7-98D9-A6B7165B0D2D}.Release|x64.Build.0 = Release|Any CPU
		{7D7B7076-35C2-46E7-98D9-A6B7165B0D2D}.Release|x86.ActiveCfg = Release|Any CPU
		{7D7B7076-35C2-46E7-98D9-A6B7165B0D2D}.Release|x86.Build.0 = Release|Any CPU
		{D947BA63-A260-4071-AAA1-152FDD082FC2}.Debug|Any CPU.ActiveCfg = Debug|Any CPU
		{D947BA63-A260-4071-AAA1-152FDD082FC2}.Debug|Any CPU.Build.0 = Debug|Any CPU
		{D947BA63-A260-4071-AAA1-152FDD082FC2}.Debug|x64.ActiveCfg = Debug|Any CPU
		{D947BA63-A260-4071-AAA1-152FDD082FC2}.Debug|x64.Build.0 = Debug|Any CPU
		{D947BA63-A260-4071-AAA1-152FDD082FC2}.Debug|x86.ActiveCfg = Debug|Any CPU
		{D947BA63-A260-4071-AAA1-152FDD082FC2}.Debug|x86.Build.0 = Debug|Any CPU
		{D947BA63-A260-4071-AAA1-152FDD082FC2}.Release|Any CPU.ActiveCfg = Release|Any CPU
		{D947BA63-A260-4071-AAA1-152FDD082FC2}.Release|Any CPU.Build.0 = Release|Any CPU
		{D947BA63-A260-4071-AAA1-152FDD082FC2}.Release|x64.ActiveCfg = Release|Any CPU
		{D947BA63-A260-4071-AAA1-152FDD082FC2}.Release|x64.Build.0 = Release|Any CPU
		{D947BA63-A260-4071-AAA1-152FDD082FC2}.Release|x86.ActiveCfg = Release|Any CPU
		{D947BA63-A260-4071-AAA1-152FDD082FC2}.Release|x86.Build.0 = Release|Any CPU
		{83FE9BCF-19EE-44AD-87B9-9BD80FBC08D5}.Debug|Any CPU.ActiveCfg = Debug|Any CPU
		{83FE9BCF-19EE-44AD-87B9-9BD80FBC08D5}.Debug|Any CPU.Build.0 = Debug|Any CPU
		{83FE9BCF-19EE-44AD-87B9-9BD80FBC08D5}.Debug|x64.ActiveCfg = Debug|Any CPU
		{83FE9BCF-19EE-44AD-87B9-9BD80FBC08D5}.Debug|x64.Build.0 = Debug|Any CPU
		{83FE9BCF-19EE-44AD-87B9-9BD80FBC08D5}.Debug|x86.ActiveCfg = Debug|Any CPU
		{83FE9BCF-19EE-44AD-87B9-9BD80FBC08D5}.Debug|x86.Build.0 = Debug|Any CPU
		{83FE9BCF-19EE-44AD-87B9-9BD80FBC08D5}.Release|Any CPU.ActiveCfg = Release|Any CPU
		{83FE9BCF-19EE-44AD-87B9-9BD80FBC08D5}.Release|Any CPU.Build.0 = Release|Any CPU
		{83FE9BCF-19EE-44AD-87B9-9BD80FBC08D5}.Release|x64.ActiveCfg = Release|Any CPU
		{83FE9BCF-19EE-44AD-87B9-9BD80FBC08D5}.Release|x64.Build.0 = Release|Any CPU
		{83FE9BCF-19EE-44AD-87B9-9BD80FBC08D5}.Release|x86.ActiveCfg = Release|Any CPU
		{83FE9BCF-19EE-44AD-87B9-9BD80FBC08D5}.Release|x86.Build.0 = Release|Any CPU
		{A68836C4-DBFD-47E8-BC9A-41303C35CB72}.Debug|Any CPU.ActiveCfg = Debug|Any CPU
		{A68836C4-DBFD-47E8-BC9A-41303C35CB72}.Debug|Any CPU.Build.0 = Debug|Any CPU
		{A68836C4-DBFD-47E8-BC9A-41303C35CB72}.Debug|x64.ActiveCfg = Debug|Any CPU
		{A68836C4-DBFD-47E8-BC9A-41303C35CB72}.Debug|x64.Build.0 = Debug|Any CPU
		{A68836C4-DBFD-47E8-BC9A-41303C35CB72}.Debug|x86.ActiveCfg = Debug|Any CPU
		{A68836C4-DBFD-47E8-BC9A-41303C35CB72}.Debug|x86.Build.0 = Debug|Any CPU
		{A68836C4-DBFD-47E8-BC9A-41303C35CB72}.Release|Any CPU.ActiveCfg = Release|Any CPU
		{A68836C4-DBFD-47E8-BC9A-41303C35CB72}.Release|Any CPU.Build.0 = Release|Any CPU
		{A68836C4-DBFD-47E8-BC9A-41303C35CB72}.Release|x64.ActiveCfg = Release|Any CPU
		{A68836C4-DBFD-47E8-BC9A-41303C35CB72}.Release|x64.Build.0 = Release|Any CPU
		{A68836C4-DBFD-47E8-BC9A-41303C35CB72}.Release|x86.ActiveCfg = Release|Any CPU
		{A68836C4-DBFD-47E8-BC9A-41303C35CB72}.Release|x86.Build.0 = Release|Any CPU
		{07C5307F-2E43-4BCD-9418-F2C55A561226}.Debug|Any CPU.ActiveCfg = Debug|Any CPU
		{07C5307F-2E43-4BCD-9418-F2C55A561226}.Debug|Any CPU.Build.0 = Debug|Any CPU
		{07C5307F-2E43-4BCD-9418-F2C55A561226}.Debug|x64.ActiveCfg = Debug|Any CPU
		{07C5307F-2E43-4BCD-9418-F2C55A561226}.Debug|x64.Build.0 = Debug|Any CPU
		{07C5307F-2E43-4BCD-9418-F2C55A561226}.Debug|x86.ActiveCfg = Debug|Any CPU
		{07C5307F-2E43-4BCD-9418-F2C55A561226}.Debug|x86.Build.0 = Debug|Any CPU
		{07C5307F-2E43-4BCD-9418-F2C55A561226}.Release|Any CPU.ActiveCfg = Release|Any CPU
		{07C5307F-2E43-4BCD-9418-F2C55A561226}.Release|Any CPU.Build.0 = Release|Any CPU
		{07C5307F-2E43-4BCD-9418-F2C55A561226}.Release|x64.ActiveCfg = Release|Any CPU
		{07C5307F-2E43-4BCD-9418-F2C55A561226}.Release|x64.Build.0 = Release|Any CPU
		{07C5307F-2E43-4BCD-9418-F2C55A561226}.Release|x86.ActiveCfg = Release|Any CPU
		{07C5307F-2E43-4BCD-9418-F2C55A561226}.Release|x86.Build.0 = Release|Any CPU
		{F3D68BEE-C48E-4E36-B315-3B7895A91984}.Debug|Any CPU.ActiveCfg = Debug|Any CPU
		{F3D68BEE-C48E-4E36-B315-3B7895A91984}.Debug|Any CPU.Build.0 = Debug|Any CPU
		{F3D68BEE-C48E-4E36-B315-3B7895A91984}.Debug|x64.ActiveCfg = Debug|Any CPU
		{F3D68BEE-C48E-4E36-B315-3B7895A91984}.Debug|x64.Build.0 = Debug|Any CPU
		{F3D68BEE-C48E-4E36-B315-3B7895A91984}.Debug|x86.ActiveCfg = Debug|Any CPU
		{F3D68BEE-C48E-4E36-B315-3B7895A91984}.Debug|x86.Build.0 = Debug|Any CPU
		{F3D68BEE-C48E-4E36-B315-3B7895A91984}.Release|Any CPU.ActiveCfg = Release|Any CPU
		{F3D68BEE-C48E-4E36-B315-3B7895A91984}.Release|Any CPU.Build.0 = Release|Any CPU
		{F3D68BEE-C48E-4E36-B315-3B7895A91984}.Release|x64.ActiveCfg = Release|Any CPU
		{F3D68BEE-C48E-4E36-B315-3B7895A91984}.Release|x64.Build.0 = Release|Any CPU
		{F3D68BEE-C48E-4E36-B315-3B7895A91984}.Release|x86.ActiveCfg = Release|Any CPU
		{F3D68BEE-C48E-4E36-B315-3B7895A91984}.Release|x86.Build.0 = Release|Any CPU
		{8C1EC73C-1E25-46B5-A234-D0F49DFF4AF9}.Debug|Any CPU.ActiveCfg = Debug|Any CPU
		{8C1EC73C-1E25-46B5-A234-D0F49DFF4AF9}.Debug|Any CPU.Build.0 = Debug|Any CPU
		{8C1EC73C-1E25-46B5-A234-D0F49DFF4AF9}.Debug|x64.ActiveCfg = Debug|Any CPU
		{8C1EC73C-1E25-46B5-A234-D0F49DFF4AF9}.Debug|x64.Build.0 = Debug|Any CPU
		{8C1EC73C-1E25-46B5-A234-D0F49DFF4AF9}.Debug|x86.ActiveCfg = Debug|Any CPU
		{8C1EC73C-1E25-46B5-A234-D0F49DFF4AF9}.Debug|x86.Build.0 = Debug|Any CPU
		{8C1EC73C-1E25-46B5-A234-D0F49DFF4AF9}.Release|Any CPU.ActiveCfg = Release|Any CPU
		{8C1EC73C-1E25-46B5-A234-D0F49DFF4AF9}.Release|Any CPU.Build.0 = Release|Any CPU
		{8C1EC73C-1E25-46B5-A234-D0F49DFF4AF9}.Release|x64.ActiveCfg = Release|Any CPU
		{8C1EC73C-1E25-46B5-A234-D0F49DFF4AF9}.Release|x64.Build.0 = Release|Any CPU
		{8C1EC73C-1E25-46B5-A234-D0F49DFF4AF9}.Release|x86.ActiveCfg = Release|Any CPU
		{8C1EC73C-1E25-46B5-A234-D0F49DFF4AF9}.Release|x86.Build.0 = Release|Any CPU
		{28D4E118-86DE-4049-83A0-AFE7680D8236}.Debug|Any CPU.ActiveCfg = Debug|Any CPU
		{28D4E118-86DE-4049-83A0-AFE7680D8236}.Debug|Any CPU.Build.0 = Debug|Any CPU
		{28D4E118-86DE-4049-83A0-AFE7680D8236}.Debug|x64.ActiveCfg = Debug|Any CPU
		{28D4E118-86DE-4049-83A0-AFE7680D8236}.Debug|x64.Build.0 = Debug|Any CPU
		{28D4E118-86DE-4049-83A0-AFE7680D8236}.Debug|x86.ActiveCfg = Debug|Any CPU
		{28D4E118-86DE-4049-83A0-AFE7680D8236}.Debug|x86.Build.0 = Debug|Any CPU
		{28D4E118-86DE-4049-83A0-AFE7680D8236}.Release|Any CPU.ActiveCfg = Release|Any CPU
		{28D4E118-86DE-4049-83A0-AFE7680D8236}.Release|Any CPU.Build.0 = Release|Any CPU
		{28D4E118-86DE-4049-83A0-AFE7680D8236}.Release|x64.ActiveCfg = Release|Any CPU
		{28D4E118-86DE-4049-83A0-AFE7680D8236}.Release|x64.Build.0 = Release|Any CPU
		{28D4E118-86DE-4049-83A0-AFE7680D8236}.Release|x86.ActiveCfg = Release|Any CPU
		{28D4E118-86DE-4049-83A0-AFE7680D8236}.Release|x86.Build.0 = Release|Any CPU
		{A3C8AB62-3FCA-4E74-8ACA-172664796D04}.Debug|Any CPU.ActiveCfg = Debug|Any CPU
		{A3C8AB62-3FCA-4E74-8ACA-172664796D04}.Debug|Any CPU.Build.0 = Debug|Any CPU
		{A3C8AB62-3FCA-4E74-8ACA-172664796D04}.Debug|x64.ActiveCfg = Debug|Any CPU
		{A3C8AB62-3FCA-4E74-8ACA-172664796D04}.Debug|x64.Build.0 = Debug|Any CPU
		{A3C8AB62-3FCA-4E74-8ACA-172664796D04}.Debug|x86.ActiveCfg = Debug|Any CPU
		{A3C8AB62-3FCA-4E74-8ACA-172664796D04}.Debug|x86.Build.0 = Debug|Any CPU
		{A3C8AB62-3FCA-4E74-8ACA-172664796D04}.Release|Any CPU.ActiveCfg = Release|Any CPU
		{A3C8AB62-3FCA-4E74-8ACA-172664796D04}.Release|Any CPU.Build.0 = Release|Any CPU
		{A3C8AB62-3FCA-4E74-8ACA-172664796D04}.Release|x64.ActiveCfg = Release|Any CPU
		{A3C8AB62-3FCA-4E74-8ACA-172664796D04}.Release|x64.Build.0 = Release|Any CPU
		{A3C8AB62-3FCA-4E74-8ACA-172664796D04}.Release|x86.ActiveCfg = Release|Any CPU
		{A3C8AB62-3FCA-4E74-8ACA-172664796D04}.Release|x86.Build.0 = Release|Any CPU
		{59836571-77A3-4492-89B3-C6E03D9A4765}.Debug|Any CPU.ActiveCfg = Debug|Any CPU
		{59836571-77A3-4492-89B3-C6E03D9A4765}.Debug|Any CPU.Build.0 = Debug|Any CPU
		{59836571-77A3-4492-89B3-C6E03D9A4765}.Debug|x64.ActiveCfg = Debug|Any CPU
		{59836571-77A3-4492-89B3-C6E03D9A4765}.Debug|x64.Build.0 = Debug|Any CPU
		{59836571-77A3-4492-89B3-C6E03D9A4765}.Debug|x86.ActiveCfg = Debug|Any CPU
		{59836571-77A3-4492-89B3-C6E03D9A4765}.Debug|x86.Build.0 = Debug|Any CPU
		{59836571-77A3-4492-89B3-C6E03D9A4765}.Release|Any CPU.ActiveCfg = Release|Any CPU
		{59836571-77A3-4492-89B3-C6E03D9A4765}.Release|Any CPU.Build.0 = Release|Any CPU
		{59836571-77A3-4492-89B3-C6E03D9A4765}.Release|x64.ActiveCfg = Release|Any CPU
		{59836571-77A3-4492-89B3-C6E03D9A4765}.Release|x64.Build.0 = Release|Any CPU
		{59836571-77A3-4492-89B3-C6E03D9A4765}.Release|x86.ActiveCfg = Release|Any CPU
		{59836571-77A3-4492-89B3-C6E03D9A4765}.Release|x86.Build.0 = Release|Any CPU
		{3707F96C-4DB1-435A-9654-4BF00D574AF1}.Debug|Any CPU.ActiveCfg = Debug|Any CPU
		{3707F96C-4DB1-435A-9654-4BF00D574AF1}.Debug|Any CPU.Build.0 = Debug|Any CPU
		{3707F96C-4DB1-435A-9654-4BF00D574AF1}.Debug|x64.ActiveCfg = Debug|Any CPU
		{3707F96C-4DB1-435A-9654-4BF00D574AF1}.Debug|x64.Build.0 = Debug|Any CPU
		{3707F96C-4DB1-435A-9654-4BF00D574AF1}.Debug|x86.ActiveCfg = Debug|Any CPU
		{3707F96C-4DB1-435A-9654-4BF00D574AF1}.Debug|x86.Build.0 = Debug|Any CPU
		{3707F96C-4DB1-435A-9654-4BF00D574AF1}.Release|Any CPU.ActiveCfg = Release|Any CPU
		{3707F96C-4DB1-435A-9654-4BF00D574AF1}.Release|Any CPU.Build.0 = Release|Any CPU
		{3707F96C-4DB1-435A-9654-4BF00D574AF1}.Release|x64.ActiveCfg = Release|Any CPU
		{3707F96C-4DB1-435A-9654-4BF00D574AF1}.Release|x64.Build.0 = Release|Any CPU
		{3707F96C-4DB1-435A-9654-4BF00D574AF1}.Release|x86.ActiveCfg = Release|Any CPU
		{3707F96C-4DB1-435A-9654-4BF00D574AF1}.Release|x86.Build.0 = Release|Any CPU
		{EC89AFE8-B137-4D0E-9C75-0D7B4F470877}.Debug|Any CPU.ActiveCfg = Debug|Any CPU
		{EC89AFE8-B137-4D0E-9C75-0D7B4F470877}.Debug|Any CPU.Build.0 = Debug|Any CPU
		{EC89AFE8-B137-4D0E-9C75-0D7B4F470877}.Debug|x64.ActiveCfg = Debug|Any CPU
		{EC89AFE8-B137-4D0E-9C75-0D7B4F470877}.Debug|x64.Build.0 = Debug|Any CPU
		{EC89AFE8-B137-4D0E-9C75-0D7B4F470877}.Debug|x86.ActiveCfg = Debug|Any CPU
		{EC89AFE8-B137-4D0E-9C75-0D7B4F470877}.Debug|x86.Build.0 = Debug|Any CPU
		{EC89AFE8-B137-4D0E-9C75-0D7B4F470877}.Release|Any CPU.ActiveCfg = Release|Any CPU
		{EC89AFE8-B137-4D0E-9C75-0D7B4F470877}.Release|Any CPU.Build.0 = Release|Any CPU
		{EC89AFE8-B137-4D0E-9C75-0D7B4F470877}.Release|x64.ActiveCfg = Release|Any CPU
		{EC89AFE8-B137-4D0E-9C75-0D7B4F470877}.Release|x64.Build.0 = Release|Any CPU
		{EC89AFE8-B137-4D0E-9C75-0D7B4F470877}.Release|x86.ActiveCfg = Release|Any CPU
		{EC89AFE8-B137-4D0E-9C75-0D7B4F470877}.Release|x86.Build.0 = Release|Any CPU
		{7A4E79A4-11AB-4C82-A432-AA175C271FE0}.Debug|Any CPU.ActiveCfg = Debug|Any CPU
		{7A4E79A4-11AB-4C82-A432-AA175C271FE0}.Debug|Any CPU.Build.0 = Debug|Any CPU
		{7A4E79A4-11AB-4C82-A432-AA175C271FE0}.Debug|x64.ActiveCfg = Debug|Any CPU
		{7A4E79A4-11AB-4C82-A432-AA175C271FE0}.Debug|x64.Build.0 = Debug|Any CPU
		{7A4E79A4-11AB-4C82-A432-AA175C271FE0}.Debug|x86.ActiveCfg = Debug|Any CPU
		{7A4E79A4-11AB-4C82-A432-AA175C271FE0}.Debug|x86.Build.0 = Debug|Any CPU
		{7A4E79A4-11AB-4C82-A432-AA175C271FE0}.Release|Any CPU.ActiveCfg = Release|Any CPU
		{7A4E79A4-11AB-4C82-A432-AA175C271FE0}.Release|Any CPU.Build.0 = Release|Any CPU
		{7A4E79A4-11AB-4C82-A432-AA175C271FE0}.Release|x64.ActiveCfg = Release|Any CPU
		{7A4E79A4-11AB-4C82-A432-AA175C271FE0}.Release|x64.Build.0 = Release|Any CPU
		{7A4E79A4-11AB-4C82-A432-AA175C271FE0}.Release|x86.ActiveCfg = Release|Any CPU
		{7A4E79A4-11AB-4C82-A432-AA175C271FE0}.Release|x86.Build.0 = Release|Any CPU
		{288B727C-0CB2-42E4-8B68-29970200647F}.Debug|Any CPU.ActiveCfg = Debug|Any CPU
		{288B727C-0CB2-42E4-8B68-29970200647F}.Debug|Any CPU.Build.0 = Debug|Any CPU
		{288B727C-0CB2-42E4-8B68-29970200647F}.Debug|x64.ActiveCfg = Debug|Any CPU
		{288B727C-0CB2-42E4-8B68-29970200647F}.Debug|x64.Build.0 = Debug|Any CPU
		{288B727C-0CB2-42E4-8B68-29970200647F}.Debug|x86.ActiveCfg = Debug|Any CPU
		{288B727C-0CB2-42E4-8B68-29970200647F}.Debug|x86.Build.0 = Debug|Any CPU
		{288B727C-0CB2-42E4-8B68-29970200647F}.Release|Any CPU.ActiveCfg = Release|Any CPU
		{288B727C-0CB2-42E4-8B68-29970200647F}.Release|Any CPU.Build.0 = Release|Any CPU
		{288B727C-0CB2-42E4-8B68-29970200647F}.Release|x64.ActiveCfg = Release|Any CPU
		{288B727C-0CB2-42E4-8B68-29970200647F}.Release|x64.Build.0 = Release|Any CPU
		{288B727C-0CB2-42E4-8B68-29970200647F}.Release|x86.ActiveCfg = Release|Any CPU
		{288B727C-0CB2-42E4-8B68-29970200647F}.Release|x86.Build.0 = Release|Any CPU
		{B080031B-EAA8-47BC-996B-2CC0ABDE4341}.Debug|Any CPU.ActiveCfg = Debug|Any CPU
		{B080031B-EAA8-47BC-996B-2CC0ABDE4341}.Debug|Any CPU.Build.0 = Debug|Any CPU
		{B080031B-EAA8-47BC-996B-2CC0ABDE4341}.Debug|x64.ActiveCfg = Debug|Any CPU
		{B080031B-EAA8-47BC-996B-2CC0ABDE4341}.Debug|x64.Build.0 = Debug|Any CPU
		{B080031B-EAA8-47BC-996B-2CC0ABDE4341}.Debug|x86.ActiveCfg = Debug|Any CPU
		{B080031B-EAA8-47BC-996B-2CC0ABDE4341}.Debug|x86.Build.0 = Debug|Any CPU
		{B080031B-EAA8-47BC-996B-2CC0ABDE4341}.Release|Any CPU.ActiveCfg = Release|Any CPU
		{B080031B-EAA8-47BC-996B-2CC0ABDE4341}.Release|Any CPU.Build.0 = Release|Any CPU
		{B080031B-EAA8-47BC-996B-2CC0ABDE4341}.Release|x64.ActiveCfg = Release|Any CPU
		{B080031B-EAA8-47BC-996B-2CC0ABDE4341}.Release|x64.Build.0 = Release|Any CPU
		{B080031B-EAA8-47BC-996B-2CC0ABDE4341}.Release|x86.ActiveCfg = Release|Any CPU
		{B080031B-EAA8-47BC-996B-2CC0ABDE4341}.Release|x86.Build.0 = Release|Any CPU
		{921D04ED-7800-4E0A-B5C6-9E8249842659}.Debug|Any CPU.ActiveCfg = Debug|Any CPU
		{921D04ED-7800-4E0A-B5C6-9E8249842659}.Debug|Any CPU.Build.0 = Debug|Any CPU
		{921D04ED-7800-4E0A-B5C6-9E8249842659}.Debug|x64.ActiveCfg = Debug|Any CPU
		{921D04ED-7800-4E0A-B5C6-9E8249842659}.Debug|x64.Build.0 = Debug|Any CPU
		{921D04ED-7800-4E0A-B5C6-9E8249842659}.Debug|x86.ActiveCfg = Debug|Any CPU
		{921D04ED-7800-4E0A-B5C6-9E8249842659}.Debug|x86.Build.0 = Debug|Any CPU
		{921D04ED-7800-4E0A-B5C6-9E8249842659}.Release|Any CPU.ActiveCfg = Release|Any CPU
		{921D04ED-7800-4E0A-B5C6-9E8249842659}.Release|Any CPU.Build.0 = Release|Any CPU
		{921D04ED-7800-4E0A-B5C6-9E8249842659}.Release|x64.ActiveCfg = Release|Any CPU
		{921D04ED-7800-4E0A-B5C6-9E8249842659}.Release|x64.Build.0 = Release|Any CPU
		{921D04ED-7800-4E0A-B5C6-9E8249842659}.Release|x86.ActiveCfg = Release|Any CPU
		{921D04ED-7800-4E0A-B5C6-9E8249842659}.Release|x86.Build.0 = Release|Any CPU
		{015F8913-856D-4C86-920B-0880A8B71A9A}.Debug|Any CPU.ActiveCfg = Debug|Any CPU
		{015F8913-856D-4C86-920B-0880A8B71A9A}.Debug|Any CPU.Build.0 = Debug|Any CPU
		{015F8913-856D-4C86-920B-0880A8B71A9A}.Debug|x64.ActiveCfg = Debug|Any CPU
		{015F8913-856D-4C86-920B-0880A8B71A9A}.Debug|x64.Build.0 = Debug|Any CPU
		{015F8913-856D-4C86-920B-0880A8B71A9A}.Debug|x86.ActiveCfg = Debug|Any CPU
		{015F8913-856D-4C86-920B-0880A8B71A9A}.Debug|x86.Build.0 = Debug|Any CPU
		{015F8913-856D-4C86-920B-0880A8B71A9A}.Release|Any CPU.ActiveCfg = Release|Any CPU
		{015F8913-856D-4C86-920B-0880A8B71A9A}.Release|Any CPU.Build.0 = Release|Any CPU
		{015F8913-856D-4C86-920B-0880A8B71A9A}.Release|x64.ActiveCfg = Release|Any CPU
		{015F8913-856D-4C86-920B-0880A8B71A9A}.Release|x64.Build.0 = Release|Any CPU
		{015F8913-856D-4C86-920B-0880A8B71A9A}.Release|x86.ActiveCfg = Release|Any CPU
		{015F8913-856D-4C86-920B-0880A8B71A9A}.Release|x86.Build.0 = Release|Any CPU
		{CD2F8498-3AC3-46AB-AEC0-66BB6C2BE545}.Debug|Any CPU.ActiveCfg = Debug|Any CPU
		{CD2F8498-3AC3-46AB-AEC0-66BB6C2BE545}.Debug|Any CPU.Build.0 = Debug|Any CPU
		{CD2F8498-3AC3-46AB-AEC0-66BB6C2BE545}.Debug|x64.ActiveCfg = Debug|Any CPU
		{CD2F8498-3AC3-46AB-AEC0-66BB6C2BE545}.Debug|x64.Build.0 = Debug|Any CPU
		{CD2F8498-3AC3-46AB-AEC0-66BB6C2BE545}.Debug|x86.ActiveCfg = Debug|Any CPU
		{CD2F8498-3AC3-46AB-AEC0-66BB6C2BE545}.Debug|x86.Build.0 = Debug|Any CPU
		{CD2F8498-3AC3-46AB-AEC0-66BB6C2BE545}.Release|Any CPU.ActiveCfg = Release|Any CPU
		{CD2F8498-3AC3-46AB-AEC0-66BB6C2BE545}.Release|Any CPU.Build.0 = Release|Any CPU
		{CD2F8498-3AC3-46AB-AEC0-66BB6C2BE545}.Release|x64.ActiveCfg = Release|Any CPU
		{CD2F8498-3AC3-46AB-AEC0-66BB6C2BE545}.Release|x64.Build.0 = Release|Any CPU
		{CD2F8498-3AC3-46AB-AEC0-66BB6C2BE545}.Release|x86.ActiveCfg = Release|Any CPU
		{CD2F8498-3AC3-46AB-AEC0-66BB6C2BE545}.Release|x86.Build.0 = Release|Any CPU
		{F7ED68DD-3DC0-4F3F-AA02-5E32990F74B2}.Debug|Any CPU.ActiveCfg = Debug|Any CPU
		{F7ED68DD-3DC0-4F3F-AA02-5E32990F74B2}.Debug|Any CPU.Build.0 = Debug|Any CPU
		{F7ED68DD-3DC0-4F3F-AA02-5E32990F74B2}.Debug|x64.ActiveCfg = Debug|Any CPU
		{F7ED68DD-3DC0-4F3F-AA02-5E32990F74B2}.Debug|x64.Build.0 = Debug|Any CPU
		{F7ED68DD-3DC0-4F3F-AA02-5E32990F74B2}.Debug|x86.ActiveCfg = Debug|Any CPU
		{F7ED68DD-3DC0-4F3F-AA02-5E32990F74B2}.Debug|x86.Build.0 = Debug|Any CPU
		{F7ED68DD-3DC0-4F3F-AA02-5E32990F74B2}.Release|Any CPU.ActiveCfg = Release|Any CPU
		{F7ED68DD-3DC0-4F3F-AA02-5E32990F74B2}.Release|Any CPU.Build.0 = Release|Any CPU
		{F7ED68DD-3DC0-4F3F-AA02-5E32990F74B2}.Release|x64.ActiveCfg = Release|Any CPU
		{F7ED68DD-3DC0-4F3F-AA02-5E32990F74B2}.Release|x64.Build.0 = Release|Any CPU
		{F7ED68DD-3DC0-4F3F-AA02-5E32990F74B2}.Release|x86.ActiveCfg = Release|Any CPU
		{F7ED68DD-3DC0-4F3F-AA02-5E32990F74B2}.Release|x86.Build.0 = Release|Any CPU
		{DE33BC75-C495-4D8A-B0AD-6902EB109DDB}.Debug|Any CPU.ActiveCfg = Debug|Any CPU
		{DE33BC75-C495-4D8A-B0AD-6902EB109DDB}.Debug|Any CPU.Build.0 = Debug|Any CPU
		{DE33BC75-C495-4D8A-B0AD-6902EB109DDB}.Debug|x64.ActiveCfg = Debug|Any CPU
		{DE33BC75-C495-4D8A-B0AD-6902EB109DDB}.Debug|x64.Build.0 = Debug|Any CPU
		{DE33BC75-C495-4D8A-B0AD-6902EB109DDB}.Debug|x86.ActiveCfg = Debug|Any CPU
		{DE33BC75-C495-4D8A-B0AD-6902EB109DDB}.Debug|x86.Build.0 = Debug|Any CPU
		{DE33BC75-C495-4D8A-B0AD-6902EB109DDB}.Release|Any CPU.ActiveCfg = Release|Any CPU
		{DE33BC75-C495-4D8A-B0AD-6902EB109DDB}.Release|Any CPU.Build.0 = Release|Any CPU
		{DE33BC75-C495-4D8A-B0AD-6902EB109DDB}.Release|x64.ActiveCfg = Release|Any CPU
		{DE33BC75-C495-4D8A-B0AD-6902EB109DDB}.Release|x64.Build.0 = Release|Any CPU
		{DE33BC75-C495-4D8A-B0AD-6902EB109DDB}.Release|x86.ActiveCfg = Release|Any CPU
		{DE33BC75-C495-4D8A-B0AD-6902EB109DDB}.Release|x86.Build.0 = Release|Any CPU
		{9D37AE36-B190-4CA2-83BD-EA8D0B60002B}.Debug|Any CPU.ActiveCfg = Debug|Any CPU
		{9D37AE36-B190-4CA2-83BD-EA8D0B60002B}.Debug|Any CPU.Build.0 = Debug|Any CPU
		{9D37AE36-B190-4CA2-83BD-EA8D0B60002B}.Debug|x64.ActiveCfg = Debug|Any CPU
		{9D37AE36-B190-4CA2-83BD-EA8D0B60002B}.Debug|x64.Build.0 = Debug|Any CPU
		{9D37AE36-B190-4CA2-83BD-EA8D0B60002B}.Debug|x86.ActiveCfg = Debug|Any CPU
		{9D37AE36-B190-4CA2-83BD-EA8D0B60002B}.Debug|x86.Build.0 = Debug|Any CPU
		{9D37AE36-B190-4CA2-83BD-EA8D0B60002B}.Release|Any CPU.ActiveCfg = Release|Any CPU
		{9D37AE36-B190-4CA2-83BD-EA8D0B60002B}.Release|Any CPU.Build.0 = Release|Any CPU
		{9D37AE36-B190-4CA2-83BD-EA8D0B60002B}.Release|x64.ActiveCfg = Release|Any CPU
		{9D37AE36-B190-4CA2-83BD-EA8D0B60002B}.Release|x64.Build.0 = Release|Any CPU
		{9D37AE36-B190-4CA2-83BD-EA8D0B60002B}.Release|x86.ActiveCfg = Release|Any CPU
		{9D37AE36-B190-4CA2-83BD-EA8D0B60002B}.Release|x86.Build.0 = Release|Any CPU
	EndGlobalSection
EndGlobal
