Microsoft Visual Studio Solution File, Format Version 12.00
# Visual Studio 15
VisualStudioVersion = 15.0.26430.14
MinimumVisualStudioVersion = 10.0.40219.1
Project("{FAE04EC0-301F-11D3-BF4B-00C04F79EFBC}") = "z0.part", "..\part\z0.part.csproj", "{195365BC-0ADB-4D32-BFF4-0361E1996E32}"
EndProject
Project("{FAE04EC0-301F-11D3-BF4B-00C04F79EFBC}") = "z0.sys", "..\sys\z0.sys.csproj", "{A445D9DB-2038-4C73-9C61-939CF7C7F69A}"
EndProject
Project("{FAE04EC0-301F-11D3-BF4B-00C04F79EFBC}") = "z0.konst", "..\konst\z0.konst.csproj", "{F1715872-C7F3-45C5-B3F1-BA023BC4AA29}"
EndProject
Project("{FAE04EC0-301F-11D3-BF4B-00C04F79EFBC}") = "z0.domain", "..\domain\z0.domain.csproj", "{C2CB9028-66C4-408C-9E8D-F7CC6A10C8ED}"
EndProject
Project("{FAE04EC0-301F-11D3-BF4B-00C04F79EFBC}") = "z0.dynamic", "..\dynamic\z0.dynamic.csproj", "{20C1F6CE-0CDB-49F8-80FF-E763A2D7A152}"
EndProject
Project("{FAE04EC0-301F-11D3-BF4B-00C04F79EFBC}") = "z0.evaluate", "..\evaluate\z0.evaluate.csproj", "{CA91CBC0-8178-4C37-AED4-8CED5109EE86}"
EndProject
Project("{FAE04EC0-301F-11D3-BF4B-00C04F79EFBC}") = "z0.capture", "..\capture\z0.capture.csproj", "{4D31F86C-23F8-40AB-BAFD-C6F144EBE227}"
EndProject
Project("{FAE04EC0-301F-11D3-BF4B-00C04F79EFBC}") = "z0.asm", "..\asm\z0.asm.csproj", "{6662822E-1924-4F06-90BB-01AAE0D86AB4}"
EndProject
Project("{FAE04EC0-301F-11D3-BF4B-00C04F79EFBC}") = "z0.dynoshell", "z0.dynoshell.csproj", "{339BDC17-58DE-4825-825C-62FBD781BA4A}"
EndProject
Global
	GlobalSection(SolutionProperties) = preSolution
		HideSolutionNode = FALSE
	EndGlobalSection
	GlobalSection(SolutionConfigurationPlatforms) = preSolution
		Debug|Any CPU = Debug|Any CPU
		Debug|x64 = Debug|x64
		Debug|x86 = Debug|x86
		Release|Any CPU = Release|Any CPU
		Release|x64 = Release|x64
		Release|x86 = Release|x86
	EndGlobalSection
	GlobalSection(ProjectConfigurationPlatforms) = postSolution
		{195365BC-0ADB-4D32-BFF4-0361E1996E32}.Debug|Any CPU.ActiveCfg = Debug|Any CPU
		{195365BC-0ADB-4D32-BFF4-0361E1996E32}.Debug|Any CPU.Build.0 = Debug|Any CPU
		{195365BC-0ADB-4D32-BFF4-0361E1996E32}.Debug|x64.ActiveCfg = Debug|Any CPU
		{195365BC-0ADB-4D32-BFF4-0361E1996E32}.Debug|x64.Build.0 = Debug|Any CPU
		{195365BC-0ADB-4D32-BFF4-0361E1996E32}.Debug|x86.ActiveCfg = Debug|Any CPU
		{195365BC-0ADB-4D32-BFF4-0361E1996E32}.Debug|x86.Build.0 = Debug|Any CPU
		{195365BC-0ADB-4D32-BFF4-0361E1996E32}.Release|Any CPU.ActiveCfg = Release|Any CPU
		{195365BC-0ADB-4D32-BFF4-0361E1996E32}.Release|Any CPU.Build.0 = Release|Any CPU
		{195365BC-0ADB-4D32-BFF4-0361E1996E32}.Release|x64.ActiveCfg = Release|Any CPU
		{195365BC-0ADB-4D32-BFF4-0361E1996E32}.Release|x64.Build.0 = Release|Any CPU
		{195365BC-0ADB-4D32-BFF4-0361E1996E32}.Release|x86.ActiveCfg = Release|Any CPU
		{195365BC-0ADB-4D32-BFF4-0361E1996E32}.Release|x86.Build.0 = Release|Any CPU
		{A445D9DB-2038-4C73-9C61-939CF7C7F69A}.Debug|Any CPU.ActiveCfg = Debug|Any CPU
		{A445D9DB-2038-4C73-9C61-939CF7C7F69A}.Debug|Any CPU.Build.0 = Debug|Any CPU
		{A445D9DB-2038-4C73-9C61-939CF7C7F69A}.Debug|x64.ActiveCfg = Debug|Any CPU
		{A445D9DB-2038-4C73-9C61-939CF7C7F69A}.Debug|x64.Build.0 = Debug|Any CPU
		{A445D9DB-2038-4C73-9C61-939CF7C7F69A}.Debug|x86.ActiveCfg = Debug|Any CPU
		{A445D9DB-2038-4C73-9C61-939CF7C7F69A}.Debug|x86.Build.0 = Debug|Any CPU
		{A445D9DB-2038-4C73-9C61-939CF7C7F69A}.Release|Any CPU.ActiveCfg = Release|Any CPU
		{A445D9DB-2038-4C73-9C61-939CF7C7F69A}.Release|Any CPU.Build.0 = Release|Any CPU
		{A445D9DB-2038-4C73-9C61-939CF7C7F69A}.Release|x64.ActiveCfg = Release|Any CPU
		{A445D9DB-2038-4C73-9C61-939CF7C7F69A}.Release|x64.Build.0 = Release|Any CPU
		{A445D9DB-2038-4C73-9C61-939CF7C7F69A}.Release|x86.ActiveCfg = Release|Any CPU
		{A445D9DB-2038-4C73-9C61-939CF7C7F69A}.Release|x86.Build.0 = Release|Any CPU
		{F1715872-C7F3-45C5-B3F1-BA023BC4AA29}.Debug|Any CPU.ActiveCfg = Debug|Any CPU
		{F1715872-C7F3-45C5-B3F1-BA023BC4AA29}.Debug|Any CPU.Build.0 = Debug|Any CPU
		{F1715872-C7F3-45C5-B3F1-BA023BC4AA29}.Debug|x64.ActiveCfg = Debug|Any CPU
		{F1715872-C7F3-45C5-B3F1-BA023BC4AA29}.Debug|x64.Build.0 = Debug|Any CPU
		{F1715872-C7F3-45C5-B3F1-BA023BC4AA29}.Debug|x86.ActiveCfg = Debug|Any CPU
		{F1715872-C7F3-45C5-B3F1-BA023BC4AA29}.Debug|x86.Build.0 = Debug|Any CPU
		{F1715872-C7F3-45C5-B3F1-BA023BC4AA29}.Release|Any CPU.ActiveCfg = Release|Any CPU
		{F1715872-C7F3-45C5-B3F1-BA023BC4AA29}.Release|Any CPU.Build.0 = Release|Any CPU
		{F1715872-C7F3-45C5-B3F1-BA023BC4AA29}.Release|x64.ActiveCfg = Release|Any CPU
		{F1715872-C7F3-45C5-B3F1-BA023BC4AA29}.Release|x64.Build.0 = Release|Any CPU
		{F1715872-C7F3-45C5-B3F1-BA023BC4AA29}.Release|x86.ActiveCfg = Release|Any CPU
		{F1715872-C7F3-45C5-B3F1-BA023BC4AA29}.Release|x86.Build.0 = Release|Any CPU
		{C2CB9028-66C4-408C-9E8D-F7CC6A10C8ED}.Debug|Any CPU.ActiveCfg = Debug|Any CPU
		{C2CB9028-66C4-408C-9E8D-F7CC6A10C8ED}.Debug|Any CPU.Build.0 = Debug|Any CPU
		{C2CB9028-66C4-408C-9E8D-F7CC6A10C8ED}.Debug|x64.ActiveCfg = Debug|Any CPU
		{C2CB9028-66C4-408C-9E8D-F7CC6A10C8ED}.Debug|x64.Build.0 = Debug|Any CPU
		{C2CB9028-66C4-408C-9E8D-F7CC6A10C8ED}.Debug|x86.ActiveCfg = Debug|Any CPU
		{C2CB9028-66C4-408C-9E8D-F7CC6A10C8ED}.Debug|x86.Build.0 = Debug|Any CPU
		{C2CB9028-66C4-408C-9E8D-F7CC6A10C8ED}.Release|Any CPU.ActiveCfg = Release|Any CPU
		{C2CB9028-66C4-408C-9E8D-F7CC6A10C8ED}.Release|Any CPU.Build.0 = Release|Any CPU
		{C2CB9028-66C4-408C-9E8D-F7CC6A10C8ED}.Release|x64.ActiveCfg = Release|Any CPU
		{C2CB9028-66C4-408C-9E8D-F7CC6A10C8ED}.Release|x64.Build.0 = Release|Any CPU
		{C2CB9028-66C4-408C-9E8D-F7CC6A10C8ED}.Release|x86.ActiveCfg = Release|Any CPU
		{C2CB9028-66C4-408C-9E8D-F7CC6A10C8ED}.Release|x86.Build.0 = Release|Any CPU
		{20C1F6CE-0CDB-49F8-80FF-E763A2D7A152}.Debug|Any CPU.ActiveCfg = Debug|Any CPU
		{20C1F6CE-0CDB-49F8-80FF-E763A2D7A152}.Debug|Any CPU.Build.0 = Debug|Any CPU
		{20C1F6CE-0CDB-49F8-80FF-E763A2D7A152}.Debug|x64.ActiveCfg = Debug|Any CPU
		{20C1F6CE-0CDB-49F8-80FF-E763A2D7A152}.Debug|x64.Build.0 = Debug|Any CPU
		{20C1F6CE-0CDB-49F8-80FF-E763A2D7A152}.Debug|x86.ActiveCfg = Debug|Any CPU
		{20C1F6CE-0CDB-49F8-80FF-E763A2D7A152}.Debug|x86.Build.0 = Debug|Any CPU
		{20C1F6CE-0CDB-49F8-80FF-E763A2D7A152}.Release|Any CPU.ActiveCfg = Release|Any CPU
		{20C1F6CE-0CDB-49F8-80FF-E763A2D7A152}.Release|Any CPU.Build.0 = Release|Any CPU
		{20C1F6CE-0CDB-49F8-80FF-E763A2D7A152}.Release|x64.ActiveCfg = Release|Any CPU
		{20C1F6CE-0CDB-49F8-80FF-E763A2D7A152}.Release|x64.Build.0 = Release|Any CPU
		{20C1F6CE-0CDB-49F8-80FF-E763A2D7A152}.Release|x86.ActiveCfg = Release|Any CPU
		{20C1F6CE-0CDB-49F8-80FF-E763A2D7A152}.Release|x86.Build.0 = Release|Any CPU
		{CA91CBC0-8178-4C37-AED4-8CED5109EE86}.Debug|Any CPU.ActiveCfg = Debug|Any CPU
		{CA91CBC0-8178-4C37-AED4-8CED5109EE86}.Debug|Any CPU.Build.0 = Debug|Any CPU
		{CA91CBC0-8178-4C37-AED4-8CED5109EE86}.Debug|x64.ActiveCfg = Debug|Any CPU
		{CA91CBC0-8178-4C37-AED4-8CED5109EE86}.Debug|x64.Build.0 = Debug|Any CPU
		{CA91CBC0-8178-4C37-AED4-8CED5109EE86}.Debug|x86.ActiveCfg = Debug|Any CPU
		{CA91CBC0-8178-4C37-AED4-8CED5109EE86}.Debug|x86.Build.0 = Debug|Any CPU
		{CA91CBC0-8178-4C37-AED4-8CED5109EE86}.Release|Any CPU.ActiveCfg = Release|Any CPU
		{CA91CBC0-8178-4C37-AED4-8CED5109EE86}.Release|Any CPU.Build.0 = Release|Any CPU
		{CA91CBC0-8178-4C37-AED4-8CED5109EE86}.Release|x64.ActiveCfg = Release|Any CPU
		{CA91CBC0-8178-4C37-AED4-8CED5109EE86}.Release|x64.Build.0 = Release|Any CPU
		{CA91CBC0-8178-4C37-AED4-8CED5109EE86}.Release|x86.ActiveCfg = Release|Any CPU
		{CA91CBC0-8178-4C37-AED4-8CED5109EE86}.Release|x86.Build.0 = Release|Any CPU
		{4D31F86C-23F8-40AB-BAFD-C6F144EBE227}.Debug|Any CPU.ActiveCfg = Debug|Any CPU
		{4D31F86C-23F8-40AB-BAFD-C6F144EBE227}.Debug|Any CPU.Build.0 = Debug|Any CPU
		{4D31F86C-23F8-40AB-BAFD-C6F144EBE227}.Debug|x64.ActiveCfg = Debug|Any CPU
		{4D31F86C-23F8-40AB-BAFD-C6F144EBE227}.Debug|x64.Build.0 = Debug|Any CPU
		{4D31F86C-23F8-40AB-BAFD-C6F144EBE227}.Debug|x86.ActiveCfg = Debug|Any CPU
		{4D31F86C-23F8-40AB-BAFD-C6F144EBE227}.Debug|x86.Build.0 = Debug|Any CPU
		{4D31F86C-23F8-40AB-BAFD-C6F144EBE227}.Release|Any CPU.ActiveCfg = Release|Any CPU
		{4D31F86C-23F8-40AB-BAFD-C6F144EBE227}.Release|Any CPU.Build.0 = Release|Any CPU
		{4D31F86C-23F8-40AB-BAFD-C6F144EBE227}.Release|x64.ActiveCfg = Release|Any CPU
		{4D31F86C-23F8-40AB-BAFD-C6F144EBE227}.Release|x64.Build.0 = Release|Any CPU
		{4D31F86C-23F8-40AB-BAFD-C6F144EBE227}.Release|x86.ActiveCfg = Release|Any CPU
		{4D31F86C-23F8-40AB-BAFD-C6F144EBE227}.Release|x86.Build.0 = Release|Any CPU
		{6662822E-1924-4F06-90BB-01AAE0D86AB4}.Debug|Any CPU.ActiveCfg = Debug|Any CPU
		{6662822E-1924-4F06-90BB-01AAE0D86AB4}.Debug|Any CPU.Build.0 = Debug|Any CPU
		{6662822E-1924-4F06-90BB-01AAE0D86AB4}.Debug|x64.ActiveCfg = Debug|Any CPU
		{6662822E-1924-4F06-90BB-01AAE0D86AB4}.Debug|x64.Build.0 = Debug|Any CPU
		{6662822E-1924-4F06-90BB-01AAE0D86AB4}.Debug|x86.ActiveCfg = Debug|Any CPU
		{6662822E-1924-4F06-90BB-01AAE0D86AB4}.Debug|x86.Build.0 = Debug|Any CPU
		{6662822E-1924-4F06-90BB-01AAE0D86AB4}.Release|Any CPU.ActiveCfg = Release|Any CPU
		{6662822E-1924-4F06-90BB-01AAE0D86AB4}.Release|Any CPU.Build.0 = Release|Any CPU
		{6662822E-1924-4F06-90BB-01AAE0D86AB4}.Release|x64.ActiveCfg = Release|Any CPU
		{6662822E-1924-4F06-90BB-01AAE0D86AB4}.Release|x64.Build.0 = Release|Any CPU
		{6662822E-1924-4F06-90BB-01AAE0D86AB4}.Release|x86.ActiveCfg = Release|Any CPU
		{6662822E-1924-4F06-90BB-01AAE0D86AB4}.Release|x86.Build.0 = Release|Any CPU
		{339BDC17-58DE-4825-825C-62FBD781BA4A}.Debug|Any CPU.ActiveCfg = Debug|Any CPU
		{339BDC17-58DE-4825-825C-62FBD781BA4A}.Debug|Any CPU.Build.0 = Debug|Any CPU
		{339BDC17-58DE-4825-825C-62FBD781BA4A}.Debug|x64.ActiveCfg = Debug|Any CPU
		{339BDC17-58DE-4825-825C-62FBD781BA4A}.Debug|x64.Build.0 = Debug|Any CPU
		{339BDC17-58DE-4825-825C-62FBD781BA4A}.Debug|x86.ActiveCfg = Debug|Any CPU
		{339BDC17-58DE-4825-825C-62FBD781BA4A}.Debug|x86.Build.0 = Debug|Any CPU
		{339BDC17-58DE-4825-825C-62FBD781BA4A}.Release|Any CPU.ActiveCfg = Release|Any CPU
		{339BDC17-58DE-4825-825C-62FBD781BA4A}.Release|Any CPU.Build.0 = Release|Any CPU
		{339BDC17-58DE-4825-825C-62FBD781BA4A}.Release|x64.ActiveCfg = Release|Any CPU
		{339BDC17-58DE-4825-825C-62FBD781BA4A}.Release|x64.Build.0 = Release|Any CPU
		{339BDC17-58DE-4825-825C-62FBD781BA4A}.Release|x86.ActiveCfg = Release|Any CPU
		{339BDC17-58DE-4825-825C-62FBD781BA4A}.Release|x86.Build.0 = Release|Any CPU
	EndGlobalSection
EndGlobal
