Microsoft Visual Studio Solution File, Format Version 12.00
# Visual Studio 15
VisualStudioVersion = 15.0.26430.14
MinimumVisualStudioVersion = 10.0.40219.1
Project("{FAE04EC0-301F-11D3-BF4B-00C04F79EFBC}") = "z0.part", "..\part\z0.part.csproj", "{F85F6AF0-F9FD-4B63-BF0A-4A437D6D9650}"
EndProject
Project("{FAE04EC0-301F-11D3-BF4B-00C04F79EFBC}") = "z0.sys", "..\sys\z0.sys.csproj", "{3412984B-B06B-418A-ADBD-D7DF44CA8EF1}"
EndProject
Project("{FAE04EC0-301F-11D3-BF4B-00C04F79EFBC}") = "z0.konst", "..\konst\z0.konst.csproj", "{05CCCC43-761D-4382-9417-B3D3CA4AD9D7}"
EndProject
Project("{FAE04EC0-301F-11D3-BF4B-00C04F79EFBC}") = "z0.lang", "z0.lang.csproj", "{60D466AA-0F7D-4B33-8159-672B593C571D}"
EndProject
Global
	GlobalSection(SolutionProperties) = preSolution
		HideSolutionNode = FALSE
	EndGlobalSection
	GlobalSection(SolutionConfigurationPlatforms) = preSolution
		Debug|Any CPU = Debug|Any CPU
		Debug|x64 = Debug|x64
		Debug|x86 = Debug|x86
		Release|Any CPU = Release|Any CPU
		Release|x64 = Release|x64
		Release|x86 = Release|x86
	EndGlobalSection
	GlobalSection(ProjectConfigurationPlatforms) = postSolution
		{F85F6AF0-F9FD-4B63-BF0A-4A437D6D9650}.Debug|Any CPU.ActiveCfg = Debug|Any CPU
		{F85F6AF0-F9FD-4B63-BF0A-4A437D6D9650}.Debug|Any CPU.Build.0 = Debug|Any CPU
		{F85F6AF0-F9FD-4B63-BF0A-4A437D6D9650}.Debug|x64.ActiveCfg = Debug|Any CPU
		{F85F6AF0-F9FD-4B63-BF0A-4A437D6D9650}.Debug|x64.Build.0 = Debug|Any CPU
		{F85F6AF0-F9FD-4B63-BF0A-4A437D6D9650}.Debug|x86.ActiveCfg = Debug|Any CPU
		{F85F6AF0-F9FD-4B63-BF0A-4A437D6D9650}.Debug|x86.Build.0 = Debug|Any CPU
		{F85F6AF0-F9FD-4B63-BF0A-4A437D6D9650}.Release|Any CPU.ActiveCfg = Release|Any CPU
		{F85F6AF0-F9FD-4B63-BF0A-4A437D6D9650}.Release|Any CPU.Build.0 = Release|Any CPU
		{F85F6AF0-F9FD-4B63-BF0A-4A437D6D9650}.Release|x64.ActiveCfg = Release|Any CPU
		{F85F6AF0-F9FD-4B63-BF0A-4A437D6D9650}.Release|x64.Build.0 = Release|Any CPU
		{F85F6AF0-F9FD-4B63-BF0A-4A437D6D9650}.Release|x86.ActiveCfg = Release|Any CPU
		{F85F6AF0-F9FD-4B63-BF0A-4A437D6D9650}.Release|x86.Build.0 = Release|Any CPU
		{3412984B-B06B-418A-ADBD-D7DF44CA8EF1}.Debug|Any CPU.ActiveCfg = Debug|Any CPU
		{3412984B-B06B-418A-ADBD-D7DF44CA8EF1}.Debug|Any CPU.Build.0 = Debug|Any CPU
		{3412984B-B06B-418A-ADBD-D7DF44CA8EF1}.Debug|x64.ActiveCfg = Debug|Any CPU
		{3412984B-B06B-418A-ADBD-D7DF44CA8EF1}.Debug|x64.Build.0 = Debug|Any CPU
		{3412984B-B06B-418A-ADBD-D7DF44CA8EF1}.Debug|x86.ActiveCfg = Debug|Any CPU
		{3412984B-B06B-418A-ADBD-D7DF44CA8EF1}.Debug|x86.Build.0 = Debug|Any CPU
		{3412984B-B06B-418A-ADBD-D7DF44CA8EF1}.Release|Any CPU.ActiveCfg = Release|Any CPU
		{3412984B-B06B-418A-ADBD-D7DF44CA8EF1}.Release|Any CPU.Build.0 = Release|Any CPU
		{3412984B-B06B-418A-ADBD-D7DF44CA8EF1}.Release|x64.ActiveCfg = Release|Any CPU
		{3412984B-B06B-418A-ADBD-D7DF44CA8EF1}.Release|x64.Build.0 = Release|Any CPU
		{3412984B-B06B-418A-ADBD-D7DF44CA8EF1}.Release|x86.ActiveCfg = Release|Any CPU
		{3412984B-B06B-418A-ADBD-D7DF44CA8EF1}.Release|x86.Build.0 = Release|Any CPU
		{05CCCC43-761D-4382-9417-B3D3CA4AD9D7}.Debug|Any CPU.ActiveCfg = Debug|Any CPU
		{05CCCC43-761D-4382-9417-B3D3CA4AD9D7}.Debug|Any CPU.Build.0 = Debug|Any CPU
		{05CCCC43-761D-4382-9417-B3D3CA4AD9D7}.Debug|x64.ActiveCfg = Debug|Any CPU
		{05CCCC43-761D-4382-9417-B3D3CA4AD9D7}.Debug|x64.Build.0 = Debug|Any CPU
		{05CCCC43-761D-4382-9417-B3D3CA4AD9D7}.Debug|x86.ActiveCfg = Debug|Any CPU
		{05CCCC43-761D-4382-9417-B3D3CA4AD9D7}.Debug|x86.Build.0 = Debug|Any CPU
		{05CCCC43-761D-4382-9417-B3D3CA4AD9D7}.Release|Any CPU.ActiveCfg = Release|Any CPU
		{05CCCC43-761D-4382-9417-B3D3CA4AD9D7}.Release|Any CPU.Build.0 = Release|Any CPU
		{05CCCC43-761D-4382-9417-B3D3CA4AD9D7}.Release|x64.ActiveCfg = Release|Any CPU
		{05CCCC43-761D-4382-9417-B3D3CA4AD9D7}.Release|x64.Build.0 = Release|Any CPU
		{05CCCC43-761D-4382-9417-B3D3CA4AD9D7}.Release|x86.ActiveCfg = Release|Any CPU
		{05CCCC43-761D-4382-9417-B3D3CA4AD9D7}.Release|x86.Build.0 = Release|Any CPU
		{60D466AA-0F7D-4B33-8159-672B593C571D}.Debug|Any CPU.ActiveCfg = Debug|Any CPU
		{60D466AA-0F7D-4B33-8159-672B593C571D}.Debug|Any CPU.Build.0 = Debug|Any CPU
		{60D466AA-0F7D-4B33-8159-672B593C571D}.Debug|x64.ActiveCfg = Debug|Any CPU
		{60D466AA-0F7D-4B33-8159-672B593C571D}.Debug|x64.Build.0 = Debug|Any CPU
		{60D466AA-0F7D-4B33-8159-672B593C571D}.Debug|x86.ActiveCfg = Debug|Any CPU
		{60D466AA-0F7D-4B33-8159-672B593C571D}.Debug|x86.Build.0 = Debug|Any CPU
		{60D466AA-0F7D-4B33-8159-672B593C571D}.Release|Any CPU.ActiveCfg = Release|Any CPU
		{60D466AA-0F7D-4B33-8159-672B593C571D}.Release|Any CPU.Build.0 = Release|Any CPU
		{60D466AA-0F7D-4B33-8159-672B593C571D}.Release|x64.ActiveCfg = Release|Any CPU
		{60D466AA-0F7D-4B33-8159-672B593C571D}.Release|x64.Build.0 = Release|Any CPU
		{60D466AA-0F7D-4B33-8159-672B593C571D}.Release|x86.ActiveCfg = Release|Any CPU
		{60D466AA-0F7D-4B33-8159-672B593C571D}.Release|x86.Build.0 = Release|Any CPU
	EndGlobalSection
EndGlobal
